
Microsoft Visual Studio Solution File, Format Version 12.00
# Visual Studio 15
VisualStudioVersion = 15.0.27130.2026
MinimumVisualStudioVersion = 10.0.40219.1
Project("{9A19103F-16F7-4668-BE54-9A1E7A4F7556}") = "Couchbase.Lite.Tests.NetCore", "Couchbase.Lite.Tests.NetCore.csproj", "{1FE20D63-B747-4937-947B-C7C314ACB048}"
EndProject
Project("{D954291E-2A0B-460D-934E-DC6B0785DB48}") = "Couchbase.Lite.Tests.Shared", "..\Couchbase.Lite.Tests.Shared\Couchbase.Lite.Tests.Shared.shproj", "{11F38891-8397-49B4-9146-6DAF0A9D7866}"
EndProject
Project("{D954291E-2A0B-460D-934E-DC6B0785DB48}") = "LiteCore.Tests.Shared", "..\LiteCore\test\LiteCore.Tests.Shared\LiteCore.Tests.Shared.shproj", "{6EC40F09-4C86-4F51-9F0E-C4397601A567}"
EndProject
Global
	GlobalSection(SharedMSBuildProjectFiles) = preSolution
		..\Couchbase.Lite.Tests.Shared\Couchbase.Lite.Tests.Shared.projitems*{11f38891-8397-49b4-9146-6daf0a9d7866}*SharedItemsImports = 13
		..\LiteCore\test\LiteCore.Tests.Shared\LiteCore.Tests.Shared.projitems*{6ec40f09-4c86-4f51-9f0e-c4397601a567}*SharedItemsImports = 13
	EndGlobalSection
	GlobalSection(SolutionConfigurationPlatforms) = preSolution
		Debug|Any CPU = Debug|Any CPU
		Debug|x64 = Debug|x64
		Packaging|Any CPU = Packaging|Any CPU
		Packaging|x64 = Packaging|x64
		Release|Any CPU = Release|Any CPU
		Release|x64 = Release|x64
	EndGlobalSection
	GlobalSection(ProjectConfigurationPlatforms) = postSolution
		{1FE20D63-B747-4937-947B-C7C314ACB048}.Debug|Any CPU.ActiveCfg = Debug|Any CPU
		{1FE20D63-B747-4937-947B-C7C314ACB048}.Debug|Any CPU.Build.0 = Debug|Any CPU
		{1FE20D63-B747-4937-947B-C7C314ACB048}.Debug|x64.ActiveCfg = Debug|Any CPU
		{1FE20D63-B747-4937-947B-C7C314ACB048}.Packaging|Any CPU.ActiveCfg = Release|Any CPU
		{1FE20D63-B747-4937-947B-C7C314ACB048}.Packaging|Any CPU.Build.0 = Release|Any CPU
		{1FE20D63-B747-4937-947B-C7C314ACB048}.Packaging|x64.ActiveCfg = Release|Any CPU
		{1FE20D63-B747-4937-947B-C7C314ACB048}.Release|Any CPU.ActiveCfg = Release|Any CPU
		{1FE20D63-B747-4937-947B-C7C314ACB048}.Release|Any CPU.Build.0 = Release|Any CPU
		{1FE20D63-B747-4937-947B-C7C314ACB048}.Release|x64.ActiveCfg = Release|Any CPU
	EndGlobalSection
	GlobalSection(SolutionProperties) = preSolution
		HideSolutionNode = FALSE
	EndGlobalSection
	GlobalSection(ExtensibilityGlobals) = postSolution
		SolutionGuid = {DADF991A-D014-456D-9725-E28C284EACA9}
	EndGlobalSection
EndGlobal
