
Microsoft Visual Studio Solution File, Format Version 12.00
# Visual Studio 2012
VisualStudioVersion = 12.0.31101.0
MinimumVisualStudioVersion = 10.0.40219.1
Project("{D954291E-2A0B-460D-934E-DC6B0785DB48}") = "Couchbase.Lite.Shared", "Couchbase.Lite.Shared\Couchbase.Lite.Shared.shproj", "{FF87EED7-5DE9-47E9-82F4-D1DF659D1DC2}"
EndProject
Project("{2150E333-8FDC-42A3-9474-1A3956D46DE8}") = "Tests", "Tests", "{3D44EF32-EE84-42A0-B586-6AE71AB75CFF}"
EndProject
Project("{D954291E-2A0B-460D-934E-DC6B0785DB48}") = "Couchbase.Lite.Tests.Shared", "Couchbase.Lite.Tests.Shared\Couchbase.Lite.Tests.Shared.shproj", "{D06EDB2A-0AE0-4606-A8AE-AA3F6248630F}"
EndProject
Project("{FAE04EC0-301F-11D3-BF4B-00C04F79EFBC}") = "Couchbase.Lite.Net35.Tests", "Couchbase.Lite.Net35.Tests\Couchbase.Lite.Net35.Tests.csproj", "{1B765803-7F61-497E-96D0-3BE5AF32C81A}"
EndProject
Project("{FAE04EC0-301F-11D3-BF4B-00C04F79EFBC}") = "Couchbase.Lite.Net35", "Couchbase.Lite.Net35\Couchbase.Lite.Net35.csproj", "{81999CC3-2DB5-42DA-976F-20EF8AE047E1}"
EndProject
Project("{2150E333-8FDC-42A3-9474-1A3956D46DE8}") = "Vendor", "Vendor", "{6E3DD8B6-60D2-406E-B5EE-8CC4A830CC39}"
EndProject
Project("{FAE04EC0-301F-11D3-BF4B-00C04F79EFBC}") = "Stateless", "Couchbase.Lite.Net35\vendor\Stateless\Stateless\Stateless.csproj", "{A15EEC02-60EC-4705-A58B-A6ECD55A9628}"
EndProject
Project("{D954291E-2A0B-460D-934E-DC6B0785DB48}") = "websocket-sharp.shared", "Couchbase.Lite.Shared\vendor\websocket-sharp\websocket-sharp\websocket-sharp.shared.shproj", "{891A08FC-F143-4325-BC16-B9864D036B99}"
EndProject
Project("{FAE04EC0-301F-11D3-BF4B-00C04F79EFBC}") = "websocket-sharp", "Couchbase.Lite.Shared\vendor\websocket-sharp\websocket-sharp\websocket-sharp.csproj", "{B357BAC7-529E-4D81-A0D2-71041B19C8DE}"
EndProject
Project("{FAE04EC0-301F-11D3-BF4B-00C04F79EFBC}") = "System.Net.Http-net_4_5", "..\vendor\Rackspace\System.Net.Http\System.Net.Http-net_4_5.csproj", "{9862694D-E4FA-418B-8692-A0280FEDDF36}"
EndProject
Project("{FAE04EC0-301F-11D3-BF4B-00C04F79EFBC}") = "Rackspace.Threading.net35-client", "..\vendor\Rackspace\Rackspace.Threading\Rackspace.Threading\Rackspace.Threading.net35-client.csproj", "{52CA4A3B-F296-4489-B5F0-AD375D039B35}"
EndProject
Project("{FAE04EC0-301F-11D3-BF4B-00C04F79EFBC}") = "System.Threading.Tasks.Net35", "..\vendor\Rackspace\Rackspace.Threading\System.Threading.Tasks.Net35\System.Threading.Tasks.Net35.csproj", "{DCB5D745-525C-46A1-BFC0-E12F87AB6165}"
EndProject
Project("{2150E333-8FDC-42A3-9474-1A3956D46DE8}") = "ListenerComponent", "ListenerComponent", "{93A9E803-DBF3-45BE-96FA-87D68422F401}"
EndProject
Project("{D954291E-2A0B-460D-934E-DC6B0785DB48}") = "Couchbase.Lite.Listener.Shared", "ListenerComponent\Couchbase.Lite.Listener.Shared\Couchbase.Lite.Listener.Shared.shproj", "{5AA87149-7173-42A0-8BBC-AC618B404D46}"
EndProject
Project("{FAE04EC0-301F-11D3-BF4B-00C04F79EFBC}") = "Couchbase.Lite.Listener.Net35", "ListenerComponent\Couchbase.Lite.Listener.Net35\Couchbase.Lite.Listener.Net35.csproj", "{146576DE-EF8A-43EE-AD43-EAF81A2479A4}"
EndProject
Project("{2150E333-8FDC-42A3-9474-1A3956D46DE8}") = "Bonjour", "Bonjour", "{27CD854D-D0A5-4EA0-A997-04CE8EDD5095}"
EndProject
Project("{D954291E-2A0B-460D-934E-DC6B0785DB48}") = "Couchbase.Lite.Listener.Bonjour.Shared", "ListenerComponent\Bonjour\Couchbase.Lite.Listener.Bonjour.Shared\Couchbase.Lite.Listener.Bonjour.Shared.shproj", "{8555F0B6-3F1A-4C80-8CCB-3EED653D6242}"
EndProject
Project("{FAE04EC0-301F-11D3-BF4B-00C04F79EFBC}") = "Couchbase.Lite.Listener.Bonjour.Net35", "ListenerComponent\Bonjour\Couchbase.Lite.Listener.Bonjour.Net35\Couchbase.Lite.Listener.Bonjour.Net35.csproj", "{ED22FDF0-B378-4950-9E59-681726AC02F6}"
EndProject
Project("{2150E333-8FDC-42A3-9474-1A3956D46DE8}") = "StorageEngines", "StorageEngines", "{CAC94D0E-18B1-4849-8FAF-BD3E15C105DF}"
EndProject
Project("{2150E333-8FDC-42A3-9474-1A3956D46DE8}") = "SystemSQLite", "SystemSQLite", "{3457552F-86B9-4DB9-81D2-611631F25086}"
EndProject
Project("{FAE04EC0-301F-11D3-BF4B-00C04F79EFBC}") = "storage.systemsqlite.net35", "StorageEngines\SystemSQLite\storage.systemsqlite.net35\storage.systemsqlite.net35.csproj", "{032C9C8B-93A0-4391-BF6D-74FF4A5BE8F5}"
EndProject
Project("{2150E333-8FDC-42A3-9474-1A3956D46DE8}") = "SQLCipher", "SQLCipher", "{1D9D94AB-A077-41E8-BE35-E9382E7C6721}"
EndProject
Project("{FAE04EC0-301F-11D3-BF4B-00C04F79EFBC}") = "storage.sqlcipher.net35", "StorageEngines\SQLCipher\storage.sqlcipher.net35\storage.sqlcipher.net35.csproj", "{47688577-270F-47DC-8EAF-7DB26012A0F3}"
EndProject
Project("{D954291E-2A0B-460D-934E-DC6B0785DB48}") = "sqlitepcl.shared", "StorageEngines\SQLCipher\SQLitePCL\sqlitepcl.shared.shproj", "{EA36A133-649C-42B3-91DE-6E14DC9980A0}"
EndProject
Project("{2150E333-8FDC-42A3-9474-1A3956D46DE8}") = "ForestDB", "ForestDB", "{1BEEE24D-E103-4FE8-910B-A3932B6F22A5}"
EndProject
Project("{FAE04EC0-301F-11D3-BF4B-00C04F79EFBC}") = "storage.forestdb.net35", "StorageEngines\ForestDB\storage.forestdb.net35\storage.forestdb.net35.csproj", "{D4BD5141-7703-4683-A500-34363F7CFBF4}"
EndProject
Project("{D954291E-2A0B-460D-934E-DC6B0785DB48}") = "storage.forestdb.shared", "StorageEngines\ForestDB\storage.forestdb.shared\storage.forestdb.shared.shproj", "{8E6F8876-64F8-4483-ADB2-D3AAD5672F7C}"
EndProject
Project("{D954291E-2A0B-460D-934E-DC6B0785DB48}") = "cbforest-sharp.Shared", "StorageEngines\ForestDB\CBForest\CSharp\cbforest-sharp.Shared\cbforest-sharp.Shared.shproj", "{0BFC8B40-0659-4D45-B111-7CB4CCD22991}"
EndProject
Project("{2150E333-8FDC-42A3-9474-1A3956D46DE8}") = "SQLiteCommon", "SQLiteCommon", "{892F6720-7DC2-4B76-B1CE-8F36A1C9DEDF}"
EndProject
Project("{D954291E-2A0B-460D-934E-DC6B0785DB48}") = "storage.sqlite.common", "StorageEngines\SQLiteCommon\storage.sqlite.common\storage.sqlite.common.shproj", "{79FC4A01-1E39-468F-8E55-195BC918232E}"
EndProject
Global
	GlobalSection(SolutionConfigurationPlatforms) = preSolution
		Debug|Any CPU = Debug|Any CPU
		Release|Any CPU = Release|Any CPU
		debug|anycpu = debug|anycpu
		release|anycpu = release|anycpu
		Debug_Ubuntu|Any CPU = Debug_Ubuntu|Any CPU
		Release_Ubuntu|Any CPU = Release_Ubuntu|Any CPU
	EndGlobalSection
	GlobalSection(ProjectConfigurationPlatforms) = postSolution
		{032C9C8B-93A0-4391-BF6D-74FF4A5BE8F5}.Debug_Ubuntu|Any CPU.ActiveCfg = Debug|Any CPU
		{032C9C8B-93A0-4391-BF6D-74FF4A5BE8F5}.Debug_Ubuntu|Any CPU.Build.0 = Debug|Any CPU
		{032C9C8B-93A0-4391-BF6D-74FF4A5BE8F5}.Debug|Any CPU.ActiveCfg = Debug|Any CPU
		{032C9C8B-93A0-4391-BF6D-74FF4A5BE8F5}.Debug|Any CPU.Build.0 = Debug|Any CPU
		{032C9C8B-93A0-4391-BF6D-74FF4A5BE8F5}.debug|anycpu.ActiveCfg = Debug|Any CPU
		{032C9C8B-93A0-4391-BF6D-74FF4A5BE8F5}.debug|anycpu.Build.0 = Debug|Any CPU
		{032C9C8B-93A0-4391-BF6D-74FF4A5BE8F5}.Release_Ubuntu|Any CPU.ActiveCfg = Debug|Any CPU
		{032C9C8B-93A0-4391-BF6D-74FF4A5BE8F5}.Release_Ubuntu|Any CPU.Build.0 = Debug|Any CPU
		{032C9C8B-93A0-4391-BF6D-74FF4A5BE8F5}.Release|Any CPU.ActiveCfg = Release|Any CPU
		{032C9C8B-93A0-4391-BF6D-74FF4A5BE8F5}.Release|Any CPU.Build.0 = Release|Any CPU
		{032C9C8B-93A0-4391-BF6D-74FF4A5BE8F5}.release|anycpu.ActiveCfg = Debug|Any CPU
		{032C9C8B-93A0-4391-BF6D-74FF4A5BE8F5}.release|anycpu.Build.0 = Debug|Any CPU
		{146576DE-EF8A-43EE-AD43-EAF81A2479A4}.Debug_Ubuntu|Any CPU.ActiveCfg = Debug|Any CPU
		{146576DE-EF8A-43EE-AD43-EAF81A2479A4}.Debug_Ubuntu|Any CPU.Build.0 = Debug|Any CPU
		{146576DE-EF8A-43EE-AD43-EAF81A2479A4}.Debug|Any CPU.ActiveCfg = Debug|Any CPU
		{146576DE-EF8A-43EE-AD43-EAF81A2479A4}.Debug|Any CPU.Build.0 = Debug|Any CPU
		{146576DE-EF8A-43EE-AD43-EAF81A2479A4}.debug|anycpu.ActiveCfg = Debug|Any CPU
		{146576DE-EF8A-43EE-AD43-EAF81A2479A4}.debug|anycpu.Build.0 = Debug|Any CPU
		{146576DE-EF8A-43EE-AD43-EAF81A2479A4}.Release_Ubuntu|Any CPU.ActiveCfg = Debug|Any CPU
		{146576DE-EF8A-43EE-AD43-EAF81A2479A4}.Release_Ubuntu|Any CPU.Build.0 = Debug|Any CPU
		{146576DE-EF8A-43EE-AD43-EAF81A2479A4}.Release|Any CPU.ActiveCfg = Release|Any CPU
		{146576DE-EF8A-43EE-AD43-EAF81A2479A4}.Release|Any CPU.Build.0 = Release|Any CPU
		{146576DE-EF8A-43EE-AD43-EAF81A2479A4}.release|anycpu.ActiveCfg = Debug|Any CPU
		{146576DE-EF8A-43EE-AD43-EAF81A2479A4}.release|anycpu.Build.0 = Debug|Any CPU
		{1B765803-7F61-497E-96D0-3BE5AF32C81A}.Debug_Ubuntu|Any CPU.ActiveCfg = Debug|Any CPU
		{1B765803-7F61-497E-96D0-3BE5AF32C81A}.Debug_Ubuntu|Any CPU.Build.0 = Debug|Any CPU
		{1B765803-7F61-497E-96D0-3BE5AF32C81A}.Debug|Any CPU.ActiveCfg = Debug|Any CPU
		{1B765803-7F61-497E-96D0-3BE5AF32C81A}.Debug|Any CPU.Build.0 = Debug|Any CPU
		{1B765803-7F61-497E-96D0-3BE5AF32C81A}.debug|anycpu.ActiveCfg = Debug|Any CPU
		{1B765803-7F61-497E-96D0-3BE5AF32C81A}.debug|anycpu.Build.0 = Debug|Any CPU
		{1B765803-7F61-497E-96D0-3BE5AF32C81A}.Release_Ubuntu|Any CPU.ActiveCfg = Debug|Any CPU
		{1B765803-7F61-497E-96D0-3BE5AF32C81A}.Release_Ubuntu|Any CPU.Build.0 = Debug|Any CPU
		{1B765803-7F61-497E-96D0-3BE5AF32C81A}.Release|Any CPU.ActiveCfg = Release|Any CPU
		{1B765803-7F61-497E-96D0-3BE5AF32C81A}.Release|Any CPU.Build.0 = Release|Any CPU
		{1B765803-7F61-497E-96D0-3BE5AF32C81A}.release|anycpu.ActiveCfg = Debug|Any CPU
		{1B765803-7F61-497E-96D0-3BE5AF32C81A}.release|anycpu.Build.0 = Debug|Any CPU
		{47688577-270F-47DC-8EAF-7DB26012A0F3}.Debug_Ubuntu|Any CPU.ActiveCfg = Debug|Any CPU
		{47688577-270F-47DC-8EAF-7DB26012A0F3}.Debug_Ubuntu|Any CPU.Build.0 = Debug|Any CPU
		{47688577-270F-47DC-8EAF-7DB26012A0F3}.Debug|Any CPU.ActiveCfg = Debug|Any CPU
		{47688577-270F-47DC-8EAF-7DB26012A0F3}.Debug|Any CPU.Build.0 = Debug|Any CPU
		{47688577-270F-47DC-8EAF-7DB26012A0F3}.debug|anycpu.ActiveCfg = Debug|Any CPU
		{47688577-270F-47DC-8EAF-7DB26012A0F3}.debug|anycpu.Build.0 = Debug|Any CPU
		{47688577-270F-47DC-8EAF-7DB26012A0F3}.Release_Ubuntu|Any CPU.ActiveCfg = Debug|Any CPU
		{47688577-270F-47DC-8EAF-7DB26012A0F3}.Release_Ubuntu|Any CPU.Build.0 = Debug|Any CPU
		{47688577-270F-47DC-8EAF-7DB26012A0F3}.Release|Any CPU.ActiveCfg = Release|Any CPU
		{47688577-270F-47DC-8EAF-7DB26012A0F3}.Release|Any CPU.Build.0 = Release|Any CPU
		{47688577-270F-47DC-8EAF-7DB26012A0F3}.release|anycpu.ActiveCfg = Debug|Any CPU
		{47688577-270F-47DC-8EAF-7DB26012A0F3}.release|anycpu.Build.0 = Debug|Any CPU
		{52CA4A3B-F296-4489-B5F0-AD375D039B35}.Debug_Ubuntu|Any CPU.ActiveCfg = Debug|Any CPU
		{52CA4A3B-F296-4489-B5F0-AD375D039B35}.Debug_Ubuntu|Any CPU.Build.0 = Debug|Any CPU
		{52CA4A3B-F296-4489-B5F0-AD375D039B35}.Debug|Any CPU.ActiveCfg = Debug|Any CPU
		{52CA4A3B-F296-4489-B5F0-AD375D039B35}.Debug|Any CPU.Build.0 = Debug|Any CPU
		{52CA4A3B-F296-4489-B5F0-AD375D039B35}.debug|anycpu.ActiveCfg = Debug|Any CPU
		{52CA4A3B-F296-4489-B5F0-AD375D039B35}.debug|anycpu.Build.0 = Debug|Any CPU
		{52CA4A3B-F296-4489-B5F0-AD375D039B35}.Release_Ubuntu|Any CPU.ActiveCfg = Debug|Any CPU
		{52CA4A3B-F296-4489-B5F0-AD375D039B35}.Release_Ubuntu|Any CPU.Build.0 = Debug|Any CPU
		{52CA4A3B-F296-4489-B5F0-AD375D039B35}.Release|Any CPU.ActiveCfg = Release|Any CPU
		{52CA4A3B-F296-4489-B5F0-AD375D039B35}.Release|Any CPU.Build.0 = Release|Any CPU
		{52CA4A3B-F296-4489-B5F0-AD375D039B35}.release|anycpu.ActiveCfg = Debug|Any CPU
		{52CA4A3B-F296-4489-B5F0-AD375D039B35}.release|anycpu.Build.0 = Debug|Any CPU
		{81999CC3-2DB5-42DA-976F-20EF8AE047E1}.Debug_Ubuntu|Any CPU.ActiveCfg = Debug|Any CPU
		{81999CC3-2DB5-42DA-976F-20EF8AE047E1}.Debug_Ubuntu|Any CPU.Build.0 = Debug|Any CPU
		{81999CC3-2DB5-42DA-976F-20EF8AE047E1}.Debug|Any CPU.ActiveCfg = Debug|Any CPU
		{81999CC3-2DB5-42DA-976F-20EF8AE047E1}.Debug|Any CPU.Build.0 = Debug|Any CPU
		{81999CC3-2DB5-42DA-976F-20EF8AE047E1}.debug|anycpu.ActiveCfg = Debug|Any CPU
		{81999CC3-2DB5-42DA-976F-20EF8AE047E1}.debug|anycpu.Build.0 = Debug|Any CPU
		{81999CC3-2DB5-42DA-976F-20EF8AE047E1}.Release_Ubuntu|Any CPU.ActiveCfg = Debug|Any CPU
		{81999CC3-2DB5-42DA-976F-20EF8AE047E1}.Release_Ubuntu|Any CPU.Build.0 = Debug|Any CPU
		{81999CC3-2DB5-42DA-976F-20EF8AE047E1}.Release|Any CPU.ActiveCfg = Release|Any CPU
		{81999CC3-2DB5-42DA-976F-20EF8AE047E1}.Release|Any CPU.Build.0 = Release|Any CPU
		{81999CC3-2DB5-42DA-976F-20EF8AE047E1}.release|anycpu.ActiveCfg = Debug|Any CPU
		{81999CC3-2DB5-42DA-976F-20EF8AE047E1}.release|anycpu.Build.0 = Debug|Any CPU
		{9862694D-E4FA-418B-8692-A0280FEDDF36}.Debug_Ubuntu|Any CPU.ActiveCfg = Debug|Any CPU
		{9862694D-E4FA-418B-8692-A0280FEDDF36}.Debug_Ubuntu|Any CPU.Build.0 = Debug|Any CPU
		{9862694D-E4FA-418B-8692-A0280FEDDF36}.Debug|Any CPU.ActiveCfg = Debug|Any CPU
		{9862694D-E4FA-418B-8692-A0280FEDDF36}.Debug|Any CPU.Build.0 = Debug|Any CPU
		{9862694D-E4FA-418B-8692-A0280FEDDF36}.debug|anycpu.ActiveCfg = Debug|Any CPU
		{9862694D-E4FA-418B-8692-A0280FEDDF36}.debug|anycpu.Build.0 = Debug|Any CPU
		{9862694D-E4FA-418B-8692-A0280FEDDF36}.Release_Ubuntu|Any CPU.ActiveCfg = Debug|Any CPU
		{9862694D-E4FA-418B-8692-A0280FEDDF36}.Release_Ubuntu|Any CPU.Build.0 = Debug|Any CPU
		{9862694D-E4FA-418B-8692-A0280FEDDF36}.Release|Any CPU.ActiveCfg = Release|Any CPU
		{9862694D-E4FA-418B-8692-A0280FEDDF36}.Release|Any CPU.Build.0 = Release|Any CPU
		{9862694D-E4FA-418B-8692-A0280FEDDF36}.release|anycpu.ActiveCfg = Debug|Any CPU
		{9862694D-E4FA-418B-8692-A0280FEDDF36}.release|anycpu.Build.0 = Debug|Any CPU
		{A15EEC02-60EC-4705-A58B-A6ECD55A9628}.Debug_Ubuntu|Any CPU.ActiveCfg = Debug|Any CPU
		{A15EEC02-60EC-4705-A58B-A6ECD55A9628}.Debug_Ubuntu|Any CPU.Build.0 = Debug|Any CPU
		{A15EEC02-60EC-4705-A58B-A6ECD55A9628}.Debug|Any CPU.ActiveCfg = Debug|Any CPU
		{A15EEC02-60EC-4705-A58B-A6ECD55A9628}.Debug|Any CPU.Build.0 = Debug|Any CPU
		{A15EEC02-60EC-4705-A58B-A6ECD55A9628}.debug|anycpu.ActiveCfg = Debug|Any CPU
		{A15EEC02-60EC-4705-A58B-A6ECD55A9628}.debug|anycpu.Build.0 = Debug|Any CPU
		{A15EEC02-60EC-4705-A58B-A6ECD55A9628}.Release_Ubuntu|Any CPU.ActiveCfg = Debug|Any CPU
		{A15EEC02-60EC-4705-A58B-A6ECD55A9628}.Release_Ubuntu|Any CPU.Build.0 = Debug|Any CPU
		{A15EEC02-60EC-4705-A58B-A6ECD55A9628}.Release|Any CPU.ActiveCfg = Release|Any CPU
		{A15EEC02-60EC-4705-A58B-A6ECD55A9628}.Release|Any CPU.Build.0 = Release|Any CPU
		{A15EEC02-60EC-4705-A58B-A6ECD55A9628}.release|anycpu.ActiveCfg = Debug|Any CPU
		{A15EEC02-60EC-4705-A58B-A6ECD55A9628}.release|anycpu.Build.0 = Debug|Any CPU
		{B357BAC7-529E-4D81-A0D2-71041B19C8DE}.Debug_Ubuntu|Any CPU.ActiveCfg = Debug_Ubuntu|Any CPU
		{B357BAC7-529E-4D81-A0D2-71041B19C8DE}.Debug_Ubuntu|Any CPU.Build.0 = Debug_Ubuntu|Any CPU
		{B357BAC7-529E-4D81-A0D2-71041B19C8DE}.Debug|Any CPU.ActiveCfg = Debug|Any CPU
		{B357BAC7-529E-4D81-A0D2-71041B19C8DE}.Debug|Any CPU.Build.0 = Debug|Any CPU
		{B357BAC7-529E-4D81-A0D2-71041B19C8DE}.debug|anycpu.ActiveCfg = Debug|Any CPU
		{B357BAC7-529E-4D81-A0D2-71041B19C8DE}.debug|anycpu.Build.0 = Debug|Any CPU
		{B357BAC7-529E-4D81-A0D2-71041B19C8DE}.Release_Ubuntu|Any CPU.ActiveCfg = Release_Ubuntu|Any CPU
		{B357BAC7-529E-4D81-A0D2-71041B19C8DE}.Release_Ubuntu|Any CPU.Build.0 = Release_Ubuntu|Any CPU
		{B357BAC7-529E-4D81-A0D2-71041B19C8DE}.Release|Any CPU.ActiveCfg = Release|Any CPU
		{B357BAC7-529E-4D81-A0D2-71041B19C8DE}.Release|Any CPU.Build.0 = Release|Any CPU
		{B357BAC7-529E-4D81-A0D2-71041B19C8DE}.release|anycpu.ActiveCfg = Debug|Any CPU
		{B357BAC7-529E-4D81-A0D2-71041B19C8DE}.release|anycpu.Build.0 = Debug|Any CPU
		{D4BD5141-7703-4683-A500-34363F7CFBF4}.Debug_Ubuntu|Any CPU.ActiveCfg = Debug|Any CPU
		{D4BD5141-7703-4683-A500-34363F7CFBF4}.Debug_Ubuntu|Any CPU.Build.0 = Debug|Any CPU
		{D4BD5141-7703-4683-A500-34363F7CFBF4}.Debug|Any CPU.ActiveCfg = Debug|Any CPU
		{D4BD5141-7703-4683-A500-34363F7CFBF4}.Debug|Any CPU.Build.0 = Debug|Any CPU
		{D4BD5141-7703-4683-A500-34363F7CFBF4}.debug|anycpu.ActiveCfg = Debug|Any CPU
		{D4BD5141-7703-4683-A500-34363F7CFBF4}.debug|anycpu.Build.0 = Debug|Any CPU
		{D4BD5141-7703-4683-A500-34363F7CFBF4}.Release_Ubuntu|Any CPU.ActiveCfg = Debug|Any CPU
		{D4BD5141-7703-4683-A500-34363F7CFBF4}.Release_Ubuntu|Any CPU.Build.0 = Debug|Any CPU
		{D4BD5141-7703-4683-A500-34363F7CFBF4}.Release|Any CPU.ActiveCfg = Release|Any CPU
		{D4BD5141-7703-4683-A500-34363F7CFBF4}.Release|Any CPU.Build.0 = Release|Any CPU
		{D4BD5141-7703-4683-A500-34363F7CFBF4}.release|anycpu.ActiveCfg = Debug|Any CPU
		{D4BD5141-7703-4683-A500-34363F7CFBF4}.release|anycpu.Build.0 = Debug|Any CPU
		{DCB5D745-525C-46A1-BFC0-E12F87AB6165}.Debug_Ubuntu|Any CPU.ActiveCfg = Debug|Any CPU
		{DCB5D745-525C-46A1-BFC0-E12F87AB6165}.Debug_Ubuntu|Any CPU.Build.0 = Debug|Any CPU
		{DCB5D745-525C-46A1-BFC0-E12F87AB6165}.Debug|Any CPU.ActiveCfg = Debug|Any CPU
		{DCB5D745-525C-46A1-BFC0-E12F87AB6165}.Debug|Any CPU.Build.0 = Debug|Any CPU
		{DCB5D745-525C-46A1-BFC0-E12F87AB6165}.debug|anycpu.ActiveCfg = Debug|Any CPU
		{DCB5D745-525C-46A1-BFC0-E12F87AB6165}.debug|anycpu.Build.0 = Debug|Any CPU
		{DCB5D745-525C-46A1-BFC0-E12F87AB6165}.Release_Ubuntu|Any CPU.ActiveCfg = Debug|Any CPU
		{DCB5D745-525C-46A1-BFC0-E12F87AB6165}.Release_Ubuntu|Any CPU.Build.0 = Debug|Any CPU
		{DCB5D745-525C-46A1-BFC0-E12F87AB6165}.Release|Any CPU.ActiveCfg = Release|Any CPU
		{DCB5D745-525C-46A1-BFC0-E12F87AB6165}.Release|Any CPU.Build.0 = Release|Any CPU
		{DCB5D745-525C-46A1-BFC0-E12F87AB6165}.release|anycpu.ActiveCfg = Debug|Any CPU
		{DCB5D745-525C-46A1-BFC0-E12F87AB6165}.release|anycpu.Build.0 = Debug|Any CPU
		{ED22FDF0-B378-4950-9E59-681726AC02F6}.Debug_Ubuntu|Any CPU.ActiveCfg = Debug|Any CPU
		{ED22FDF0-B378-4950-9E59-681726AC02F6}.Debug_Ubuntu|Any CPU.Build.0 = Debug|Any CPU
		{ED22FDF0-B378-4950-9E59-681726AC02F6}.Debug|Any CPU.ActiveCfg = Debug|Any CPU
		{ED22FDF0-B378-4950-9E59-681726AC02F6}.Debug|Any CPU.Build.0 = Debug|Any CPU
		{ED22FDF0-B378-4950-9E59-681726AC02F6}.debug|anycpu.ActiveCfg = Debug|Any CPU
		{ED22FDF0-B378-4950-9E59-681726AC02F6}.debug|anycpu.Build.0 = Debug|Any CPU
		{ED22FDF0-B378-4950-9E59-681726AC02F6}.Release_Ubuntu|Any CPU.ActiveCfg = Debug|Any CPU
		{ED22FDF0-B378-4950-9E59-681726AC02F6}.Release_Ubuntu|Any CPU.Build.0 = Debug|Any CPU
		{ED22FDF0-B378-4950-9E59-681726AC02F6}.Release|Any CPU.ActiveCfg = Release|Any CPU
		{ED22FDF0-B378-4950-9E59-681726AC02F6}.Release|Any CPU.Build.0 = Release|Any CPU
		{ED22FDF0-B378-4950-9E59-681726AC02F6}.release|anycpu.ActiveCfg = Debug|Any CPU
		{ED22FDF0-B378-4950-9E59-681726AC02F6}.release|anycpu.Build.0 = Debug|Any CPU
	EndGlobalSection
	GlobalSection(NestedProjects) = preSolution
		{D06EDB2A-0AE0-4606-A8AE-AA3F6248630F} = {3D44EF32-EE84-42A0-B586-6AE71AB75CFF}
		{1B765803-7F61-497E-96D0-3BE5AF32C81A} = {3D44EF32-EE84-42A0-B586-6AE71AB75CFF}
		{A15EEC02-60EC-4705-A58B-A6ECD55A9628} = {6E3DD8B6-60D2-406E-B5EE-8CC4A830CC39}
		{891A08FC-F143-4325-BC16-B9864D036B99} = {6E3DD8B6-60D2-406E-B5EE-8CC4A830CC39}
		{B357BAC7-529E-4D81-A0D2-71041B19C8DE} = {6E3DD8B6-60D2-406E-B5EE-8CC4A830CC39}
		{9862694D-E4FA-418B-8692-A0280FEDDF36} = {6E3DD8B6-60D2-406E-B5EE-8CC4A830CC39}
		{52CA4A3B-F296-4489-B5F0-AD375D039B35} = {6E3DD8B6-60D2-406E-B5EE-8CC4A830CC39}
		{DCB5D745-525C-46A1-BFC0-E12F87AB6165} = {6E3DD8B6-60D2-406E-B5EE-8CC4A830CC39}
		{5AA87149-7173-42A0-8BBC-AC618B404D46} = {93A9E803-DBF3-45BE-96FA-87D68422F401}
		{146576DE-EF8A-43EE-AD43-EAF81A2479A4} = {93A9E803-DBF3-45BE-96FA-87D68422F401}
		{27CD854D-D0A5-4EA0-A997-04CE8EDD5095} = {93A9E803-DBF3-45BE-96FA-87D68422F401}
		{8555F0B6-3F1A-4C80-8CCB-3EED653D6242} = {27CD854D-D0A5-4EA0-A997-04CE8EDD5095}
		{ED22FDF0-B378-4950-9E59-681726AC02F6} = {27CD854D-D0A5-4EA0-A997-04CE8EDD5095}
		{3457552F-86B9-4DB9-81D2-611631F25086} = {CAC94D0E-18B1-4849-8FAF-BD3E15C105DF}
		{1D9D94AB-A077-41E8-BE35-E9382E7C6721} = {CAC94D0E-18B1-4849-8FAF-BD3E15C105DF}
		{1BEEE24D-E103-4FE8-910B-A3932B6F22A5} = {CAC94D0E-18B1-4849-8FAF-BD3E15C105DF}
		{892F6720-7DC2-4B76-B1CE-8F36A1C9DEDF} = {CAC94D0E-18B1-4849-8FAF-BD3E15C105DF}
		{032C9C8B-93A0-4391-BF6D-74FF4A5BE8F5} = {3457552F-86B9-4DB9-81D2-611631F25086}
		{47688577-270F-47DC-8EAF-7DB26012A0F3} = {1D9D94AB-A077-41E8-BE35-E9382E7C6721}
		{EA36A133-649C-42B3-91DE-6E14DC9980A0} = {1D9D94AB-A077-41E8-BE35-E9382E7C6721}
		{D4BD5141-7703-4683-A500-34363F7CFBF4} = {1BEEE24D-E103-4FE8-910B-A3932B6F22A5}
		{8E6F8876-64F8-4483-ADB2-D3AAD5672F7C} = {1BEEE24D-E103-4FE8-910B-A3932B6F22A5}
		{0BFC8B40-0659-4D45-B111-7CB4CCD22991} = {1BEEE24D-E103-4FE8-910B-A3932B6F22A5}
		{79FC4A01-1E39-468F-8E55-195BC918232E} = {892F6720-7DC2-4B76-B1CE-8F36A1C9DEDF}
	EndGlobalSection
	GlobalSection(MonoDevelopProperties) = preSolution
		Policies = $0
		$0.TextStylePolicy = $1
		$1.FileWidth = 120
		$1.inheritsSet = VisualStudio
		$1.inheritsScope = text/plain
		$1.scope = text/x-csharp
		$0.CSharpFormattingPolicy = $2
		$2.IndentSwitchBody = True
		$2.AutoPropertyFormatting = ForceOneLine
		$2.AnonymousMethodBraceStyle = NextLine
		$2.PropertyBraceStyle = NextLine
		$2.PropertyGetBraceStyle = NextLine
		$2.PropertySetBraceStyle = NextLine
		$2.SimpleSetBlockFormatting = ForceOneLine
		$2.EventBraceStyle = NextLine
		$2.ElseNewLinePlacement = DoNotCare
		$2.ElseIfNewLinePlacement = DoNotCare
		$2.CatchNewLinePlacement = DoNotCare
		$2.FinallyNewLinePlacement = DoNotCare
		$2.BeforeMethodDeclarationParentheses = False
		$2.BeforeMethodCallParentheses = False
		$2.BeforeConstructorDeclarationParentheses = False
		$2.BeforeIndexerDeclarationBracket = False
		$2.BeforeDelegateDeclarationParentheses = False
		$2.AfterDelegateDeclarationParameterComma = True
		$2.NewParentheses = False
		$2.SpacesBeforeBrackets = False
		$2.inheritsSet = Mono
		$2.inheritsScope = text/x-csharp
		$2.scope = text/x-csharp
		version = 1.1.1
	EndGlobalSection
	GlobalSection(SharedMSBuildProjectFiles) = preSolution
		Couchbase.Lite.Shared\Couchbase.Lite.Shared.projitems*{5615e423-d0fd-4f99-a99c-061679615cee}*SharedItemsImports = 4
		ListenerComponent\Couchbase.Lite.Listener.Shared\Couchbase.Lite.Listener.Shared.projitems*{5aa87149-7173-42a0-8bbc-ac618b404d46}*SharedItemsImports = 13
		Couchbase.Lite.Shared\Couchbase.Lite.Shared.projitems*{81999cc3-2db5-42da-976f-20ef8ae047e1}*SharedItemsImports = 4
		Couchbase.Lite.Shared\Couchbase.Lite.Shared.projitems*{c87e0c01-aad6-46da-9935-c772c112bb18}*SharedItemsImports = 4
		Couchbase.Lite.Tests.Shared\Couchbase.Lite.Tests.Shared.projitems*{f376966c-ccab-4c5c-a81a-e2a754aa7a4c}*SharedItemsImports = 4
		ListenerComponent\Couchbase.Lite.Listener.Shared\Couchbase.Lite.Listener.Shared.projitems*{c3dc01bc-931e-4ef8-b3b8-b74e25225575}*SharedItemsImports = 4
		Couchbase.Lite.Shared\Couchbase.Lite.Shared.projitems*{443e1bee-43b3-45a1-acea-f7ba71bdaab1}*SharedItemsImports = 4
		Couchbase.Lite.Shared\Couchbase.Lite.Shared.projitems*{0a88c2a7-7ad8-46f9-9d31-869e3466b791}*SharedItemsImports = 13
		Couchbase.Lite.Tests.Shared\Couchbase.Lite.Tests.Shared.projitems*{07f030b4-1fef-4bcd-ab57-ef79bbd1d449}*SharedItemsImports = 4
		ListenerComponent\Couchbase.Lite.Listener.Shared\Couchbase.Lite.Listener.Shared.projitems*{dbd30658-44c1-4903-8763-8e23fb4add9e}*SharedItemsImports = 4
		ListenerComponent\Couchbase.Lite.Listener.Shared\Couchbase.Lite.Listener.Shared.projitems*{146576de-ef8a-43ee-ad43-eaf81a2479a4}*SharedItemsImports = 4
		ListenerComponent\Couchbase.Lite.Listener.Shared\Couchbase.Lite.Listener.Shared.projitems*{1f2ad9a3-58d5-46a2-8aa5-5863b705921d}*SharedItemsImports = 4
		Couchbase.Lite.Tests.Shared\Couchbase.Lite.Tests.Shared.projitems*{af7359a0-d709-491c-8dee-5c5c1e9521b1}*SharedItemsImports = 4
		ListenerComponent\Couchbase.Lite.Listener.Shared\Couchbase.Lite.Listener.Shared.projitems*{46ac1521-7a9a-45dd-9e96-17ed6ee15862}*SharedItemsImports = 4
		ListenerComponent\Couchbase.Lite.Listener.Shared\Couchbase.Lite.Listener.Shared.projitems*{9ad3badd-4f48-4208-b601-e63987c12049}*SharedItemsImports = 4
		ListenerComponent\Couchbase.Lite.Listener.Shared\Couchbase.Lite.Listener.Shared.projitems*{6b64cbd5-8d13-4e88-861d-dbbb87254bbc}*SharedItemsImports = 4
		Couchbase.Lite.Tests.Shared\Couchbase.Lite.Tests.Shared.projitems*{1b765803-7f61-497e-96d0-3be5af32c81a}*SharedItemsImports = 4
		Couchbase.Lite.Tests.Shared\Couchbase.Lite.Tests.Shared.projitems*{d06edb2a-0ae0-4606-a8ae-aa3f6248630f}*SharedItemsImports = 13
	EndGlobalSection
	GlobalSection(SolutionProperties) = preSolution
		HideSolutionNode = FALSE
	EndGlobalSection
EndGlobal
