
Microsoft Visual Studio Solution File, Format Version 12.00
# Visual Studio 2013
VisualStudioVersion = 12.0.31101.0
MinimumVisualStudioVersion = 10.0.40219.1
Project("{D954291E-2A0B-460D-934E-DC6B0785DB48}") = "Couchbase.Lite.Tests.Shared", "Couchbase.Lite.Tests.Shared\Couchbase.Lite.Tests.Shared.shproj", "{D06EDB2A-0AE0-4606-A8AE-AA3F6248630F}"
EndProject
Project("{FAE04EC0-301F-11D3-BF4B-00C04F79EFBC}") = "Couchbase.Lite.Net45.Tests", "Couchbase.Lite.Net45.Tests\Couchbase.Lite.Net45.Tests.csproj", "{F376966C-CCAB-4C5C-A81A-E2A754AA7A4C}"
	ProjectSection(ProjectDependencies) = postProject
		{D4BD5141-7703-4683-A500-34363F7CFBF4} = {D4BD5141-7703-4683-A500-34363F7CFBF4}
		{47688577-270F-47DC-8EAF-7DB26012A0F3} = {47688577-270F-47DC-8EAF-7DB26012A0F3}
		{032C9C8B-93A0-4391-BF6D-74FF4A5BE8F5} = {032C9C8B-93A0-4391-BF6D-74FF4A5BE8F5}
	EndProjectSection
EndProject
Project("{FAE04EC0-301F-11D3-BF4B-00C04F79EFBC}") = "Couchbase.Lite.Net45", "Couchbase.Lite.Net45\Couchbase.Lite.Net45.csproj", "{C87E0C01-AAD6-46DA-9935-C772C112BB18}"
EndProject
Project("{2150E333-8FDC-42A3-9474-1A3956D46DE8}") = "ListenerComponent", "ListenerComponent", "{93A9E803-DBF3-45BE-96FA-87D68422F401}"
EndProject
Project("{D954291E-2A0B-460D-934E-DC6B0785DB48}") = "Couchbase.Lite.Listener.Shared", "ListenerComponent\Couchbase.Lite.Listener.Shared\Couchbase.Lite.Listener.Shared.shproj", "{5AA87149-7173-42A0-8BBC-AC618B404D46}"
EndProject
Project("{FAE04EC0-301F-11D3-BF4B-00C04F79EFBC}") = "Couchbase.Lite.Listener.Net45", "ListenerComponent\Couchbase.Lite.Listener.Net45\Couchbase.Lite.Listener.Net45.csproj", "{9AD3BADD-4F48-4208-B601-E63987C12049}"
EndProject
Project("{2150E333-8FDC-42A3-9474-1A3956D46DE8}") = "Bonjour", "Bonjour", "{27CD854D-D0A5-4EA0-A997-04CE8EDD5095}"
EndProject
Project("{FAE04EC0-301F-11D3-BF4B-00C04F79EFBC}") = "Couchbase.Lite.Listener.Bonjour.Net45", "ListenerComponent\Bonjour\Couchbase.Lite.Listener.Bonjour.Net45\Couchbase.Lite.Listener.Bonjour.Net45.csproj", "{8BFA15B7-957D-4AD1-9019-9DF98F1EE9EB}"
EndProject
Project("{D954291E-2A0B-460D-934E-DC6B0785DB48}") = "Couchbase.Lite.Listener.Bonjour.Shared", "ListenerComponent\Bonjour\Couchbase.Lite.Listener.Bonjour.Shared\Couchbase.Lite.Listener.Bonjour.Shared.shproj", "{8555F0B6-3F1A-4C80-8CCB-3EED653D6242}"
EndProject
Project("{FAE04EC0-301F-11D3-BF4B-00C04F79EFBC}") = "Listener", "ListenerComponent\ListenerConsole\Listener.csproj", "{A31A98F1-8B95-479A-8E88-C770DDDB0292}"
EndProject
Project("{2150E333-8FDC-42A3-9474-1A3956D46DE8}") = "Tests", "Tests", "{652E7603-EB31-40E0-B515-1ABE71F40AAE}"
EndProject
Project("{D954291E-2A0B-460D-934E-DC6B0785DB48}") = "Couchbase.Lite.Shared", "Couchbase.Lite.Shared\Couchbase.Lite.Shared.shproj", "{FF87EED7-5DE9-47E9-82F4-D1DF659D1DC2}"
EndProject
Project("{2150E333-8FDC-42A3-9474-1A3956D46DE8}") = "Vendor", "Vendor", "{D7B73C47-09CD-4D4A-90B6-602D2AB3D04C}"
EndProject
Project("{FAE04EC0-301F-11D3-BF4B-00C04F79EFBC}") = "platform.net45.pinvoke_packaged_sqlcipher.anycpu", "Couchbase.Lite.Shared\vendor\SQLitePCL\bld\platform.net45.pinvoke_packaged_sqlcipher.anycpu.csproj", "{8E62D3FC-CE27-427F-A060-F86DA48142F8}"
EndProject
Project("{FAE04EC0-301F-11D3-BF4B-00C04F79EFBC}") = "ugly_profile78", "Couchbase.Lite.Shared\vendor\SQLitePCL\bld\ugly_profile78.csproj", "{11440D11-E458-4BB6-ADBB-7C233F952089}"
EndProject
Project("{FAE04EC0-301F-11D3-BF4B-00C04F79EFBC}") = "portable.profile78", "Couchbase.Lite.Shared\vendor\SQLitePCL\bld\portable.profile78.csproj", "{84547E16-A872-418D-82A6-B57ADEE290AE}"
EndProject
Project("{FAE04EC0-301F-11D3-BF4B-00C04F79EFBC}") = "cbforest-sharp.Net45", "Couchbase.Lite.Shared\vendor\cbforest\CSharp\cbforest-sharp.Net45\cbforest-sharp.Net45.csproj", "{20839831-948C-42BA-AAF1-75081209E6C5}"
EndProject
Project("{D954291E-2A0B-460D-934E-DC6B0785DB48}") = "cbforest-sharp.Shared", "Couchbase.Lite.Shared\vendor\cbforest\CSharp\cbforest-sharp.Shared\cbforest-sharp.Shared.shproj", "{0BFC8B40-0659-4D45-B111-7CB4CCD22991}"
EndProject
Project("{2150E333-8FDC-42A3-9474-1A3956D46DE8}") = "StorageEngines", "StorageEngines", "{440D39B3-3B9F-4549-ADCE-C147E60E13BC}"
EndProject
Project("{2150E333-8FDC-42A3-9474-1A3956D46DE8}") = "SystemSQLite", "SystemSQLite", "{96438728-7016-4855-A95C-81E02B815F00}"
EndProject
Project("{FAE04EC0-301F-11D3-BF4B-00C04F79EFBC}") = "storage.systemsqlite.net35", "StorageEngines\SystemSQLite\storage.systemsqlite.net35\storage.systemsqlite.net35.csproj", "{032C9C8B-93A0-4391-BF6D-74FF4A5BE8F5}"
EndProject
Project("{2150E333-8FDC-42A3-9474-1A3956D46DE8}") = "SQLCipher", "SQLCipher", "{42C19F0D-8DE6-4929-ACBE-134D09BBFDCC}"
EndProject
Project("{FAE04EC0-301F-11D3-BF4B-00C04F79EFBC}") = "storage.sqlcipher.net35", "StorageEngines\SQLCipher\storage.sqlcipher.net35\storage.sqlcipher.net35.csproj", "{47688577-270F-47DC-8EAF-7DB26012A0F3}"
EndProject
Project("{2150E333-8FDC-42A3-9474-1A3956D46DE8}") = "ForestDB", "ForestDB", "{6DA93C85-7E76-499F-9ABA-E7F5A6E7CF2C}"
EndProject
Project("{FAE04EC0-301F-11D3-BF4B-00C04F79EFBC}") = "storage.forestdb.net35", "StorageEngines\ForestDB\storage.forestdb.net35\storage.forestdb.net35.csproj", "{D4BD5141-7703-4683-A500-34363F7CFBF4}"
EndProject
Project("{2150E333-8FDC-42A3-9474-1A3956D46DE8}") = "Samples", "Samples", "{DA4D089F-1412-4D7E-9CAE-6E8AC159AB2A}"
EndProject
Project("{FAE04EC0-301F-11D3-BF4B-00C04F79EFBC}") = "Todo.WPF_Source", "..\samples\Todo.WPF\Todo.WPF_Source.csproj", "{04A267E1-6CB5-4BD5-9987-1A09BA1349CA}"
EndProject
Global
	GlobalSection(SharedMSBuildProjectFiles) = preSolution
		ListenerComponent\Bonjour\Couchbase.Lite.Listener.Bonjour.Shared\Couchbase.Lite.Listener.Bonjour.Shared.projitems*{8bfa15b7-957d-4ad1-9019-9df98f1ee9eb}*SharedItemsImports = 4
		ListenerComponent\Bonjour\Couchbase.Lite.Listener.Bonjour.Shared\Couchbase.Lite.Listener.Bonjour.Shared.projitems*{8555f0b6-3f1a-4c80-8ccb-3eed653d6242}*SharedItemsImports = 13
		ListenerComponent\Couchbase.Lite.Listener.Shared\Couchbase.Lite.Listener.Shared.projitems*{5aa87149-7173-42a0-8bbc-ac618b404d46}*SharedItemsImports = 13
		Couchbase.Lite.Shared\Couchbase.Lite.Shared.projitems*{c87e0c01-aad6-46da-9935-c772c112bb18}*SharedItemsImports = 4
		Couchbase.Lite.Shared\vendor\cbforest\CSharp\cbforest-sharp.Shared\cbforest-sharp.Shared.projitems*{20839831-948c-42ba-aaf1-75081209e6c5}*SharedItemsImports = 4
		Couchbase.Lite.Tests.Shared\Couchbase.Lite.Tests.Shared.projitems*{f376966c-ccab-4c5c-a81a-e2a754aa7a4c}*SharedItemsImports = 4
		ListenerComponent\Couchbase.Lite.Listener.Shared\Couchbase.Lite.Listener.Shared.projitems*{a31a98f1-8b95-479a-8e88-c770dddb0292}*SharedItemsImports = 4
		ListenerComponent\Couchbase.Lite.Listener.Shared\Couchbase.Lite.Listener.Shared.projitems*{9ad3badd-4f48-4208-b601-e63987c12049}*SharedItemsImports = 4
		Couchbase.Lite.Tests.Shared\Couchbase.Lite.Tests.Shared.projitems*{d06edb2a-0ae0-4606-a8ae-aa3f6248630f}*SharedItemsImports = 13
		Couchbase.Lite.Shared\vendor\cbforest\CSharp\cbforest-sharp.Shared\cbforest-sharp.Shared.projitems*{0bfc8b40-0659-4d45-b111-7cb4ccd22991}*SharedItemsImports = 13
		Couchbase.Lite.Shared\Couchbase.Lite.Shared.projitems*{ff87eed7-5de9-47e9-82f4-d1df659d1dc2}*SharedItemsImports = 13
	EndGlobalSection
	GlobalSection(SolutionConfigurationPlatforms) = preSolution
		Debug|Any CPU = Debug|Any CPU
		Release|Any CPU = Release|Any CPU
	EndGlobalSection
	GlobalSection(ProjectConfigurationPlatforms) = postSolution
		{F376966C-CCAB-4C5C-A81A-E2A754AA7A4C}.Debug|Any CPU.ActiveCfg = Debug|Any CPU
		{F376966C-CCAB-4C5C-A81A-E2A754AA7A4C}.Debug|Any CPU.Build.0 = Debug|Any CPU
		{F376966C-CCAB-4C5C-A81A-E2A754AA7A4C}.Release|Any CPU.ActiveCfg = Release|Any CPU
		{F376966C-CCAB-4C5C-A81A-E2A754AA7A4C}.Release|Any CPU.Build.0 = Release|Any CPU
		{C87E0C01-AAD6-46DA-9935-C772C112BB18}.Debug|Any CPU.ActiveCfg = Debug|Any CPU
		{C87E0C01-AAD6-46DA-9935-C772C112BB18}.Debug|Any CPU.Build.0 = Debug|Any CPU
		{C87E0C01-AAD6-46DA-9935-C772C112BB18}.Release|Any CPU.ActiveCfg = Release|Any CPU
		{C87E0C01-AAD6-46DA-9935-C772C112BB18}.Release|Any CPU.Build.0 = Release|Any CPU
		{9AD3BADD-4F48-4208-B601-E63987C12049}.Debug|Any CPU.ActiveCfg = Debug|Any CPU
		{9AD3BADD-4F48-4208-B601-E63987C12049}.Debug|Any CPU.Build.0 = Debug|Any CPU
		{9AD3BADD-4F48-4208-B601-E63987C12049}.Release|Any CPU.ActiveCfg = Release|Any CPU
		{9AD3BADD-4F48-4208-B601-E63987C12049}.Release|Any CPU.Build.0 = Release|Any CPU
		{8BFA15B7-957D-4AD1-9019-9DF98F1EE9EB}.Debug|Any CPU.ActiveCfg = Debug|Any CPU
		{8BFA15B7-957D-4AD1-9019-9DF98F1EE9EB}.Debug|Any CPU.Build.0 = Debug|Any CPU
		{8BFA15B7-957D-4AD1-9019-9DF98F1EE9EB}.Release|Any CPU.ActiveCfg = Release|Any CPU
		{8BFA15B7-957D-4AD1-9019-9DF98F1EE9EB}.Release|Any CPU.Build.0 = Release|Any CPU
		{A31A98F1-8B95-479A-8E88-C770DDDB0292}.Debug|Any CPU.ActiveCfg = Debug|Any CPU
		{A31A98F1-8B95-479A-8E88-C770DDDB0292}.Debug|Any CPU.Build.0 = Debug|Any CPU
		{A31A98F1-8B95-479A-8E88-C770DDDB0292}.Release|Any CPU.ActiveCfg = Release|Any CPU
		{A31A98F1-8B95-479A-8E88-C770DDDB0292}.Release|Any CPU.Build.0 = Release|Any CPU
		{8E62D3FC-CE27-427F-A060-F86DA48142F8}.Debug|Any CPU.ActiveCfg = debug|Any CPU
		{8E62D3FC-CE27-427F-A060-F86DA48142F8}.Debug|Any CPU.Build.0 = debug|Any CPU
		{8E62D3FC-CE27-427F-A060-F86DA48142F8}.Release|Any CPU.ActiveCfg = release|Any CPU
		{8E62D3FC-CE27-427F-A060-F86DA48142F8}.Release|Any CPU.Build.0 = release|Any CPU
		{11440D11-E458-4BB6-ADBB-7C233F952089}.Debug|Any CPU.ActiveCfg = debug|Any CPU
		{11440D11-E458-4BB6-ADBB-7C233F952089}.Debug|Any CPU.Build.0 = debug|Any CPU
		{11440D11-E458-4BB6-ADBB-7C233F952089}.Release|Any CPU.ActiveCfg = release|Any CPU
		{11440D11-E458-4BB6-ADBB-7C233F952089}.Release|Any CPU.Build.0 = release|Any CPU
		{84547E16-A872-418D-82A6-B57ADEE290AE}.Debug|Any CPU.ActiveCfg = debug|Any CPU
		{84547E16-A872-418D-82A6-B57ADEE290AE}.Debug|Any CPU.Build.0 = debug|Any CPU
		{84547E16-A872-418D-82A6-B57ADEE290AE}.Release|Any CPU.ActiveCfg = release|Any CPU
		{84547E16-A872-418D-82A6-B57ADEE290AE}.Release|Any CPU.Build.0 = release|Any CPU
		{20839831-948C-42BA-AAF1-75081209E6C5}.Debug|Any CPU.ActiveCfg = DebugFacade|Any CPU
		{20839831-948C-42BA-AAF1-75081209E6C5}.Debug|Any CPU.Build.0 = DebugFacade|Any CPU
		{20839831-948C-42BA-AAF1-75081209E6C5}.Release|Any CPU.ActiveCfg = ReleaseFacade|Any CPU
		{20839831-948C-42BA-AAF1-75081209E6C5}.Release|Any CPU.Build.0 = ReleaseFacade|Any CPU
		{032C9C8B-93A0-4391-BF6D-74FF4A5BE8F5}.Debug|Any CPU.ActiveCfg = Debug|Any CPU
		{032C9C8B-93A0-4391-BF6D-74FF4A5BE8F5}.Debug|Any CPU.Build.0 = Debug|Any CPU
		{032C9C8B-93A0-4391-BF6D-74FF4A5BE8F5}.Release|Any CPU.ActiveCfg = Release|Any CPU
		{032C9C8B-93A0-4391-BF6D-74FF4A5BE8F5}.Release|Any CPU.Build.0 = Release|Any CPU
		{47688577-270F-47DC-8EAF-7DB26012A0F3}.Debug|Any CPU.ActiveCfg = Debug|Any CPU
		{47688577-270F-47DC-8EAF-7DB26012A0F3}.Debug|Any CPU.Build.0 = Debug|Any CPU
		{47688577-270F-47DC-8EAF-7DB26012A0F3}.Release|Any CPU.ActiveCfg = Release|Any CPU
		{47688577-270F-47DC-8EAF-7DB26012A0F3}.Release|Any CPU.Build.0 = Release|Any CPU
		{D4BD5141-7703-4683-A500-34363F7CFBF4}.Debug|Any CPU.ActiveCfg = Debug|Any CPU
		{D4BD5141-7703-4683-A500-34363F7CFBF4}.Debug|Any CPU.Build.0 = Debug|Any CPU
		{D4BD5141-7703-4683-A500-34363F7CFBF4}.Release|Any CPU.ActiveCfg = Release|Any CPU
		{D4BD5141-7703-4683-A500-34363F7CFBF4}.Release|Any CPU.Build.0 = Release|Any CPU
		{04A267E1-6CB5-4BD5-9987-1A09BA1349CA}.Debug|Any CPU.ActiveCfg = Debug|Any CPU
		{04A267E1-6CB5-4BD5-9987-1A09BA1349CA}.Debug|Any CPU.Build.0 = Debug|Any CPU
		{04A267E1-6CB5-4BD5-9987-1A09BA1349CA}.Release|Any CPU.ActiveCfg = Release|Any CPU
		{04A267E1-6CB5-4BD5-9987-1A09BA1349CA}.Release|Any CPU.Build.0 = Release|Any CPU
	EndGlobalSection
	GlobalSection(SolutionProperties) = preSolution
		HideSolutionNode = FALSE
	EndGlobalSection
	GlobalSection(NestedProjects) = preSolution
		{D06EDB2A-0AE0-4606-A8AE-AA3F6248630F} = {652E7603-EB31-40E0-B515-1ABE71F40AAE}
		{F376966C-CCAB-4C5C-A81A-E2A754AA7A4C} = {652E7603-EB31-40E0-B515-1ABE71F40AAE}
		{5AA87149-7173-42A0-8BBC-AC618B404D46} = {93A9E803-DBF3-45BE-96FA-87D68422F401}
		{9AD3BADD-4F48-4208-B601-E63987C12049} = {93A9E803-DBF3-45BE-96FA-87D68422F401}
		{27CD854D-D0A5-4EA0-A997-04CE8EDD5095} = {93A9E803-DBF3-45BE-96FA-87D68422F401}
		{8BFA15B7-957D-4AD1-9019-9DF98F1EE9EB} = {27CD854D-D0A5-4EA0-A997-04CE8EDD5095}
		{8555F0B6-3F1A-4C80-8CCB-3EED653D6242} = {27CD854D-D0A5-4EA0-A997-04CE8EDD5095}
		{A31A98F1-8B95-479A-8E88-C770DDDB0292} = {93A9E803-DBF3-45BE-96FA-87D68422F401}
		{8E62D3FC-CE27-427F-A060-F86DA48142F8} = {D7B73C47-09CD-4D4A-90B6-602D2AB3D04C}
		{11440D11-E458-4BB6-ADBB-7C233F952089} = {D7B73C47-09CD-4D4A-90B6-602D2AB3D04C}
		{84547E16-A872-418D-82A6-B57ADEE290AE} = {D7B73C47-09CD-4D4A-90B6-602D2AB3D04C}
		{20839831-948C-42BA-AAF1-75081209E6C5} = {D7B73C47-09CD-4D4A-90B6-602D2AB3D04C}
		{0BFC8B40-0659-4D45-B111-7CB4CCD22991} = {D7B73C47-09CD-4D4A-90B6-602D2AB3D04C}
		{96438728-7016-4855-A95C-81E02B815F00} = {440D39B3-3B9F-4549-ADCE-C147E60E13BC}
		{032C9C8B-93A0-4391-BF6D-74FF4A5BE8F5} = {96438728-7016-4855-A95C-81E02B815F00}
		{42C19F0D-8DE6-4929-ACBE-134D09BBFDCC} = {440D39B3-3B9F-4549-ADCE-C147E60E13BC}
		{47688577-270F-47DC-8EAF-7DB26012A0F3} = {42C19F0D-8DE6-4929-ACBE-134D09BBFDCC}
		{6DA93C85-7E76-499F-9ABA-E7F5A6E7CF2C} = {440D39B3-3B9F-4549-ADCE-C147E60E13BC}
		{D4BD5141-7703-4683-A500-34363F7CFBF4} = {6DA93C85-7E76-499F-9ABA-E7F5A6E7CF2C}
		{04A267E1-6CB5-4BD5-9987-1A09BA1349CA} = {DA4D089F-1412-4D7E-9CAE-6E8AC159AB2A}
	EndGlobalSection
	GlobalSection(MonoDevelopProperties) = preSolution
		Policies = $0
		$0.TextStylePolicy = $1
		$1.FileWidth = 120
		$1.inheritsSet = VisualStudio
		$1.inheritsScope = text/plain
		$1.scope = text/x-csharp
		$0.CSharpFormattingPolicy = $2
		$2.IndentSwitchBody = True
		$2.AutoPropertyFormatting = ForceOneLine
		$2.AnonymousMethodBraceStyle = NextLine
		$2.PropertyBraceStyle = NextLine
		$2.PropertyGetBraceStyle = NextLine
		$2.PropertySetBraceStyle = NextLine
		$2.SimpleSetBlockFormatting = ForceOneLine
		$2.EventBraceStyle = NextLine
		$2.ElseNewLinePlacement = DoNotCare
		$2.ElseIfNewLinePlacement = DoNotCare
		$2.CatchNewLinePlacement = DoNotCare
		$2.FinallyNewLinePlacement = DoNotCare
		$2.BeforeMethodDeclarationParentheses = False
		$2.BeforeMethodCallParentheses = False
		$2.BeforeConstructorDeclarationParentheses = False
		$2.BeforeIndexerDeclarationBracket = False
		$2.BeforeDelegateDeclarationParentheses = False
		$2.AfterDelegateDeclarationParameterComma = True
		$2.NewParentheses = False
		$2.SpacesBeforeBrackets = False
		$2.inheritsSet = Mono
		$2.inheritsScope = text/x-csharp
		$2.scope = text/x-csharp
		version = 1.1
	EndGlobalSection
EndGlobal
