
Microsoft Visual Studio Solution File, Format Version 12.00
# Visual Studio 14
VisualStudioVersion = 14.0.25123.0
MinimumVisualStudioVersion = 10.0.40219.1
Project("{D954291E-2A0B-460D-934E-DC6B0785DB48}") = "Couchbase.Lite.Shared", "Couchbase.Lite.Shared\Couchbase.Lite.Shared.shproj", "{FF87EED7-5DE9-47E9-82F4-D1DF659D1DC2}"
EndProject
Project("{2150E333-8FDC-42A3-9474-1A3956D46DE8}") = "Tests", "Tests", "{3D44EF32-EE84-42A0-B586-6AE71AB75CFF}"
EndProject
Project("{D954291E-2A0B-460D-934E-DC6B0785DB48}") = "Couchbase.Lite.Tests.Shared", "Couchbase.Lite.Tests.Shared\Couchbase.Lite.Tests.Shared.shproj", "{D06EDB2A-0AE0-4606-A8AE-AA3F6248630F}"
EndProject
Project("{FAE04EC0-301F-11D3-BF4B-00C04F79EFBC}") = "Couchbase.Lite.Net35.Tests", "Couchbase.Lite.Net35.Tests\Couchbase.Lite.Net35.Tests.csproj", "{1B765803-7F61-497E-96D0-3BE5AF32C81A}"
EndProject
Project("{FAE04EC0-301F-11D3-BF4B-00C04F79EFBC}") = "Couchbase.Lite.Net35", "Couchbase.Lite.Net35\Couchbase.Lite.Net35.csproj", "{81999CC3-2DB5-42DA-976F-20EF8AE047E1}"
	ProjectSection(ProjectDependencies) = postProject
		{A15EEC02-60EC-4705-A58B-A6ECD55A9628} = {A15EEC02-60EC-4705-A58B-A6ECD55A9628}
	EndProjectSection
EndProject
Project("{2150E333-8FDC-42A3-9474-1A3956D46DE8}") = "Vendor", "Vendor", "{6E3DD8B6-60D2-406E-B5EE-8CC4A830CC39}"
EndProject
Project("{FAE04EC0-301F-11D3-BF4B-00C04F79EFBC}") = "Rackspace.Threading.net35-client", "Couchbase.Lite.Net35\vendor\Rackspace\Rackspace.Threading\Rackspace.Threading\Rackspace.Threading.net35-client.csproj", "{52CA4A3B-F296-4489-B5F0-AD375D039B35}"
EndProject
Project("{FAE04EC0-301F-11D3-BF4B-00C04F79EFBC}") = "System.Threading.Tasks.Net35", "Couchbase.Lite.Net35\vendor\Rackspace\Rackspace.Threading\System.Threading.Tasks.Net35\System.Threading.Tasks.Net35.csproj", "{DCB5D745-525C-46A1-BFC0-E12F87AB6165}"
EndProject
Project("{FAE04EC0-301F-11D3-BF4B-00C04F79EFBC}") = "Stateless", "Couchbase.Lite.Net35\vendor\Stateless\Stateless\Stateless.csproj", "{A15EEC02-60EC-4705-A58B-A6ECD55A9628}"
EndProject
Project("{2150E333-8FDC-42A3-9474-1A3956D46DE8}") = "ListenerComponent", "ListenerComponent", "{93A9E803-DBF3-45BE-96FA-87D68422F401}"
EndProject
Project("{D954291E-2A0B-460D-934E-DC6B0785DB48}") = "Couchbase.Lite.Listener.Shared", "ListenerComponent\Couchbase.Lite.Listener.Shared\Couchbase.Lite.Listener.Shared.shproj", "{5AA87149-7173-42A0-8BBC-AC618B404D46}"
EndProject
Project("{FAE04EC0-301F-11D3-BF4B-00C04F79EFBC}") = "Couchbase.Lite.Listener.Net35", "ListenerComponent\Couchbase.Lite.Listener.Net35\Couchbase.Lite.Listener.Net35.csproj", "{146576DE-EF8A-43EE-AD43-EAF81A2479A4}"
EndProject
Project("{2150E333-8FDC-42A3-9474-1A3956D46DE8}") = "Bonjour", "Bonjour", "{27CD854D-D0A5-4EA0-A997-04CE8EDD5095}"
EndProject
Project("{D954291E-2A0B-460D-934E-DC6B0785DB48}") = "Couchbase.Lite.Listener.Bonjour.Shared", "ListenerComponent\Bonjour\Couchbase.Lite.Listener.Bonjour.Shared\Couchbase.Lite.Listener.Bonjour.Shared.shproj", "{8555F0B6-3F1A-4C80-8CCB-3EED653D6242}"
EndProject
Project("{FAE04EC0-301F-11D3-BF4B-00C04F79EFBC}") = "Couchbase.Lite.Listener.Bonjour.Net35", "ListenerComponent\Bonjour\Couchbase.Lite.Listener.Bonjour.Net35\Couchbase.Lite.Listener.Bonjour.Net35.csproj", "{ED22FDF0-B378-4950-9E59-681726AC02F6}"
EndProject
Project("{2150E333-8FDC-42A3-9474-1A3956D46DE8}") = "StorageEngines", "StorageEngines", "{5365AAB4-C8BD-403C-9455-3F058E34FA38}"
EndProject
Project("{2150E333-8FDC-42A3-9474-1A3956D46DE8}") = "SQLiteCommon", "SQLiteCommon", "{CA602D48-8516-481C-8218-BCA74A16DE46}"
EndProject
Project("{D954291E-2A0B-460D-934E-DC6B0785DB48}") = "storage.sqlite.common", "StorageEngines\SQLiteCommon\storage.sqlite.common\storage.sqlite.common.shproj", "{79FC4A01-1E39-468F-8E55-195BC918232E}"
EndProject
Project("{2150E333-8FDC-42A3-9474-1A3956D46DE8}") = "SystemSQLite", "SystemSQLite", "{1D1EBD83-0717-4935-B812-7280C8036BB9}"
EndProject
Project("{FAE04EC0-301F-11D3-BF4B-00C04F79EFBC}") = "storage.systemsqlite.net35", "StorageEngines\SystemSQLite\storage.systemsqlite.net35\storage.systemsqlite.net35.csproj", "{032C9C8B-93A0-4391-BF6D-74FF4A5BE8F5}"
EndProject
Project("{2150E333-8FDC-42A3-9474-1A3956D46DE8}") = "SQLCipher", "SQLCipher", "{180B2B79-AC40-41A5-8928-3CFC025679E8}"
EndProject
Project("{FAE04EC0-301F-11D3-BF4B-00C04F79EFBC}") = "storage.sqlcipher.net35", "StorageEngines\SQLCipher\storage.sqlcipher.net35\storage.sqlcipher.net35.csproj", "{47688577-270F-47DC-8EAF-7DB26012A0F3}"
EndProject
Project("{2150E333-8FDC-42A3-9474-1A3956D46DE8}") = "ForestDB", "ForestDB", "{63887B13-F3FF-42AE-A216-A7A81A14AD1A}"
EndProject
Project("{D954291E-2A0B-460D-934E-DC6B0785DB48}") = "cbforest-sharp.Shared", "StorageEngines\ForestDB\CBForest\CSharp\cbforest-sharp.Shared\cbforest-sharp.Shared.shproj", "{0BFC8B40-0659-4D45-B111-7CB4CCD22991}"
EndProject
Project("{FAE04EC0-301F-11D3-BF4B-00C04F79EFBC}") = "storage.forestdb.net35", "StorageEngines\ForestDB\storage.forestdb.net35\storage.forestdb.net35.csproj", "{D4BD5141-7703-4683-A500-34363F7CFBF4}"
EndProject
Project("{FAE04EC0-301F-11D3-BF4B-00C04F79EFBC}") = "websocket-sharp", "..\vendor\websocket-sharp\websocket-sharp\websocket-sharp.csproj", "{B357BAC7-529E-4D81-A0D2-71041B19C8DE}"
EndProject
Project("{FAE04EC0-301F-11D3-BF4B-00C04F79EFBC}") = "Mono.Security-net_4_5", "..\vendor\Mono\Mono.Security\Mono.Security-net_4_5.csproj", "{D68D4FED-CA32-4800-A628-58BAE485562C}"
EndProject
Project("{FAE04EC0-301F-11D3-BF4B-00C04F79EFBC}") = "System.Net.Http-net_4_5", "..\vendor\Rackspace\System.Net.Http\System.Net.Http-net_4_5.csproj", "{9862694D-E4FA-418B-8692-A0280FEDDF36}"
EndProject
Project("{FAE04EC0-301F-11D3-BF4B-00C04F79EFBC}") = "Jint", "..\vendor\Jint\Jint\Jint.csproj", "{678738DA-F723-4920-B9E5-CAD667104BDA}"
EndProject
Project("{D954291E-2A0B-460D-934E-DC6B0785DB48}") = "sqlitepcl.shared", "StorageEngines\SQLCipher\SQLitePCL\sqlitepcl.shared.shproj", "{EA36A133-649C-42B3-91DE-6E14DC9980A0}"
EndProject
Global
	GlobalSection(SharedMSBuildProjectFiles) = preSolution
		ListenerComponent\Bonjour\Couchbase.Lite.Listener.Bonjour.Shared\Couchbase.Lite.Listener.Bonjour.Shared.projitems*{8555f0b6-3f1a-4c80-8ccb-3eed653d6242}*SharedItemsImports = 13
		ListenerComponent\Couchbase.Lite.Listener.Shared\Couchbase.Lite.Listener.Shared.projitems*{5aa87149-7173-42a0-8bbc-ac618b404d46}*SharedItemsImports = 13
		Couchbase.Lite.Shared\Couchbase.Lite.Shared.projitems*{81999cc3-2db5-42da-976f-20ef8ae047e1}*SharedItemsImports = 4
		..\vendor\websocket-sharp\websocket-sharp\websocket-sharp.shared.projitems*{b357bac7-529e-4d81-a0d2-71041b19c8de}*SharedItemsImports = 4
		StorageEngines\ForestDB\storage.forestdb.shared\storage.forestdb.shared.projitems*{d4bd5141-7703-4683-a500-34363f7cfbf4}*SharedItemsImports = 4
		StorageEngines\ForestDB\CBForest\CSharp\cbforest-sharp.Shared\cbforest-sharp.Shared.projitems*{d4bd5141-7703-4683-a500-34363f7cfbf4}*SharedItemsImports = 4
		StorageEngines\SQLCipher\SQLitePCL\sqlitepcl.shared.projitems*{ea36a133-649c-42b3-91de-6e14dc9980a0}*SharedItemsImports = 13
		StorageEngines\SQLiteCommon\storage.sqlite.common\storage.sqlite.common.projitems*{032c9c8b-93a0-4391-bf6d-74ff4a5be8f5}*SharedItemsImports = 4
		ListenerComponent\Couchbase.Lite.Listener.Shared\Couchbase.Lite.Listener.Shared.projitems*{146576de-ef8a-43ee-ad43-eaf81a2479a4}*SharedItemsImports = 4
		StorageEngines\SQLiteCommon\storage.sqlite.common\storage.sqlite.common.projitems*{47688577-270f-47dc-8eaf-7db26012a0f3}*SharedItemsImports = 4
		StorageEngines\SQLCipher\SQLitePCL\sqlitepcl.shared.projitems*{47688577-270f-47dc-8eaf-7db26012a0f3}*SharedItemsImports = 4
		ListenerComponent\Bonjour\Couchbase.Lite.Listener.Bonjour.Shared\Couchbase.Lite.Listener.Bonjour.Shared.projitems*{ed22fdf0-b378-4950-9e59-681726ac02f6}*SharedItemsImports = 4
		Couchbase.Lite.Tests.Shared\Couchbase.Lite.Tests.Shared.projitems*{1b765803-7f61-497e-96d0-3be5af32c81a}*SharedItemsImports = 4
		Couchbase.Lite.Tests.Shared\Couchbase.Lite.Tests.Shared.projitems*{d06edb2a-0ae0-4606-a8ae-aa3f6248630f}*SharedItemsImports = 13
		StorageEngines\ForestDB\CBForest\CSharp\cbforest-sharp.Shared\cbforest-sharp.Shared.projitems*{0bfc8b40-0659-4d45-b111-7cb4ccd22991}*SharedItemsImports = 13
		Couchbase.Lite.Shared\Couchbase.Lite.Shared.projitems*{ff87eed7-5de9-47e9-82f4-d1df659d1dc2}*SharedItemsImports = 13
		StorageEngines\SQLiteCommon\storage.sqlite.common\storage.sqlite.common.projitems*{79fc4a01-1e39-468f-8e55-195bc918232e}*SharedItemsImports = 13
	EndGlobalSection
	GlobalSection(SolutionConfigurationPlatforms) = preSolution
		Debug_All|Any CPU = Debug_All|Any CPU
		Debug_All|anycpu = Debug_All|anycpu
		Debug_Testing|Any CPU = Debug_Testing|Any CPU
		Debug_Testing|anycpu = Debug_Testing|anycpu
		Debug|Any CPU = Debug|Any CPU
		Debug|anycpu = Debug|anycpu
		Packaging|Any CPU = Packaging|Any CPU
		Packaging|anycpu = Packaging|anycpu
		Release_All|Any CPU = Release_All|Any CPU
		Release_All|anycpu = Release_All|anycpu
		Release_Testing|Any CPU = Release_Testing|Any CPU
		Release_Testing|anycpu = Release_Testing|anycpu
		Release|Any CPU = Release|Any CPU
		Release|anycpu = Release|anycpu
	EndGlobalSection
	GlobalSection(ProjectConfigurationPlatforms) = postSolution
		{1B765803-7F61-497E-96D0-3BE5AF32C81A}.Debug_All|Any CPU.ActiveCfg = Debug|Any CPU
		{1B765803-7F61-497E-96D0-3BE5AF32C81A}.Debug_All|Any CPU.Build.0 = Debug|Any CPU
		{1B765803-7F61-497E-96D0-3BE5AF32C81A}.Debug_All|anycpu.ActiveCfg = Debug|Any CPU
		{1B765803-7F61-497E-96D0-3BE5AF32C81A}.Debug_Testing|Any CPU.ActiveCfg = Debug|Any CPU
		{1B765803-7F61-497E-96D0-3BE5AF32C81A}.Debug_Testing|Any CPU.Build.0 = Debug|Any CPU
		{1B765803-7F61-497E-96D0-3BE5AF32C81A}.Debug_Testing|anycpu.ActiveCfg = Debug|Any CPU
		{1B765803-7F61-497E-96D0-3BE5AF32C81A}.Debug|Any CPU.ActiveCfg = Debug|Any CPU
		{1B765803-7F61-497E-96D0-3BE5AF32C81A}.Debug|anycpu.ActiveCfg = Debug|Any CPU
		{1B765803-7F61-497E-96D0-3BE5AF32C81A}.Packaging|Any CPU.ActiveCfg = Release|Any CPU
		{1B765803-7F61-497E-96D0-3BE5AF32C81A}.Packaging|anycpu.ActiveCfg = Release|Any CPU
		{1B765803-7F61-497E-96D0-3BE5AF32C81A}.Release_All|Any CPU.ActiveCfg = Release|Any CPU
		{1B765803-7F61-497E-96D0-3BE5AF32C81A}.Release_All|Any CPU.Build.0 = Release|Any CPU
		{1B765803-7F61-497E-96D0-3BE5AF32C81A}.Release_All|anycpu.ActiveCfg = Release|Any CPU
		{1B765803-7F61-497E-96D0-3BE5AF32C81A}.Release_Testing|Any CPU.ActiveCfg = Release|Any CPU
		{1B765803-7F61-497E-96D0-3BE5AF32C81A}.Release_Testing|Any CPU.Build.0 = Release|Any CPU
		{1B765803-7F61-497E-96D0-3BE5AF32C81A}.Release_Testing|anycpu.ActiveCfg = Release|Any CPU
		{1B765803-7F61-497E-96D0-3BE5AF32C81A}.Release|Any CPU.ActiveCfg = Release|Any CPU
		{1B765803-7F61-497E-96D0-3BE5AF32C81A}.Release|anycpu.ActiveCfg = Release|Any CPU
		{81999CC3-2DB5-42DA-976F-20EF8AE047E1}.Debug_All|Any CPU.ActiveCfg = Debug|Any CPU
		{81999CC3-2DB5-42DA-976F-20EF8AE047E1}.Debug_All|Any CPU.Build.0 = Debug|Any CPU
		{81999CC3-2DB5-42DA-976F-20EF8AE047E1}.Debug_All|anycpu.ActiveCfg = Debug|Any CPU
		{81999CC3-2DB5-42DA-976F-20EF8AE047E1}.Debug_Testing|Any CPU.ActiveCfg = Debug|Any CPU
		{81999CC3-2DB5-42DA-976F-20EF8AE047E1}.Debug_Testing|anycpu.ActiveCfg = Debug|Any CPU
		{81999CC3-2DB5-42DA-976F-20EF8AE047E1}.Debug|Any CPU.ActiveCfg = Debug|Any CPU
		{81999CC3-2DB5-42DA-976F-20EF8AE047E1}.Debug|Any CPU.Build.0 = Debug|Any CPU
		{81999CC3-2DB5-42DA-976F-20EF8AE047E1}.Debug|anycpu.ActiveCfg = Debug|Any CPU
		{81999CC3-2DB5-42DA-976F-20EF8AE047E1}.Packaging|Any CPU.ActiveCfg = Packaging|Any CPU
		{81999CC3-2DB5-42DA-976F-20EF8AE047E1}.Packaging|Any CPU.Build.0 = Packaging|Any CPU
		{81999CC3-2DB5-42DA-976F-20EF8AE047E1}.Packaging|anycpu.ActiveCfg = Release|Any CPU
		{81999CC3-2DB5-42DA-976F-20EF8AE047E1}.Release_All|Any CPU.ActiveCfg = Release|Any CPU
		{81999CC3-2DB5-42DA-976F-20EF8AE047E1}.Release_All|Any CPU.Build.0 = Release|Any CPU
		{81999CC3-2DB5-42DA-976F-20EF8AE047E1}.Release_All|anycpu.ActiveCfg = Release|Any CPU
		{81999CC3-2DB5-42DA-976F-20EF8AE047E1}.Release_Testing|Any CPU.ActiveCfg = Release|Any CPU
		{81999CC3-2DB5-42DA-976F-20EF8AE047E1}.Release_Testing|Any CPU.Build.0 = Release|Any CPU
		{81999CC3-2DB5-42DA-976F-20EF8AE047E1}.Release_Testing|anycpu.ActiveCfg = Release|Any CPU
		{81999CC3-2DB5-42DA-976F-20EF8AE047E1}.Release|Any CPU.ActiveCfg = Release|Any CPU
		{81999CC3-2DB5-42DA-976F-20EF8AE047E1}.Release|Any CPU.Build.0 = Release|Any CPU
		{81999CC3-2DB5-42DA-976F-20EF8AE047E1}.Release|anycpu.ActiveCfg = Release|Any CPU
		{52CA4A3B-F296-4489-B5F0-AD375D039B35}.Debug_All|Any CPU.ActiveCfg = Debug|Any CPU
		{52CA4A3B-F296-4489-B5F0-AD375D039B35}.Debug_All|Any CPU.Build.0 = Debug|Any CPU
		{52CA4A3B-F296-4489-B5F0-AD375D039B35}.Debug_All|anycpu.ActiveCfg = Debug|Any CPU
		{52CA4A3B-F296-4489-B5F0-AD375D039B35}.Debug_Testing|Any CPU.ActiveCfg = Debug|Any CPU
		{52CA4A3B-F296-4489-B5F0-AD375D039B35}.Debug_Testing|anycpu.ActiveCfg = Debug|Any CPU
		{52CA4A3B-F296-4489-B5F0-AD375D039B35}.Debug|Any CPU.ActiveCfg = Debug|Any CPU
		{52CA4A3B-F296-4489-B5F0-AD375D039B35}.Debug|anycpu.ActiveCfg = Debug|Any CPU
		{52CA4A3B-F296-4489-B5F0-AD375D039B35}.Packaging|Any CPU.ActiveCfg = Release|Any CPU
		{52CA4A3B-F296-4489-B5F0-AD375D039B35}.Packaging|Any CPU.Build.0 = Release|Any CPU
		{52CA4A3B-F296-4489-B5F0-AD375D039B35}.Packaging|anycpu.ActiveCfg = Release|Any CPU
		{52CA4A3B-F296-4489-B5F0-AD375D039B35}.Release_All|Any CPU.ActiveCfg = Release|Any CPU
		{52CA4A3B-F296-4489-B5F0-AD375D039B35}.Release_All|Any CPU.Build.0 = Release|Any CPU
		{52CA4A3B-F296-4489-B5F0-AD375D039B35}.Release_All|anycpu.ActiveCfg = Release|Any CPU
		{52CA4A3B-F296-4489-B5F0-AD375D039B35}.Release_Testing|Any CPU.ActiveCfg = Release|Any CPU
		{52CA4A3B-F296-4489-B5F0-AD375D039B35}.Release_Testing|Any CPU.Build.0 = Release|Any CPU
		{52CA4A3B-F296-4489-B5F0-AD375D039B35}.Release_Testing|anycpu.ActiveCfg = Release|Any CPU
		{52CA4A3B-F296-4489-B5F0-AD375D039B35}.Release|Any CPU.ActiveCfg = Release|Any CPU
		{52CA4A3B-F296-4489-B5F0-AD375D039B35}.Release|anycpu.ActiveCfg = Release|Any CPU
		{DCB5D745-525C-46A1-BFC0-E12F87AB6165}.Debug_All|Any CPU.ActiveCfg = Debug|Any CPU
		{DCB5D745-525C-46A1-BFC0-E12F87AB6165}.Debug_All|Any CPU.Build.0 = Debug|Any CPU
		{DCB5D745-525C-46A1-BFC0-E12F87AB6165}.Debug_All|anycpu.ActiveCfg = Debug|Any CPU
		{DCB5D745-525C-46A1-BFC0-E12F87AB6165}.Debug_Testing|Any CPU.ActiveCfg = Debug|Any CPU
		{DCB5D745-525C-46A1-BFC0-E12F87AB6165}.Debug_Testing|anycpu.ActiveCfg = Debug|Any CPU
		{DCB5D745-525C-46A1-BFC0-E12F87AB6165}.Debug|Any CPU.ActiveCfg = Debug|Any CPU
		{DCB5D745-525C-46A1-BFC0-E12F87AB6165}.Debug|anycpu.ActiveCfg = Debug|Any CPU
		{DCB5D745-525C-46A1-BFC0-E12F87AB6165}.Packaging|Any CPU.ActiveCfg = Release|Any CPU
		{DCB5D745-525C-46A1-BFC0-E12F87AB6165}.Packaging|Any CPU.Build.0 = Release|Any CPU
		{DCB5D745-525C-46A1-BFC0-E12F87AB6165}.Packaging|anycpu.ActiveCfg = Release|Any CPU
		{DCB5D745-525C-46A1-BFC0-E12F87AB6165}.Release_All|Any CPU.ActiveCfg = Release|Any CPU
		{DCB5D745-525C-46A1-BFC0-E12F87AB6165}.Release_All|Any CPU.Build.0 = Release|Any CPU
		{DCB5D745-525C-46A1-BFC0-E12F87AB6165}.Release_All|anycpu.ActiveCfg = Release|Any CPU
		{DCB5D745-525C-46A1-BFC0-E12F87AB6165}.Release_Testing|Any CPU.ActiveCfg = Release|Any CPU
		{DCB5D745-525C-46A1-BFC0-E12F87AB6165}.Release_Testing|Any CPU.Build.0 = Release|Any CPU
		{DCB5D745-525C-46A1-BFC0-E12F87AB6165}.Release_Testing|anycpu.ActiveCfg = Release|Any CPU
		{DCB5D745-525C-46A1-BFC0-E12F87AB6165}.Release|Any CPU.ActiveCfg = Release|Any CPU
		{DCB5D745-525C-46A1-BFC0-E12F87AB6165}.Release|anycpu.ActiveCfg = Release|Any CPU
		{A15EEC02-60EC-4705-A58B-A6ECD55A9628}.Debug_All|Any CPU.ActiveCfg = Debug|Any CPU
		{A15EEC02-60EC-4705-A58B-A6ECD55A9628}.Debug_All|Any CPU.Build.0 = Debug|Any CPU
		{A15EEC02-60EC-4705-A58B-A6ECD55A9628}.Debug_All|anycpu.ActiveCfg = Debug|Any CPU
		{A15EEC02-60EC-4705-A58B-A6ECD55A9628}.Debug_Testing|Any CPU.ActiveCfg = Debug|Any CPU
		{A15EEC02-60EC-4705-A58B-A6ECD55A9628}.Debug_Testing|anycpu.ActiveCfg = Debug|Any CPU
		{A15EEC02-60EC-4705-A58B-A6ECD55A9628}.Debug|Any CPU.ActiveCfg = Debug|Any CPU
		{A15EEC02-60EC-4705-A58B-A6ECD55A9628}.Debug|anycpu.ActiveCfg = Debug|Any CPU
		{A15EEC02-60EC-4705-A58B-A6ECD55A9628}.Packaging|Any CPU.ActiveCfg = Release|Any CPU
		{A15EEC02-60EC-4705-A58B-A6ECD55A9628}.Packaging|Any CPU.Build.0 = Release|Any CPU
		{A15EEC02-60EC-4705-A58B-A6ECD55A9628}.Packaging|anycpu.ActiveCfg = Release|Any CPU
		{A15EEC02-60EC-4705-A58B-A6ECD55A9628}.Release_All|Any CPU.ActiveCfg = Release|Any CPU
		{A15EEC02-60EC-4705-A58B-A6ECD55A9628}.Release_All|Any CPU.Build.0 = Release|Any CPU
		{A15EEC02-60EC-4705-A58B-A6ECD55A9628}.Release_All|anycpu.ActiveCfg = Release|Any CPU
		{A15EEC02-60EC-4705-A58B-A6ECD55A9628}.Release_Testing|Any CPU.ActiveCfg = Release|Any CPU
		{A15EEC02-60EC-4705-A58B-A6ECD55A9628}.Release_Testing|Any CPU.Build.0 = Release|Any CPU
		{A15EEC02-60EC-4705-A58B-A6ECD55A9628}.Release_Testing|anycpu.ActiveCfg = Release|Any CPU
		{A15EEC02-60EC-4705-A58B-A6ECD55A9628}.Release|Any CPU.ActiveCfg = Release|Any CPU
		{A15EEC02-60EC-4705-A58B-A6ECD55A9628}.Release|anycpu.ActiveCfg = Release|Any CPU
		{146576DE-EF8A-43EE-AD43-EAF81A2479A4}.Debug_All|Any CPU.ActiveCfg = Debug|Any CPU
		{146576DE-EF8A-43EE-AD43-EAF81A2479A4}.Debug_All|Any CPU.Build.0 = Debug|Any CPU
		{146576DE-EF8A-43EE-AD43-EAF81A2479A4}.Debug_All|anycpu.ActiveCfg = Debug|Any CPU
		{146576DE-EF8A-43EE-AD43-EAF81A2479A4}.Debug_Testing|Any CPU.ActiveCfg = Debug|Any CPU
		{146576DE-EF8A-43EE-AD43-EAF81A2479A4}.Debug_Testing|anycpu.ActiveCfg = Debug|Any CPU
		{146576DE-EF8A-43EE-AD43-EAF81A2479A4}.Debug|Any CPU.ActiveCfg = Debug|Any CPU
		{146576DE-EF8A-43EE-AD43-EAF81A2479A4}.Debug|Any CPU.Build.0 = Debug|Any CPU
		{146576DE-EF8A-43EE-AD43-EAF81A2479A4}.Debug|anycpu.ActiveCfg = Debug|Any CPU
		{146576DE-EF8A-43EE-AD43-EAF81A2479A4}.Packaging|Any CPU.ActiveCfg = Packaging|Any CPU
		{146576DE-EF8A-43EE-AD43-EAF81A2479A4}.Packaging|Any CPU.Build.0 = Packaging|Any CPU
		{146576DE-EF8A-43EE-AD43-EAF81A2479A4}.Packaging|anycpu.ActiveCfg = Release|Any CPU
		{146576DE-EF8A-43EE-AD43-EAF81A2479A4}.Release_All|Any CPU.ActiveCfg = Release|Any CPU
		{146576DE-EF8A-43EE-AD43-EAF81A2479A4}.Release_All|Any CPU.Build.0 = Release|Any CPU
		{146576DE-EF8A-43EE-AD43-EAF81A2479A4}.Release_All|anycpu.ActiveCfg = Release|Any CPU
		{146576DE-EF8A-43EE-AD43-EAF81A2479A4}.Release_Testing|Any CPU.ActiveCfg = Release|Any CPU
		{146576DE-EF8A-43EE-AD43-EAF81A2479A4}.Release_Testing|Any CPU.Build.0 = Release|Any CPU
		{146576DE-EF8A-43EE-AD43-EAF81A2479A4}.Release_Testing|anycpu.ActiveCfg = Release|Any CPU
		{146576DE-EF8A-43EE-AD43-EAF81A2479A4}.Release|Any CPU.ActiveCfg = Release|Any CPU
		{146576DE-EF8A-43EE-AD43-EAF81A2479A4}.Release|Any CPU.Build.0 = Release|Any CPU
		{146576DE-EF8A-43EE-AD43-EAF81A2479A4}.Release|anycpu.ActiveCfg = Release|Any CPU
		{ED22FDF0-B378-4950-9E59-681726AC02F6}.Debug_All|Any CPU.ActiveCfg = Debug|Any CPU
		{ED22FDF0-B378-4950-9E59-681726AC02F6}.Debug_All|Any CPU.Build.0 = Debug|Any CPU
		{ED22FDF0-B378-4950-9E59-681726AC02F6}.Debug_All|anycpu.ActiveCfg = Debug|Any CPU
		{ED22FDF0-B378-4950-9E59-681726AC02F6}.Debug_Testing|Any CPU.ActiveCfg = Debug|Any CPU
		{ED22FDF0-B378-4950-9E59-681726AC02F6}.Debug_Testing|anycpu.ActiveCfg = Debug|Any CPU
		{ED22FDF0-B378-4950-9E59-681726AC02F6}.Debug|Any CPU.ActiveCfg = Debug|Any CPU
		{ED22FDF0-B378-4950-9E59-681726AC02F6}.Debug|Any CPU.Build.0 = Debug|Any CPU
		{ED22FDF0-B378-4950-9E59-681726AC02F6}.Debug|anycpu.ActiveCfg = Debug|Any CPU
		{ED22FDF0-B378-4950-9E59-681726AC02F6}.Packaging|Any CPU.ActiveCfg = Packaging|Any CPU
		{ED22FDF0-B378-4950-9E59-681726AC02F6}.Packaging|Any CPU.Build.0 = Packaging|Any CPU
		{ED22FDF0-B378-4950-9E59-681726AC02F6}.Packaging|anycpu.ActiveCfg = Release|Any CPU
		{ED22FDF0-B378-4950-9E59-681726AC02F6}.Release_All|Any CPU.ActiveCfg = Release|Any CPU
		{ED22FDF0-B378-4950-9E59-681726AC02F6}.Release_All|Any CPU.Build.0 = Release|Any CPU
		{ED22FDF0-B378-4950-9E59-681726AC02F6}.Release_All|anycpu.ActiveCfg = Release|Any CPU
		{ED22FDF0-B378-4950-9E59-681726AC02F6}.Release_Testing|Any CPU.ActiveCfg = Release|Any CPU
		{ED22FDF0-B378-4950-9E59-681726AC02F6}.Release_Testing|Any CPU.Build.0 = Release|Any CPU
		{ED22FDF0-B378-4950-9E59-681726AC02F6}.Release_Testing|anycpu.ActiveCfg = Release|Any CPU
		{ED22FDF0-B378-4950-9E59-681726AC02F6}.Release|Any CPU.ActiveCfg = Release|Any CPU
		{ED22FDF0-B378-4950-9E59-681726AC02F6}.Release|Any CPU.Build.0 = Release|Any CPU
		{ED22FDF0-B378-4950-9E59-681726AC02F6}.Release|anycpu.ActiveCfg = Release|Any CPU
		{032C9C8B-93A0-4391-BF6D-74FF4A5BE8F5}.Debug_All|Any CPU.ActiveCfg = Debug|Any CPU
		{032C9C8B-93A0-4391-BF6D-74FF4A5BE8F5}.Debug_All|Any CPU.Build.0 = Debug|Any CPU
		{032C9C8B-93A0-4391-BF6D-74FF4A5BE8F5}.Debug_All|anycpu.ActiveCfg = Debug|Any CPU
		{032C9C8B-93A0-4391-BF6D-74FF4A5BE8F5}.Debug_All|anycpu.Build.0 = Debug|Any CPU
		{032C9C8B-93A0-4391-BF6D-74FF4A5BE8F5}.Debug_Testing|Any CPU.ActiveCfg = Debug|Any CPU
		{032C9C8B-93A0-4391-BF6D-74FF4A5BE8F5}.Debug_Testing|anycpu.ActiveCfg = Debug|Any CPU
		{032C9C8B-93A0-4391-BF6D-74FF4A5BE8F5}.Debug_Testing|anycpu.Build.0 = Debug|Any CPU
		{032C9C8B-93A0-4391-BF6D-74FF4A5BE8F5}.Debug|Any CPU.ActiveCfg = Debug|Any CPU
		{032C9C8B-93A0-4391-BF6D-74FF4A5BE8F5}.Debug|Any CPU.Build.0 = Debug|Any CPU
		{032C9C8B-93A0-4391-BF6D-74FF4A5BE8F5}.Debug|anycpu.ActiveCfg = Debug|Any CPU
		{032C9C8B-93A0-4391-BF6D-74FF4A5BE8F5}.Debug|anycpu.Build.0 = Debug|Any CPU
		{032C9C8B-93A0-4391-BF6D-74FF4A5BE8F5}.Packaging|Any CPU.ActiveCfg = Packaging|Any CPU
		{032C9C8B-93A0-4391-BF6D-74FF4A5BE8F5}.Packaging|Any CPU.Build.0 = Packaging|Any CPU
		{032C9C8B-93A0-4391-BF6D-74FF4A5BE8F5}.Packaging|anycpu.ActiveCfg = Release|Any CPU
		{032C9C8B-93A0-4391-BF6D-74FF4A5BE8F5}.Packaging|anycpu.Build.0 = Release|Any CPU
		{032C9C8B-93A0-4391-BF6D-74FF4A5BE8F5}.Release_All|Any CPU.ActiveCfg = Release|Any CPU
		{032C9C8B-93A0-4391-BF6D-74FF4A5BE8F5}.Release_All|Any CPU.Build.0 = Release|Any CPU
		{032C9C8B-93A0-4391-BF6D-74FF4A5BE8F5}.Release_All|anycpu.ActiveCfg = Release|Any CPU
		{032C9C8B-93A0-4391-BF6D-74FF4A5BE8F5}.Release_All|anycpu.Build.0 = Release|Any CPU
		{032C9C8B-93A0-4391-BF6D-74FF4A5BE8F5}.Release_Testing|Any CPU.ActiveCfg = Release|Any CPU
		{032C9C8B-93A0-4391-BF6D-74FF4A5BE8F5}.Release_Testing|Any CPU.Build.0 = Release|Any CPU
		{032C9C8B-93A0-4391-BF6D-74FF4A5BE8F5}.Release_Testing|anycpu.ActiveCfg = Release|Any CPU
		{032C9C8B-93A0-4391-BF6D-74FF4A5BE8F5}.Release_Testing|anycpu.Build.0 = Release|Any CPU
		{032C9C8B-93A0-4391-BF6D-74FF4A5BE8F5}.Release|Any CPU.ActiveCfg = Release|Any CPU
		{032C9C8B-93A0-4391-BF6D-74FF4A5BE8F5}.Release|Any CPU.Build.0 = Release|Any CPU
		{032C9C8B-93A0-4391-BF6D-74FF4A5BE8F5}.Release|anycpu.ActiveCfg = Release|Any CPU
		{032C9C8B-93A0-4391-BF6D-74FF4A5BE8F5}.Release|anycpu.Build.0 = Release|Any CPU
		{47688577-270F-47DC-8EAF-7DB26012A0F3}.Debug_All|Any CPU.ActiveCfg = Debug|Any CPU
		{47688577-270F-47DC-8EAF-7DB26012A0F3}.Debug_All|Any CPU.Build.0 = Debug|Any CPU
		{47688577-270F-47DC-8EAF-7DB26012A0F3}.Debug_All|anycpu.ActiveCfg = Debug|Any CPU
		{47688577-270F-47DC-8EAF-7DB26012A0F3}.Debug_All|anycpu.Build.0 = Debug|Any CPU
		{47688577-270F-47DC-8EAF-7DB26012A0F3}.Debug_Testing|Any CPU.ActiveCfg = Debug|Any CPU
		{47688577-270F-47DC-8EAF-7DB26012A0F3}.Debug_Testing|anycpu.ActiveCfg = Debug|Any CPU
		{47688577-270F-47DC-8EAF-7DB26012A0F3}.Debug_Testing|anycpu.Build.0 = Debug|Any CPU
		{47688577-270F-47DC-8EAF-7DB26012A0F3}.Debug|Any CPU.ActiveCfg = Debug|Any CPU
		{47688577-270F-47DC-8EAF-7DB26012A0F3}.Debug|Any CPU.Build.0 = Debug|Any CPU
		{47688577-270F-47DC-8EAF-7DB26012A0F3}.Debug|anycpu.ActiveCfg = Debug|Any CPU
		{47688577-270F-47DC-8EAF-7DB26012A0F3}.Debug|anycpu.Build.0 = Debug|Any CPU
		{47688577-270F-47DC-8EAF-7DB26012A0F3}.Packaging|Any CPU.ActiveCfg = Packaging|Any CPU
		{47688577-270F-47DC-8EAF-7DB26012A0F3}.Packaging|Any CPU.Build.0 = Packaging|Any CPU
		{47688577-270F-47DC-8EAF-7DB26012A0F3}.Packaging|anycpu.ActiveCfg = Release|Any CPU
		{47688577-270F-47DC-8EAF-7DB26012A0F3}.Packaging|anycpu.Build.0 = Release|Any CPU
		{47688577-270F-47DC-8EAF-7DB26012A0F3}.Release_All|Any CPU.ActiveCfg = Release|Any CPU
		{47688577-270F-47DC-8EAF-7DB26012A0F3}.Release_All|Any CPU.Build.0 = Release|Any CPU
		{47688577-270F-47DC-8EAF-7DB26012A0F3}.Release_All|anycpu.ActiveCfg = Release|Any CPU
		{47688577-270F-47DC-8EAF-7DB26012A0F3}.Release_All|anycpu.Build.0 = Release|Any CPU
		{47688577-270F-47DC-8EAF-7DB26012A0F3}.Release_Testing|Any CPU.ActiveCfg = Release|Any CPU
		{47688577-270F-47DC-8EAF-7DB26012A0F3}.Release_Testing|Any CPU.Build.0 = Release|Any CPU
		{47688577-270F-47DC-8EAF-7DB26012A0F3}.Release_Testing|anycpu.ActiveCfg = Release|Any CPU
		{47688577-270F-47DC-8EAF-7DB26012A0F3}.Release_Testing|anycpu.Build.0 = Release|Any CPU
		{47688577-270F-47DC-8EAF-7DB26012A0F3}.Release|Any CPU.ActiveCfg = Release|Any CPU
		{47688577-270F-47DC-8EAF-7DB26012A0F3}.Release|Any CPU.Build.0 = Release|Any CPU
		{47688577-270F-47DC-8EAF-7DB26012A0F3}.Release|anycpu.ActiveCfg = Release|Any CPU
		{47688577-270F-47DC-8EAF-7DB26012A0F3}.Release|anycpu.Build.0 = Release|Any CPU
		{D4BD5141-7703-4683-A500-34363F7CFBF4}.Debug_All|Any CPU.ActiveCfg = Debug|Any CPU
		{D4BD5141-7703-4683-A500-34363F7CFBF4}.Debug_All|Any CPU.Build.0 = Debug|Any CPU
		{D4BD5141-7703-4683-A500-34363F7CFBF4}.Debug_All|anycpu.ActiveCfg = Debug|Any CPU
		{D4BD5141-7703-4683-A500-34363F7CFBF4}.Debug_All|anycpu.Build.0 = Debug|Any CPU
		{D4BD5141-7703-4683-A500-34363F7CFBF4}.Debug_Testing|Any CPU.ActiveCfg = Debug|Any CPU
		{D4BD5141-7703-4683-A500-34363F7CFBF4}.Debug_Testing|anycpu.ActiveCfg = Debug|Any CPU
		{D4BD5141-7703-4683-A500-34363F7CFBF4}.Debug_Testing|anycpu.Build.0 = Debug|Any CPU
		{D4BD5141-7703-4683-A500-34363F7CFBF4}.Debug|Any CPU.ActiveCfg = Debug|Any CPU
		{D4BD5141-7703-4683-A500-34363F7CFBF4}.Debug|Any CPU.Build.0 = Debug|Any CPU
		{D4BD5141-7703-4683-A500-34363F7CFBF4}.Debug|anycpu.ActiveCfg = Debug|Any CPU
		{D4BD5141-7703-4683-A500-34363F7CFBF4}.Debug|anycpu.Build.0 = Debug|Any CPU
		{D4BD5141-7703-4683-A500-34363F7CFBF4}.Packaging|Any CPU.ActiveCfg = Packaging|Any CPU
		{D4BD5141-7703-4683-A500-34363F7CFBF4}.Packaging|Any CPU.Build.0 = Packaging|Any CPU
		{D4BD5141-7703-4683-A500-34363F7CFBF4}.Packaging|anycpu.ActiveCfg = Release|Any CPU
		{D4BD5141-7703-4683-A500-34363F7CFBF4}.Packaging|anycpu.Build.0 = Release|Any CPU
		{D4BD5141-7703-4683-A500-34363F7CFBF4}.Release_All|Any CPU.ActiveCfg = Release|Any CPU
		{D4BD5141-7703-4683-A500-34363F7CFBF4}.Release_All|Any CPU.Build.0 = Release|Any CPU
		{D4BD5141-7703-4683-A500-34363F7CFBF4}.Release_All|anycpu.ActiveCfg = Release|Any CPU
		{D4BD5141-7703-4683-A500-34363F7CFBF4}.Release_All|anycpu.Build.0 = Release|Any CPU
		{D4BD5141-7703-4683-A500-34363F7CFBF4}.Release_Testing|Any CPU.ActiveCfg = Release|Any CPU
		{D4BD5141-7703-4683-A500-34363F7CFBF4}.Release_Testing|Any CPU.Build.0 = Release|Any CPU
		{D4BD5141-7703-4683-A500-34363F7CFBF4}.Release_Testing|anycpu.ActiveCfg = Release|Any CPU
		{D4BD5141-7703-4683-A500-34363F7CFBF4}.Release_Testing|anycpu.Build.0 = Release|Any CPU
		{D4BD5141-7703-4683-A500-34363F7CFBF4}.Release|Any CPU.ActiveCfg = Release|Any CPU
		{D4BD5141-7703-4683-A500-34363F7CFBF4}.Release|Any CPU.Build.0 = Release|Any CPU
		{D4BD5141-7703-4683-A500-34363F7CFBF4}.Release|anycpu.ActiveCfg = Release|Any CPU
		{D4BD5141-7703-4683-A500-34363F7CFBF4}.Release|anycpu.Build.0 = Release|Any CPU
		{B357BAC7-529E-4D81-A0D2-71041B19C8DE}.Debug_All|Any CPU.ActiveCfg = Debug|Any CPU
		{B357BAC7-529E-4D81-A0D2-71041B19C8DE}.Debug_All|Any CPU.Build.0 = Debug|Any CPU
		{B357BAC7-529E-4D81-A0D2-71041B19C8DE}.Debug_All|anycpu.ActiveCfg = Debug|Any CPU
		{B357BAC7-529E-4D81-A0D2-71041B19C8DE}.Debug_All|anycpu.Build.0 = Debug|Any CPU
		{B357BAC7-529E-4D81-A0D2-71041B19C8DE}.Debug_Testing|Any CPU.ActiveCfg = Debug|Any CPU
		{B357BAC7-529E-4D81-A0D2-71041B19C8DE}.Debug_Testing|anycpu.ActiveCfg = Debug|Any CPU
		{B357BAC7-529E-4D81-A0D2-71041B19C8DE}.Debug_Testing|anycpu.Build.0 = Debug|Any CPU
		{B357BAC7-529E-4D81-A0D2-71041B19C8DE}.Debug|Any CPU.ActiveCfg = Debug|Any CPU
		{B357BAC7-529E-4D81-A0D2-71041B19C8DE}.Debug|anycpu.ActiveCfg = Debug|Any CPU
		{B357BAC7-529E-4D81-A0D2-71041B19C8DE}.Debug|anycpu.Build.0 = Debug|Any CPU
		{B357BAC7-529E-4D81-A0D2-71041B19C8DE}.Packaging|Any CPU.ActiveCfg = Release|Any CPU
		{B357BAC7-529E-4D81-A0D2-71041B19C8DE}.Packaging|anycpu.ActiveCfg = Release|Any CPU
		{B357BAC7-529E-4D81-A0D2-71041B19C8DE}.Packaging|anycpu.Build.0 = Release|Any CPU
		{B357BAC7-529E-4D81-A0D2-71041B19C8DE}.Release_All|Any CPU.ActiveCfg = Release|Any CPU
		{B357BAC7-529E-4D81-A0D2-71041B19C8DE}.Release_All|Any CPU.Build.0 = Release|Any CPU
		{B357BAC7-529E-4D81-A0D2-71041B19C8DE}.Release_All|anycpu.ActiveCfg = Release|Any CPU
		{B357BAC7-529E-4D81-A0D2-71041B19C8DE}.Release_All|anycpu.Build.0 = Release|Any CPU
		{B357BAC7-529E-4D81-A0D2-71041B19C8DE}.Release_Testing|Any CPU.ActiveCfg = Release|Any CPU
		{B357BAC7-529E-4D81-A0D2-71041B19C8DE}.Release_Testing|Any CPU.Build.0 = Release|Any CPU
		{B357BAC7-529E-4D81-A0D2-71041B19C8DE}.Release_Testing|anycpu.ActiveCfg = Release|Any CPU
		{B357BAC7-529E-4D81-A0D2-71041B19C8DE}.Release_Testing|anycpu.Build.0 = Release|Any CPU
		{B357BAC7-529E-4D81-A0D2-71041B19C8DE}.Release|Any CPU.ActiveCfg = Release|Any CPU
		{B357BAC7-529E-4D81-A0D2-71041B19C8DE}.Release|anycpu.ActiveCfg = Release|Any CPU
		{B357BAC7-529E-4D81-A0D2-71041B19C8DE}.Release|anycpu.Build.0 = Release|Any CPU
		{D68D4FED-CA32-4800-A628-58BAE485562C}.Debug_All|Any CPU.ActiveCfg = Debug|Any CPU
		{D68D4FED-CA32-4800-A628-58BAE485562C}.Debug_All|Any CPU.Build.0 = Debug|Any CPU
		{D68D4FED-CA32-4800-A628-58BAE485562C}.Debug_All|anycpu.ActiveCfg = Debug|Any CPU
		{D68D4FED-CA32-4800-A628-58BAE485562C}.Debug_All|anycpu.Build.0 = Debug|Any CPU
		{D68D4FED-CA32-4800-A628-58BAE485562C}.Debug_Testing|Any CPU.ActiveCfg = Debug|Any CPU
		{D68D4FED-CA32-4800-A628-58BAE485562C}.Debug_Testing|anycpu.ActiveCfg = Debug|Any CPU
		{D68D4FED-CA32-4800-A628-58BAE485562C}.Debug_Testing|anycpu.Build.0 = Debug|Any CPU
		{D68D4FED-CA32-4800-A628-58BAE485562C}.Debug|Any CPU.ActiveCfg = Debug|Any CPU
		{D68D4FED-CA32-4800-A628-58BAE485562C}.Debug|anycpu.ActiveCfg = Debug|Any CPU
		{D68D4FED-CA32-4800-A628-58BAE485562C}.Debug|anycpu.Build.0 = Debug|Any CPU
		{D68D4FED-CA32-4800-A628-58BAE485562C}.Packaging|Any CPU.ActiveCfg = Release|Any CPU
		{D68D4FED-CA32-4800-A628-58BAE485562C}.Packaging|Any CPU.Build.0 = Release|Any CPU
		{D68D4FED-CA32-4800-A628-58BAE485562C}.Packaging|anycpu.ActiveCfg = Release|Any CPU
		{D68D4FED-CA32-4800-A628-58BAE485562C}.Packaging|anycpu.Build.0 = Release|Any CPU
		{D68D4FED-CA32-4800-A628-58BAE485562C}.Release_All|Any CPU.ActiveCfg = Release|Any CPU
		{D68D4FED-CA32-4800-A628-58BAE485562C}.Release_All|Any CPU.Build.0 = Release|Any CPU
		{D68D4FED-CA32-4800-A628-58BAE485562C}.Release_All|anycpu.ActiveCfg = Release|Any CPU
		{D68D4FED-CA32-4800-A628-58BAE485562C}.Release_All|anycpu.Build.0 = Release|Any CPU
		{D68D4FED-CA32-4800-A628-58BAE485562C}.Release_Testing|Any CPU.ActiveCfg = Release|Any CPU
		{D68D4FED-CA32-4800-A628-58BAE485562C}.Release_Testing|Any CPU.Build.0 = Release|Any CPU
		{D68D4FED-CA32-4800-A628-58BAE485562C}.Release_Testing|anycpu.ActiveCfg = Release|Any CPU
		{D68D4FED-CA32-4800-A628-58BAE485562C}.Release_Testing|anycpu.Build.0 = Release|Any CPU
		{D68D4FED-CA32-4800-A628-58BAE485562C}.Release|Any CPU.ActiveCfg = Release|Any CPU
		{D68D4FED-CA32-4800-A628-58BAE485562C}.Release|anycpu.ActiveCfg = Release|Any CPU
		{D68D4FED-CA32-4800-A628-58BAE485562C}.Release|anycpu.Build.0 = Release|Any CPU
		{9862694D-E4FA-418B-8692-A0280FEDDF36}.Debug_All|Any CPU.ActiveCfg = Debug|Any CPU
		{9862694D-E4FA-418B-8692-A0280FEDDF36}.Debug_All|Any CPU.Build.0 = Debug|Any CPU
		{9862694D-E4FA-418B-8692-A0280FEDDF36}.Debug_All|anycpu.ActiveCfg = Debug|Any CPU
		{9862694D-E4FA-418B-8692-A0280FEDDF36}.Debug_All|anycpu.Build.0 = Debug|Any CPU
		{9862694D-E4FA-418B-8692-A0280FEDDF36}.Debug_Testing|Any CPU.ActiveCfg = Debug|Any CPU
		{9862694D-E4FA-418B-8692-A0280FEDDF36}.Debug_Testing|anycpu.ActiveCfg = Debug|Any CPU
		{9862694D-E4FA-418B-8692-A0280FEDDF36}.Debug_Testing|anycpu.Build.0 = Debug|Any CPU
		{9862694D-E4FA-418B-8692-A0280FEDDF36}.Debug|Any CPU.ActiveCfg = Debug|Any CPU
		{9862694D-E4FA-418B-8692-A0280FEDDF36}.Debug|anycpu.ActiveCfg = Debug|Any CPU
		{9862694D-E4FA-418B-8692-A0280FEDDF36}.Debug|anycpu.Build.0 = Debug|Any CPU
		{9862694D-E4FA-418B-8692-A0280FEDDF36}.Packaging|Any CPU.ActiveCfg = Release|Any CPU
		{9862694D-E4FA-418B-8692-A0280FEDDF36}.Packaging|Any CPU.Build.0 = Release|Any CPU
		{9862694D-E4FA-418B-8692-A0280FEDDF36}.Packaging|anycpu.ActiveCfg = Release|Any CPU
		{9862694D-E4FA-418B-8692-A0280FEDDF36}.Packaging|anycpu.Build.0 = Release|Any CPU
		{9862694D-E4FA-418B-8692-A0280FEDDF36}.Release_All|Any CPU.ActiveCfg = Release|Any CPU
		{9862694D-E4FA-418B-8692-A0280FEDDF36}.Release_All|Any CPU.Build.0 = Release|Any CPU
		{9862694D-E4FA-418B-8692-A0280FEDDF36}.Release_All|anycpu.ActiveCfg = Release|Any CPU
		{9862694D-E4FA-418B-8692-A0280FEDDF36}.Release_All|anycpu.Build.0 = Release|Any CPU
		{9862694D-E4FA-418B-8692-A0280FEDDF36}.Release_Testing|Any CPU.ActiveCfg = Release|Any CPU
		{9862694D-E4FA-418B-8692-A0280FEDDF36}.Release_Testing|Any CPU.Build.0 = Release|Any CPU
		{9862694D-E4FA-418B-8692-A0280FEDDF36}.Release_Testing|anycpu.ActiveCfg = Release|Any CPU
		{9862694D-E4FA-418B-8692-A0280FEDDF36}.Release_Testing|anycpu.Build.0 = Release|Any CPU
		{9862694D-E4FA-418B-8692-A0280FEDDF36}.Release|Any CPU.ActiveCfg = Release|Any CPU
		{9862694D-E4FA-418B-8692-A0280FEDDF36}.Release|anycpu.ActiveCfg = Release|Any CPU
		{9862694D-E4FA-418B-8692-A0280FEDDF36}.Release|anycpu.Build.0 = Release|Any CPU
		{678738DA-F723-4920-B9E5-CAD667104BDA}.Debug_All|Any CPU.ActiveCfg = Debug|Any CPU
		{678738DA-F723-4920-B9E5-CAD667104BDA}.Debug_All|Any CPU.Build.0 = Debug|Any CPU
		{678738DA-F723-4920-B9E5-CAD667104BDA}.Debug_All|anycpu.ActiveCfg = Debug|Any CPU
		{678738DA-F723-4920-B9E5-CAD667104BDA}.Debug_All|anycpu.Build.0 = Debug|Any CPU
		{678738DA-F723-4920-B9E5-CAD667104BDA}.Debug_Testing|Any CPU.ActiveCfg = Debug|Any CPU
		{678738DA-F723-4920-B9E5-CAD667104BDA}.Debug_Testing|Any CPU.Build.0 = Debug|Any CPU
		{678738DA-F723-4920-B9E5-CAD667104BDA}.Debug_Testing|anycpu.ActiveCfg = Debug|Any CPU
		{678738DA-F723-4920-B9E5-CAD667104BDA}.Debug_Testing|anycpu.Build.0 = Debug|Any CPU
		{678738DA-F723-4920-B9E5-CAD667104BDA}.Debug|Any CPU.ActiveCfg = Debug|Any CPU
		{678738DA-F723-4920-B9E5-CAD667104BDA}.Debug|Any CPU.Build.0 = Debug|Any CPU
		{678738DA-F723-4920-B9E5-CAD667104BDA}.Debug|anycpu.ActiveCfg = Debug|Any CPU
		{678738DA-F723-4920-B9E5-CAD667104BDA}.Debug|anycpu.Build.0 = Debug|Any CPU
		{678738DA-F723-4920-B9E5-CAD667104BDA}.Packaging|Any CPU.ActiveCfg = Release|Any CPU
		{678738DA-F723-4920-B9E5-CAD667104BDA}.Packaging|Any CPU.Build.0 = Release|Any CPU
		{678738DA-F723-4920-B9E5-CAD667104BDA}.Packaging|anycpu.ActiveCfg = Release|Any CPU
		{678738DA-F723-4920-B9E5-CAD667104BDA}.Packaging|anycpu.Build.0 = Release|Any CPU
		{678738DA-F723-4920-B9E5-CAD667104BDA}.Release_All|Any CPU.ActiveCfg = Release|Any CPU
		{678738DA-F723-4920-B9E5-CAD667104BDA}.Release_All|Any CPU.Build.0 = Release|Any CPU
		{678738DA-F723-4920-B9E5-CAD667104BDA}.Release_All|anycpu.ActiveCfg = Release|Any CPU
		{678738DA-F723-4920-B9E5-CAD667104BDA}.Release_All|anycpu.Build.0 = Release|Any CPU
		{678738DA-F723-4920-B9E5-CAD667104BDA}.Release_Testing|Any CPU.ActiveCfg = Release|Any CPU
		{678738DA-F723-4920-B9E5-CAD667104BDA}.Release_Testing|Any CPU.Build.0 = Release|Any CPU
		{678738DA-F723-4920-B9E5-CAD667104BDA}.Release_Testing|anycpu.ActiveCfg = Release|Any CPU
		{678738DA-F723-4920-B9E5-CAD667104BDA}.Release_Testing|anycpu.Build.0 = Release|Any CPU
		{678738DA-F723-4920-B9E5-CAD667104BDA}.Release|Any CPU.ActiveCfg = Release|Any CPU
		{678738DA-F723-4920-B9E5-CAD667104BDA}.Release|Any CPU.Build.0 = Release|Any CPU
		{678738DA-F723-4920-B9E5-CAD667104BDA}.Release|anycpu.ActiveCfg = Release|Any CPU
		{678738DA-F723-4920-B9E5-CAD667104BDA}.Release|anycpu.Build.0 = Release|Any CPU
	EndGlobalSection
	GlobalSection(SolutionProperties) = preSolution
		HideSolutionNode = FALSE
	EndGlobalSection
	GlobalSection(NestedProjects) = preSolution
		{D06EDB2A-0AE0-4606-A8AE-AA3F6248630F} = {3D44EF32-EE84-42A0-B586-6AE71AB75CFF}
		{1B765803-7F61-497E-96D0-3BE5AF32C81A} = {3D44EF32-EE84-42A0-B586-6AE71AB75CFF}
		{52CA4A3B-F296-4489-B5F0-AD375D039B35} = {6E3DD8B6-60D2-406E-B5EE-8CC4A830CC39}
		{DCB5D745-525C-46A1-BFC0-E12F87AB6165} = {6E3DD8B6-60D2-406E-B5EE-8CC4A830CC39}
		{A15EEC02-60EC-4705-A58B-A6ECD55A9628} = {6E3DD8B6-60D2-406E-B5EE-8CC4A830CC39}
		{5AA87149-7173-42A0-8BBC-AC618B404D46} = {93A9E803-DBF3-45BE-96FA-87D68422F401}
		{146576DE-EF8A-43EE-AD43-EAF81A2479A4} = {93A9E803-DBF3-45BE-96FA-87D68422F401}
		{27CD854D-D0A5-4EA0-A997-04CE8EDD5095} = {93A9E803-DBF3-45BE-96FA-87D68422F401}
		{8555F0B6-3F1A-4C80-8CCB-3EED653D6242} = {27CD854D-D0A5-4EA0-A997-04CE8EDD5095}
		{ED22FDF0-B378-4950-9E59-681726AC02F6} = {27CD854D-D0A5-4EA0-A997-04CE8EDD5095}
		{CA602D48-8516-481C-8218-BCA74A16DE46} = {5365AAB4-C8BD-403C-9455-3F058E34FA38}
		{79FC4A01-1E39-468F-8E55-195BC918232E} = {CA602D48-8516-481C-8218-BCA74A16DE46}
		{1D1EBD83-0717-4935-B812-7280C8036BB9} = {5365AAB4-C8BD-403C-9455-3F058E34FA38}
		{032C9C8B-93A0-4391-BF6D-74FF4A5BE8F5} = {1D1EBD83-0717-4935-B812-7280C8036BB9}
		{180B2B79-AC40-41A5-8928-3CFC025679E8} = {5365AAB4-C8BD-403C-9455-3F058E34FA38}
		{47688577-270F-47DC-8EAF-7DB26012A0F3} = {180B2B79-AC40-41A5-8928-3CFC025679E8}
		{63887B13-F3FF-42AE-A216-A7A81A14AD1A} = {5365AAB4-C8BD-403C-9455-3F058E34FA38}
		{0BFC8B40-0659-4D45-B111-7CB4CCD22991} = {63887B13-F3FF-42AE-A216-A7A81A14AD1A}
		{D4BD5141-7703-4683-A500-34363F7CFBF4} = {63887B13-F3FF-42AE-A216-A7A81A14AD1A}
		{B357BAC7-529E-4D81-A0D2-71041B19C8DE} = {6E3DD8B6-60D2-406E-B5EE-8CC4A830CC39}
		{D68D4FED-CA32-4800-A628-58BAE485562C} = {6E3DD8B6-60D2-406E-B5EE-8CC4A830CC39}
		{9862694D-E4FA-418B-8692-A0280FEDDF36} = {6E3DD8B6-60D2-406E-B5EE-8CC4A830CC39}
		{678738DA-F723-4920-B9E5-CAD667104BDA} = {6E3DD8B6-60D2-406E-B5EE-8CC4A830CC39}
		{EA36A133-649C-42B3-91DE-6E14DC9980A0} = {180B2B79-AC40-41A5-8928-3CFC025679E8}
	EndGlobalSection
	GlobalSection(MonoDevelopProperties) = preSolution
		Policies = $0
		$0.TextStylePolicy = $1
		$1.FileWidth = 120
		$1.inheritsSet = VisualStudio
		$1.inheritsScope = text/plain
		$1.scope = text/x-csharp
		$0.CSharpFormattingPolicy = $2
		$2.IndentSwitchBody = True
		$2.AutoPropertyFormatting = ForceOneLine
		$2.AnonymousMethodBraceStyle = NextLine
		$2.PropertyBraceStyle = NextLine
		$2.PropertyGetBraceStyle = NextLine
		$2.PropertySetBraceStyle = NextLine
		$2.SimpleSetBlockFormatting = ForceOneLine
		$2.EventBraceStyle = NextLine
		$2.ElseNewLinePlacement = DoNotCare
		$2.ElseIfNewLinePlacement = DoNotCare
		$2.CatchNewLinePlacement = DoNotCare
		$2.FinallyNewLinePlacement = DoNotCare
		$2.BeforeMethodDeclarationParentheses = False
		$2.BeforeMethodCallParentheses = False
		$2.BeforeConstructorDeclarationParentheses = False
		$2.BeforeIndexerDeclarationBracket = False
		$2.BeforeDelegateDeclarationParentheses = False
		$2.AfterDelegateDeclarationParameterComma = True
		$2.NewParentheses = False
		$2.SpacesBeforeBrackets = False
		$2.inheritsSet = Mono
		$2.inheritsScope = text/x-csharp
		$2.scope = text/x-csharp
		version = 1.1
	EndGlobalSection
EndGlobal
