
Microsoft Visual Studio Solution File, Format Version 12.00
# Visual Studio 2012
Project("{2150E333-8FDC-42A3-9474-1A3956D46DE8}") = "Docs", "Docs", "{751921E0-F01B-4253-A973-74EA7B3DB146}"
	ProjectSection(SolutionItems) = preProject
		..\README.md = ..\README.md
		..\packaging\component\Details.md = ..\packaging\component\Details.md
		..\packaging\component\GettingStarted.md = ..\packaging\component\GettingStarted.md
		..\packaging\component\License.md = ..\packaging\component\License.md
	EndProjectSection
EndProject
Project("{D954291E-2A0B-460D-934E-DC6B0785DB48}") = "Couchbase.Lite.Shared", "Couchbase.Lite.Shared\Couchbase.Lite.Shared.shproj", "{0A88C2A7-7AD8-46F9-9D31-869E3466B791}"
EndProject
Project("{FAE04EC0-301F-11D3-BF4B-00C04F79EFBC}") = "Couchbase.Lite.Android", "Couchbase.Lite.Android\Couchbase.Lite.Android.csproj", "{5615E423-D0FD-4F99-A99C-061679615CEE}"
EndProject
Project("{FAE04EC0-301F-11D3-BF4B-00C04F79EFBC}") = "Couchbase.Lite.iOS", "Couchbase.Lite.iOS\Couchbase.Lite.iOS.csproj", "{443E1BEE-43B3-45A1-ACEA-F7BA71BDAAB1}"
EndProject
Project("{2150E333-8FDC-42A3-9474-1A3956D46DE8}") = "Samples", "Samples", "{5D187322-B6C6-4B74-A097-179F97B61B75}"
EndProject
Project("{FAE04EC0-301F-11D3-BF4B-00C04F79EFBC}") = "CouchbaseSample.iOS", "..\samples\CouchbaseSample.iOS\CouchbaseSample.iOS.csproj", "{590609C7-0AC7-49AF-A888-8D90812F351F}"
EndProject
Project("{FAE04EC0-301F-11D3-BF4B-00C04F79EFBC}") = "CouchbaseSample.Android", "..\samples\CouchbaseSample.Android\CouchbaseSample.Android.csproj", "{6F8EE00A-5F9D-4E6F-8153-19F8FD01A6F9}"
EndProject
Project("{FAE04EC0-301F-11D3-BF4B-00C04F79EFBC}") = "SimpleAndroidSync", "..\samples\SimpleAndroidSync\SimpleAndroidSync.csproj", "{F970485C-CE53-457A-AAF6-7896C40F8243}"
EndProject
Project("{2150E333-8FDC-42A3-9474-1A3956D46DE8}") = "Tests", "Tests", "{3D44EF32-EE84-42A0-B586-6AE71AB75CFF}"
EndProject
Project("{FAE04EC0-301F-11D3-BF4B-00C04F79EFBC}") = "Couchbase.Lite.Android.Tests", "Couchbase.Lite.Android.Tests\Couchbase.Lite.Android.Tests.csproj", "{07F030B4-1FEF-4BCD-AB57-EF79BBD1D449}"
EndProject
Project("{D954291E-2A0B-460D-934E-DC6B0785DB48}") = "Couchbase.Lite.Tests.Shared", "Couchbase.Lite.Tests.Shared\Couchbase.Lite.Tests.Shared.shproj", "{D06EDB2A-0AE0-4606-A8AE-AA3F6248630F}"
EndProject
Project("{FAE04EC0-301F-11D3-BF4B-00C04F79EFBC}") = "Couchbase.Lite.iOS.Tests", "Couchbase.Lite.iOS.Tests\Couchbase.Lite.iOS.Tests.csproj", "{AF7359A0-D709-491C-8DEE-5C5C1E9521B1}"
EndProject
Project("{FAE04EC0-301F-11D3-BF4B-00C04F79EFBC}") = "Couchbase.Lite.Net45.Tests", "Couchbase.Lite.Net45.Tests\Couchbase.Lite.Net45.Tests.csproj", "{F376966C-CCAB-4C5C-A81A-E2A754AA7A4C}"
EndProject
Project("{FAE04EC0-301F-11D3-BF4B-00C04F79EFBC}") = "Couchbase.Lite.Net45", "Couchbase.Lite.Net45\Couchbase.Lite.Net45.csproj", "{C87E0C01-AAD6-46DA-9935-C772C112BB18}"
EndProject
Global
	GlobalSection(SolutionConfigurationPlatforms) = preSolution
		Debug|x86 = Debug|x86
		Release|x86 = Release|x86
		Debug|iPhoneSimulator = Debug|iPhoneSimulator
		Release|iPhoneSimulator = Release|iPhoneSimulator
		Debug|iPhone = Debug|iPhone
		Release|iPhone = Release|iPhone
		Ad-Hoc|iPhone = Ad-Hoc|iPhone
		AppStore|iPhone = AppStore|iPhone
		Debug|Any CPU = Debug|Any CPU
		Release|Any CPU = Release|Any CPU
		Debug|x64 = Debug|x64
		Release|x64 = Release|x64
	EndGlobalSection
	GlobalSection(ProjectConfigurationPlatforms) = postSolution
		{07F030B4-1FEF-4BCD-AB57-EF79BBD1D449}.Ad-Hoc|iPhone.ActiveCfg = Debug|Any CPU
		{07F030B4-1FEF-4BCD-AB57-EF79BBD1D449}.Ad-Hoc|iPhone.Build.0 = Debug|Any CPU
		{07F030B4-1FEF-4BCD-AB57-EF79BBD1D449}.AppStore|iPhone.ActiveCfg = Debug|Any CPU
		{07F030B4-1FEF-4BCD-AB57-EF79BBD1D449}.AppStore|iPhone.Build.0 = Debug|Any CPU
		{07F030B4-1FEF-4BCD-AB57-EF79BBD1D449}.Debug|Any CPU.ActiveCfg = Debug|Any CPU
		{07F030B4-1FEF-4BCD-AB57-EF79BBD1D449}.Debug|Any CPU.Build.0 = Debug|Any CPU
		{07F030B4-1FEF-4BCD-AB57-EF79BBD1D449}.Debug|iPhone.ActiveCfg = Debug|Any CPU
		{07F030B4-1FEF-4BCD-AB57-EF79BBD1D449}.Debug|iPhone.Build.0 = Debug|Any CPU
		{07F030B4-1FEF-4BCD-AB57-EF79BBD1D449}.Debug|iPhoneSimulator.ActiveCfg = Debug|Any CPU
		{07F030B4-1FEF-4BCD-AB57-EF79BBD1D449}.Debug|iPhoneSimulator.Build.0 = Debug|Any CPU
		{07F030B4-1FEF-4BCD-AB57-EF79BBD1D449}.Debug|x64.ActiveCfg = Debug|Any CPU
		{07F030B4-1FEF-4BCD-AB57-EF79BBD1D449}.Debug|x64.Build.0 = Debug|Any CPU
		{07F030B4-1FEF-4BCD-AB57-EF79BBD1D449}.Debug|x86.ActiveCfg = Debug|Any CPU
		{07F030B4-1FEF-4BCD-AB57-EF79BBD1D449}.Release|Any CPU.ActiveCfg = Release|Any CPU
		{07F030B4-1FEF-4BCD-AB57-EF79BBD1D449}.Release|Any CPU.Build.0 = Release|Any CPU
		{07F030B4-1FEF-4BCD-AB57-EF79BBD1D449}.Release|iPhone.ActiveCfg = Release|Any CPU
		{07F030B4-1FEF-4BCD-AB57-EF79BBD1D449}.Release|iPhone.Build.0 = Release|Any CPU
		{07F030B4-1FEF-4BCD-AB57-EF79BBD1D449}.Release|iPhoneSimulator.ActiveCfg = Release|Any CPU
		{07F030B4-1FEF-4BCD-AB57-EF79BBD1D449}.Release|iPhoneSimulator.Build.0 = Release|Any CPU
		{07F030B4-1FEF-4BCD-AB57-EF79BBD1D449}.Release|x64.ActiveCfg = Release|Any CPU
		{07F030B4-1FEF-4BCD-AB57-EF79BBD1D449}.Release|x64.Build.0 = Release|Any CPU
		{07F030B4-1FEF-4BCD-AB57-EF79BBD1D449}.Release|x86.ActiveCfg = Release|Any CPU
		{07F030B4-1FEF-4BCD-AB57-EF79BBD1D449}.Release|x86.Build.0 = Release|Any CPU
		{443E1BEE-43B3-45A1-ACEA-F7BA71BDAAB1}.Ad-Hoc|iPhone.ActiveCfg = Debug|Any CPU
		{443E1BEE-43B3-45A1-ACEA-F7BA71BDAAB1}.Ad-Hoc|iPhone.Build.0 = Debug|Any CPU
		{443E1BEE-43B3-45A1-ACEA-F7BA71BDAAB1}.AppStore|iPhone.ActiveCfg = Debug|Any CPU
		{443E1BEE-43B3-45A1-ACEA-F7BA71BDAAB1}.AppStore|iPhone.Build.0 = Debug|Any CPU
		{443E1BEE-43B3-45A1-ACEA-F7BA71BDAAB1}.Debug|Any CPU.ActiveCfg = Debug|Any CPU
		{443E1BEE-43B3-45A1-ACEA-F7BA71BDAAB1}.Debug|iPhone.ActiveCfg = Debug|Any CPU
		{443E1BEE-43B3-45A1-ACEA-F7BA71BDAAB1}.Debug|iPhone.Build.0 = Debug|Any CPU
		{443E1BEE-43B3-45A1-ACEA-F7BA71BDAAB1}.Debug|iPhoneSimulator.ActiveCfg = Debug|Any CPU
		{443E1BEE-43B3-45A1-ACEA-F7BA71BDAAB1}.Debug|iPhoneSimulator.Build.0 = Debug|Any CPU
		{443E1BEE-43B3-45A1-ACEA-F7BA71BDAAB1}.Debug|x64.ActiveCfg = Debug|Any CPU
		{443E1BEE-43B3-45A1-ACEA-F7BA71BDAAB1}.Debug|x64.Build.0 = Debug|Any CPU
		{443E1BEE-43B3-45A1-ACEA-F7BA71BDAAB1}.Debug|x86.ActiveCfg = Debug|Any CPU
		{443E1BEE-43B3-45A1-ACEA-F7BA71BDAAB1}.Release|Any CPU.ActiveCfg = Release|Any CPU
		{443E1BEE-43B3-45A1-ACEA-F7BA71BDAAB1}.Release|iPhone.ActiveCfg = Release|Any CPU
		{443E1BEE-43B3-45A1-ACEA-F7BA71BDAAB1}.Release|iPhone.Build.0 = Release|Any CPU
		{443E1BEE-43B3-45A1-ACEA-F7BA71BDAAB1}.Release|iPhoneSimulator.ActiveCfg = Release|Any CPU
		{443E1BEE-43B3-45A1-ACEA-F7BA71BDAAB1}.Release|iPhoneSimulator.Build.0 = Release|Any CPU
		{443E1BEE-43B3-45A1-ACEA-F7BA71BDAAB1}.Release|x64.ActiveCfg = Release|Any CPU
		{443E1BEE-43B3-45A1-ACEA-F7BA71BDAAB1}.Release|x64.Build.0 = Release|Any CPU
		{443E1BEE-43B3-45A1-ACEA-F7BA71BDAAB1}.Release|x86.ActiveCfg = Release|Any CPU
		{443E1BEE-43B3-45A1-ACEA-F7BA71BDAAB1}.Release|x86.Build.0 = Release|Any CPU
		{5615E423-D0FD-4F99-A99C-061679615CEE}.Ad-Hoc|iPhone.ActiveCfg = Debug|Any CPU
		{5615E423-D0FD-4F99-A99C-061679615CEE}.Ad-Hoc|iPhone.Build.0 = Debug|Any CPU
		{5615E423-D0FD-4F99-A99C-061679615CEE}.AppStore|iPhone.ActiveCfg = Debug|Any CPU
		{5615E423-D0FD-4F99-A99C-061679615CEE}.AppStore|iPhone.Build.0 = Debug|Any CPU
		{5615E423-D0FD-4F99-A99C-061679615CEE}.Debug|Any CPU.ActiveCfg = Debug|Any CPU
		{5615E423-D0FD-4F99-A99C-061679615CEE}.Debug|Any CPU.Build.0 = Debug|Any CPU
		{5615E423-D0FD-4F99-A99C-061679615CEE}.Debug|iPhone.ActiveCfg = Debug|Any CPU
		{5615E423-D0FD-4F99-A99C-061679615CEE}.Debug|iPhone.Build.0 = Debug|Any CPU
		{5615E423-D0FD-4F99-A99C-061679615CEE}.Debug|iPhoneSimulator.ActiveCfg = Debug|Any CPU
		{5615E423-D0FD-4F99-A99C-061679615CEE}.Debug|iPhoneSimulator.Build.0 = Debug|Any CPU
		{5615E423-D0FD-4F99-A99C-061679615CEE}.Debug|x64.ActiveCfg = Debug|Any CPU
		{5615E423-D0FD-4F99-A99C-061679615CEE}.Debug|x64.Build.0 = Debug|Any CPU
		{5615E423-D0FD-4F99-A99C-061679615CEE}.Debug|x86.ActiveCfg = Debug|Any CPU
		{5615E423-D0FD-4F99-A99C-061679615CEE}.Release|Any CPU.ActiveCfg = Release|Any CPU
		{5615E423-D0FD-4F99-A99C-061679615CEE}.Release|Any CPU.Build.0 = Release|Any CPU
		{5615E423-D0FD-4F99-A99C-061679615CEE}.Release|iPhone.ActiveCfg = Release|Any CPU
		{5615E423-D0FD-4F99-A99C-061679615CEE}.Release|iPhone.Build.0 = Release|Any CPU
		{5615E423-D0FD-4F99-A99C-061679615CEE}.Release|iPhoneSimulator.ActiveCfg = Release|Any CPU
		{5615E423-D0FD-4F99-A99C-061679615CEE}.Release|iPhoneSimulator.Build.0 = Release|Any CPU
		{5615E423-D0FD-4F99-A99C-061679615CEE}.Release|x64.ActiveCfg = Release|Any CPU
		{5615E423-D0FD-4F99-A99C-061679615CEE}.Release|x64.Build.0 = Release|Any CPU
		{5615E423-D0FD-4F99-A99C-061679615CEE}.Release|x86.ActiveCfg = Release|Any CPU
		{5615E423-D0FD-4F99-A99C-061679615CEE}.Release|x86.Build.0 = Release|Any CPU
		{590609C7-0AC7-49AF-A888-8D90812F351F}.Ad-Hoc|iPhone.ActiveCfg = Ad-Hoc|iPhone
		{590609C7-0AC7-49AF-A888-8D90812F351F}.Ad-Hoc|iPhone.Build.0 = Ad-Hoc|iPhone
		{590609C7-0AC7-49AF-A888-8D90812F351F}.AppStore|iPhone.ActiveCfg = AppStore|iPhone
		{590609C7-0AC7-49AF-A888-8D90812F351F}.AppStore|iPhone.Build.0 = AppStore|iPhone
		{590609C7-0AC7-49AF-A888-8D90812F351F}.Debug|Any CPU.ActiveCfg = Debug|Any CPU
		{590609C7-0AC7-49AF-A888-8D90812F351F}.Debug|iPhone.ActiveCfg = Debug|iPhone
		{590609C7-0AC7-49AF-A888-8D90812F351F}.Debug|iPhone.Build.0 = Debug|iPhone
		{590609C7-0AC7-49AF-A888-8D90812F351F}.Debug|iPhoneSimulator.ActiveCfg = Debug|iPhoneSimulator
		{590609C7-0AC7-49AF-A888-8D90812F351F}.Debug|iPhoneSimulator.Build.0 = Debug|iPhoneSimulator
		{590609C7-0AC7-49AF-A888-8D90812F351F}.Debug|x64.ActiveCfg = Debug|Any CPU
		{590609C7-0AC7-49AF-A888-8D90812F351F}.Debug|x64.Build.0 = Debug|Any CPU
		{590609C7-0AC7-49AF-A888-8D90812F351F}.Debug|x86.ActiveCfg = Debug|iPhoneSimulator
		{590609C7-0AC7-49AF-A888-8D90812F351F}.Release|Any CPU.ActiveCfg = Release|Any CPU
		{590609C7-0AC7-49AF-A888-8D90812F351F}.Release|iPhone.ActiveCfg = Release|iPhone
		{590609C7-0AC7-49AF-A888-8D90812F351F}.Release|iPhone.Build.0 = Release|iPhone
		{590609C7-0AC7-49AF-A888-8D90812F351F}.Release|iPhoneSimulator.ActiveCfg = Release|iPhoneSimulator
		{590609C7-0AC7-49AF-A888-8D90812F351F}.Release|iPhoneSimulator.Build.0 = Release|iPhoneSimulator
		{590609C7-0AC7-49AF-A888-8D90812F351F}.Release|x64.ActiveCfg = Release|Any CPU
		{590609C7-0AC7-49AF-A888-8D90812F351F}.Release|x64.Build.0 = Release|Any CPU
		{590609C7-0AC7-49AF-A888-8D90812F351F}.Release|x86.ActiveCfg = Release|iPhoneSimulator
		{590609C7-0AC7-49AF-A888-8D90812F351F}.Release|x86.Build.0 = Release|iPhoneSimulator
		{AF7359A0-D709-491C-8DEE-5C5C1E9521B1}.Ad-Hoc|iPhone.ActiveCfg = Ad-Hoc|iPhone
		{AF7359A0-D709-491C-8DEE-5C5C1E9521B1}.Ad-Hoc|iPhone.Build.0 = Ad-Hoc|iPhone
		{AF7359A0-D709-491C-8DEE-5C5C1E9521B1}.AppStore|iPhone.ActiveCfg = AppStore|iPhone
		{AF7359A0-D709-491C-8DEE-5C5C1E9521B1}.AppStore|iPhone.Build.0 = AppStore|iPhone
		{AF7359A0-D709-491C-8DEE-5C5C1E9521B1}.Debug|Any CPU.ActiveCfg = Debug|Any CPU
		{AF7359A0-D709-491C-8DEE-5C5C1E9521B1}.Debug|iPhone.ActiveCfg = Debug|iPhone
		{AF7359A0-D709-491C-8DEE-5C5C1E9521B1}.Debug|iPhone.Build.0 = Debug|iPhone
		{AF7359A0-D709-491C-8DEE-5C5C1E9521B1}.Debug|iPhoneSimulator.ActiveCfg = Debug|iPhoneSimulator
		{AF7359A0-D709-491C-8DEE-5C5C1E9521B1}.Debug|iPhoneSimulator.Build.0 = Debug|iPhoneSimulator
		{AF7359A0-D709-491C-8DEE-5C5C1E9521B1}.Debug|x64.ActiveCfg = Debug|Any CPU
		{AF7359A0-D709-491C-8DEE-5C5C1E9521B1}.Debug|x64.Build.0 = Debug|Any CPU
		{AF7359A0-D709-491C-8DEE-5C5C1E9521B1}.Debug|x86.ActiveCfg = Debug|iPhoneSimulator
		{AF7359A0-D709-491C-8DEE-5C5C1E9521B1}.Release|Any CPU.ActiveCfg = Release|Any CPU
		{AF7359A0-D709-491C-8DEE-5C5C1E9521B1}.Release|iPhone.ActiveCfg = Release|iPhone
		{AF7359A0-D709-491C-8DEE-5C5C1E9521B1}.Release|iPhone.Build.0 = Release|iPhone
		{AF7359A0-D709-491C-8DEE-5C5C1E9521B1}.Release|iPhoneSimulator.ActiveCfg = Release|iPhoneSimulator
		{AF7359A0-D709-491C-8DEE-5C5C1E9521B1}.Release|iPhoneSimulator.Build.0 = Release|iPhoneSimulator
		{AF7359A0-D709-491C-8DEE-5C5C1E9521B1}.Release|x64.ActiveCfg = Release|Any CPU
		{AF7359A0-D709-491C-8DEE-5C5C1E9521B1}.Release|x64.Build.0 = Release|Any CPU
		{AF7359A0-D709-491C-8DEE-5C5C1E9521B1}.Release|x86.ActiveCfg = Release|iPhoneSimulator
		{AF7359A0-D709-491C-8DEE-5C5C1E9521B1}.Release|x86.Build.0 = Release|iPhoneSimulator
		{C87E0C01-AAD6-46DA-9935-C772C112BB18}.Ad-Hoc|iPhone.ActiveCfg = Debug|Any CPU
		{C87E0C01-AAD6-46DA-9935-C772C112BB18}.Ad-Hoc|iPhone.Build.0 = Debug|Any CPU
		{C87E0C01-AAD6-46DA-9935-C772C112BB18}.AppStore|iPhone.ActiveCfg = Debug|Any CPU
		{C87E0C01-AAD6-46DA-9935-C772C112BB18}.AppStore|iPhone.Build.0 = Debug|Any CPU
		{C87E0C01-AAD6-46DA-9935-C772C112BB18}.Debug|Any CPU.ActiveCfg = Debug|Any CPU
		{C87E0C01-AAD6-46DA-9935-C772C112BB18}.Debug|Any CPU.Build.0 = Debug|Any CPU
		{C87E0C01-AAD6-46DA-9935-C772C112BB18}.Debug|iPhone.ActiveCfg = Debug|Any CPU
		{C87E0C01-AAD6-46DA-9935-C772C112BB18}.Debug|iPhone.Build.0 = Debug|Any CPU
		{C87E0C01-AAD6-46DA-9935-C772C112BB18}.Debug|iPhoneSimulator.ActiveCfg = Debug|Any CPU
		{C87E0C01-AAD6-46DA-9935-C772C112BB18}.Debug|iPhoneSimulator.Build.0 = Debug|Any CPU
		{C87E0C01-AAD6-46DA-9935-C772C112BB18}.Debug|x64.ActiveCfg = Debug|x64
		{C87E0C01-AAD6-46DA-9935-C772C112BB18}.Debug|x64.Build.0 = Debug|x64
		{C87E0C01-AAD6-46DA-9935-C772C112BB18}.Debug|x86.ActiveCfg = Debug|x86
		{C87E0C01-AAD6-46DA-9935-C772C112BB18}.Debug|x86.Build.0 = Debug|x86
		{C87E0C01-AAD6-46DA-9935-C772C112BB18}.Release|Any CPU.ActiveCfg = Release|Any CPU
		{C87E0C01-AAD6-46DA-9935-C772C112BB18}.Release|Any CPU.Build.0 = Release|Any CPU
		{C87E0C01-AAD6-46DA-9935-C772C112BB18}.Release|iPhone.ActiveCfg = Release|Any CPU
		{C87E0C01-AAD6-46DA-9935-C772C112BB18}.Release|iPhone.Build.0 = Release|Any CPU
		{C87E0C01-AAD6-46DA-9935-C772C112BB18}.Release|iPhoneSimulator.ActiveCfg = Release|Any CPU
		{C87E0C01-AAD6-46DA-9935-C772C112BB18}.Release|iPhoneSimulator.Build.0 = Release|Any CPU
		{C87E0C01-AAD6-46DA-9935-C772C112BB18}.Release|x64.ActiveCfg = Release|x64
		{C87E0C01-AAD6-46DA-9935-C772C112BB18}.Release|x64.Build.0 = Release|x64
		{C87E0C01-AAD6-46DA-9935-C772C112BB18}.Release|x86.ActiveCfg = Release|x86
		{C87E0C01-AAD6-46DA-9935-C772C112BB18}.Release|x86.Build.0 = Release|x86
		{F376966C-CCAB-4C5C-A81A-E2A754AA7A4C}.Ad-Hoc|iPhone.ActiveCfg = Debug|Any CPU
		{F376966C-CCAB-4C5C-A81A-E2A754AA7A4C}.Ad-Hoc|iPhone.Build.0 = Debug|Any CPU
		{F376966C-CCAB-4C5C-A81A-E2A754AA7A4C}.AppStore|iPhone.ActiveCfg = Debug|Any CPU
		{F376966C-CCAB-4C5C-A81A-E2A754AA7A4C}.AppStore|iPhone.Build.0 = Debug|Any CPU
		{F376966C-CCAB-4C5C-A81A-E2A754AA7A4C}.Debug|Any CPU.ActiveCfg = Debug|Any CPU
		{F376966C-CCAB-4C5C-A81A-E2A754AA7A4C}.Debug|Any CPU.Build.0 = Debug|Any CPU
		{F376966C-CCAB-4C5C-A81A-E2A754AA7A4C}.Debug|iPhone.ActiveCfg = Debug|Any CPU
		{F376966C-CCAB-4C5C-A81A-E2A754AA7A4C}.Debug|iPhone.Build.0 = Debug|Any CPU
		{F376966C-CCAB-4C5C-A81A-E2A754AA7A4C}.Debug|iPhoneSimulator.ActiveCfg = Debug|Any CPU
		{F376966C-CCAB-4C5C-A81A-E2A754AA7A4C}.Debug|iPhoneSimulator.Build.0 = Debug|Any CPU
		{F376966C-CCAB-4C5C-A81A-E2A754AA7A4C}.Debug|x64.ActiveCfg = Debug|x64
		{F376966C-CCAB-4C5C-A81A-E2A754AA7A4C}.Debug|x64.Build.0 = Debug|x64
		{F376966C-CCAB-4C5C-A81A-E2A754AA7A4C}.Debug|x86.ActiveCfg = Debug|Any CPU
		{F376966C-CCAB-4C5C-A81A-E2A754AA7A4C}.Debug|x86.Build.0 = Debug|Any CPU
		{F376966C-CCAB-4C5C-A81A-E2A754AA7A4C}.Release|Any CPU.ActiveCfg = Release|Any CPU
		{F376966C-CCAB-4C5C-A81A-E2A754AA7A4C}.Release|Any CPU.Build.0 = Release|Any CPU
		{F376966C-CCAB-4C5C-A81A-E2A754AA7A4C}.Release|iPhone.ActiveCfg = Release|Any CPU
		{F376966C-CCAB-4C5C-A81A-E2A754AA7A4C}.Release|iPhone.Build.0 = Release|Any CPU
		{F376966C-CCAB-4C5C-A81A-E2A754AA7A4C}.Release|iPhoneSimulator.ActiveCfg = Release|Any CPU
		{F376966C-CCAB-4C5C-A81A-E2A754AA7A4C}.Release|iPhoneSimulator.Build.0 = Release|Any CPU
		{F376966C-CCAB-4C5C-A81A-E2A754AA7A4C}.Release|x64.ActiveCfg = Release|x64
		{F376966C-CCAB-4C5C-A81A-E2A754AA7A4C}.Release|x64.Build.0 = Release|x64
		{F376966C-CCAB-4C5C-A81A-E2A754AA7A4C}.Release|x86.ActiveCfg = Release|Any CPU
		{F376966C-CCAB-4C5C-A81A-E2A754AA7A4C}.Release|x86.Build.0 = Release|Any CPU
		{F970485C-CE53-457A-AAF6-7896C40F8243}.Ad-Hoc|iPhone.ActiveCfg = Release|Any CPU
		{F970485C-CE53-457A-AAF6-7896C40F8243}.Ad-Hoc|iPhone.Build.0 = Release|Any CPU
		{F970485C-CE53-457A-AAF6-7896C40F8243}.AppStore|iPhone.ActiveCfg = Release|Any CPU
		{F970485C-CE53-457A-AAF6-7896C40F8243}.AppStore|iPhone.Build.0 = Release|Any CPU
		{F970485C-CE53-457A-AAF6-7896C40F8243}.Debug|Any CPU.ActiveCfg = Debug|Any CPU
		{F970485C-CE53-457A-AAF6-7896C40F8243}.Debug|Any CPU.Build.0 = Debug|Any CPU
		{F970485C-CE53-457A-AAF6-7896C40F8243}.Debug|iPhone.ActiveCfg = Debug|Any CPU
		{F970485C-CE53-457A-AAF6-7896C40F8243}.Debug|iPhone.Build.0 = Debug|Any CPU
		{F970485C-CE53-457A-AAF6-7896C40F8243}.Debug|iPhoneSimulator.ActiveCfg = Debug|Any CPU
		{F970485C-CE53-457A-AAF6-7896C40F8243}.Debug|iPhoneSimulator.Build.0 = Debug|Any CPU
		{F970485C-CE53-457A-AAF6-7896C40F8243}.Debug|x64.ActiveCfg = Debug|Any CPU
		{F970485C-CE53-457A-AAF6-7896C40F8243}.Debug|x64.Build.0 = Debug|Any CPU
		{F970485C-CE53-457A-AAF6-7896C40F8243}.Debug|x86.ActiveCfg = Debug|Any CPU
		{F970485C-CE53-457A-AAF6-7896C40F8243}.Release|Any CPU.ActiveCfg = Release|Any CPU
		{F970485C-CE53-457A-AAF6-7896C40F8243}.Release|Any CPU.Build.0 = Release|Any CPU
		{F970485C-CE53-457A-AAF6-7896C40F8243}.Release|iPhone.ActiveCfg = Release|Any CPU
		{F970485C-CE53-457A-AAF6-7896C40F8243}.Release|iPhone.Build.0 = Release|Any CPU
		{F970485C-CE53-457A-AAF6-7896C40F8243}.Release|iPhoneSimulator.ActiveCfg = Release|Any CPU
		{F970485C-CE53-457A-AAF6-7896C40F8243}.Release|iPhoneSimulator.Build.0 = Release|Any CPU
		{F970485C-CE53-457A-AAF6-7896C40F8243}.Release|x64.ActiveCfg = Release|Any CPU
		{F970485C-CE53-457A-AAF6-7896C40F8243}.Release|x64.Build.0 = Release|Any CPU
		{F970485C-CE53-457A-AAF6-7896C40F8243}.Release|x86.ActiveCfg = Release|Any CPU
		{F970485C-CE53-457A-AAF6-7896C40F8243}.Release|x86.Build.0 = Release|Any CPU
		{18AE9E93-AF27-47A0-921C-1846941643B6}.Debug|x86.ActiveCfg = Debug|x86
		{18AE9E93-AF27-47A0-921C-1846941643B6}.Debug|x86.Build.0 = Debug|x86
		{18AE9E93-AF27-47A0-921C-1846941643B6}.Release|x86.ActiveCfg = Release|x86
		{18AE9E93-AF27-47A0-921C-1846941643B6}.Release|x86.Build.0 = Release|x86
		{810AD241-3FB1-4689-BF3B-A83B90DEB9E9}.Debug|x86.ActiveCfg = Debug|Any CPU
		{810AD241-3FB1-4689-BF3B-A83B90DEB9E9}.Debug|x86.Build.0 = Debug|Any CPU
		{810AD241-3FB1-4689-BF3B-A83B90DEB9E9}.Release|x86.ActiveCfg = Release|Any CPU
		{810AD241-3FB1-4689-BF3B-A83B90DEB9E9}.Release|x86.Build.0 = Release|Any CPU
	EndGlobalSection
	GlobalSection(NestedProjects) = preSolution
		{590609C7-0AC7-49AF-A888-8D90812F351F} = {5D187322-B6C6-4B74-A097-179F97B61B75}
		{6F8EE00A-5F9D-4E6F-8153-19F8FD01A6F9} = {5D187322-B6C6-4B74-A097-179F97B61B75}
		{F970485C-CE53-457A-AAF6-7896C40F8243} = {5D187322-B6C6-4B74-A097-179F97B61B75}
		{07F030B4-1FEF-4BCD-AB57-EF79BBD1D449} = {3D44EF32-EE84-42A0-B586-6AE71AB75CFF}
		{D06EDB2A-0AE0-4606-A8AE-AA3F6248630F} = {3D44EF32-EE84-42A0-B586-6AE71AB75CFF}
		{AF7359A0-D709-491C-8DEE-5C5C1E9521B1} = {3D44EF32-EE84-42A0-B586-6AE71AB75CFF}
		{F376966C-CCAB-4C5C-A81A-E2A754AA7A4C} = {3D44EF32-EE84-42A0-B586-6AE71AB75CFF}
	EndGlobalSection
	GlobalSection(MonoDevelopProperties) = preSolution
		StartupItem = Couchbase.Lite.iOS.Tests\Couchbase.Lite.iOS.Tests.csproj
		version = 0.9.3
	EndGlobalSection
EndGlobal
