
Microsoft Visual Studio Solution File, Format Version 12.00
# Visual Studio 14
VisualStudioVersion = 14.0.25123.0
MinimumVisualStudioVersion = 10.0.40219.1
Project("{D954291E-2A0B-460D-934E-DC6B0785DB48}") = "Couchbase.Lite.Shared", "Couchbase.Lite.Shared\Couchbase.Lite.Shared.shproj", "{FF87EED7-5DE9-47E9-82F4-D1DF659D1DC2}"
EndProject
Project("{FAE04EC0-301F-11D3-BF4B-00C04F79EFBC}") = "Couchbase.Lite.Android", "Couchbase.Lite.Android\Couchbase.Lite.Android.csproj", "{5615E423-D0FD-4F99-A99C-061679615CEE}"
EndProject
Project("{2150E333-8FDC-42A3-9474-1A3956D46DE8}") = "Tests", "Tests", "{3D44EF32-EE84-42A0-B586-6AE71AB75CFF}"
EndProject
Project("{FAE04EC0-301F-11D3-BF4B-00C04F79EFBC}") = "Couchbase.Lite.Android.Tests", "Couchbase.Lite.Android.Tests\Couchbase.Lite.Android.Tests.csproj", "{07F030B4-1FEF-4BCD-AB57-EF79BBD1D449}"
EndProject
Project("{D954291E-2A0B-460D-934E-DC6B0785DB48}") = "Couchbase.Lite.Tests.Shared", "Couchbase.Lite.Tests.Shared\Couchbase.Lite.Tests.Shared.shproj", "{D06EDB2A-0AE0-4606-A8AE-AA3F6248630F}"
EndProject
Project("{2150E333-8FDC-42A3-9474-1A3956D46DE8}") = "ListenerComponent", "ListenerComponent", "{93A9E803-DBF3-45BE-96FA-87D68422F401}"
EndProject
Project("{D954291E-2A0B-460D-934E-DC6B0785DB48}") = "Couchbase.Lite.Listener.Shared", "ListenerComponent\Couchbase.Lite.Listener.Shared\Couchbase.Lite.Listener.Shared.shproj", "{5AA87149-7173-42A0-8BBC-AC618B404D46}"
EndProject
Project("{FAE04EC0-301F-11D3-BF4B-00C04F79EFBC}") = "Couchbase.Lite.Listener.Android", "ListenerComponent\Couchbase.Lite.Listener.Android\Couchbase.Lite.Listener.Android.csproj", "{6B64CBD5-8D13-4E88-861D-DBBB87254BBC}"
EndProject
Project("{2150E333-8FDC-42A3-9474-1A3956D46DE8}") = "Bonjour", "Bonjour", "{27CD854D-D0A5-4EA0-A997-04CE8EDD5095}"
EndProject
Project("{D954291E-2A0B-460D-934E-DC6B0785DB48}") = "Couchbase.Lite.Listener.Bonjour.Shared", "ListenerComponent\Bonjour\Couchbase.Lite.Listener.Bonjour.Shared\Couchbase.Lite.Listener.Bonjour.Shared.shproj", "{8555F0B6-3F1A-4C80-8CCB-3EED653D6242}"
EndProject
Project("{FAE04EC0-301F-11D3-BF4B-00C04F79EFBC}") = "Couchbase.Lite.Listener.Bonjour.Android", "ListenerComponent\Bonjour\Couchbase.Lite.Listener.Bonjour.Android\Couchbase.Lite.Listener.Bonjour.Android.csproj", "{4549834B-28B6-4A54-A3EC-978D0E582444}"
EndProject
Project("{2150E333-8FDC-42A3-9474-1A3956D46DE8}") = "Samples", "Samples", "{C064DC8C-6B6A-47EF-A437-3FAEDB209405}"
EndProject
Project("{2150E333-8FDC-42A3-9474-1A3956D46DE8}") = "Vendor", "Vendor", "{06FFFE78-10F5-4714-87E8-B34655A92F4B}"
EndProject
Project("{FAE04EC0-301F-11D3-BF4B-00C04F79EFBC}") = "websocket-sharp.droid", "..\vendor\websocket-sharp\websocket-sharp\websocket-sharp.droid.csproj", "{E1153FA4-356A-454D-B32E-136102F2482F}"
EndProject
Project("{FAE04EC0-301F-11D3-BF4B-00C04F79EFBC}") = "Mono.Security-droid", "..\vendor\Mono\Mono.Security\Mono.Security-droid.csproj", "{83F75E53-48BE-4F3C-8D79-62CBD5050792}"
EndProject
Project("{2150E333-8FDC-42A3-9474-1A3956D46DE8}") = "StorageEngines", "StorageEngines", "{FC5CF612-6984-45A3-9A91-02F6849DAE57}"
EndProject
Project("{2150E333-8FDC-42A3-9474-1A3956D46DE8}") = "SQLiteCommon", "SQLiteCommon", "{6F1E0A21-73AA-4303-8EB1-896909345F77}"
EndProject
Project("{D954291E-2A0B-460D-934E-DC6B0785DB48}") = "websocket-sharp.shared", "..\vendor\websocket-sharp\websocket-sharp\websocket-sharp.shared.shproj", "{891A08FC-F143-4325-BC16-B9864D036B99}"
EndProject
Project("{D954291E-2A0B-460D-934E-DC6B0785DB48}") = "storage.sqlite.common", "StorageEngines\SQLiteCommon\storage.sqlite.common\storage.sqlite.common.shproj", "{79FC4A01-1E39-468F-8E55-195BC918232E}"
EndProject
Project("{2150E333-8FDC-42A3-9474-1A3956D46DE8}") = "SystemSQLite", "SystemSQLite", "{0D8D066E-FF7E-4166-B477-412A99F895B2}"
EndProject
Project("{FAE04EC0-301F-11D3-BF4B-00C04F79EFBC}") = "storage.systemsqlite.droid", "StorageEngines\SystemSQLite\storage.systemsqlite.droid\storage.systemsqlite.droid.csproj", "{51DC5755-5EDE-45CE-97D2-D45078DA0F3B}"
EndProject
Project("{2150E333-8FDC-42A3-9474-1A3956D46DE8}") = "SQLCipher", "SQLCipher", "{D311C9E5-3356-41BC-A68B-DA18DD858CD2}"
EndProject
Project("{FAE04EC0-301F-11D3-BF4B-00C04F79EFBC}") = "storage.sqlcipher.droid", "StorageEngines\SQLCipher\storage.sqlcipher.droid\storage.sqlcipher.droid.csproj", "{9C5FAB56-F098-4809-8465-65257A59B8BD}"
EndProject
Project("{2150E333-8FDC-42A3-9474-1A3956D46DE8}") = "ForestDB", "ForestDB", "{1FF4AA99-5099-40E9-9C2E-897E3A421ED4}"
EndProject
Project("{D954291E-2A0B-460D-934E-DC6B0785DB48}") = "cbforest-sharp.Shared", "StorageEngines\ForestDB\CBForest\CSharp\cbforest-sharp.Shared\cbforest-sharp.Shared.shproj", "{0BFC8B40-0659-4D45-B111-7CB4CCD22991}"
EndProject
Project("{D954291E-2A0B-460D-934E-DC6B0785DB48}") = "storage.forestdb.shared", "StorageEngines\ForestDB\storage.forestdb.shared\storage.forestdb.shared.shproj", "{8E6F8876-64F8-4483-ADB2-D3AAD5672F7C}"
EndProject
Project("{FAE04EC0-301F-11D3-BF4B-00C04F79EFBC}") = "storage.forestdb.droid", "StorageEngines\ForestDB\storage.forestdb.droid\storage.forestdb.droid.csproj", "{9CEE0189-1533-484D-A957-664B1A372EAA}"
EndProject
Project("{FAE04EC0-301F-11D3-BF4B-00C04F79EFBC}") = "SimpleAndroidSync_source", "..\samples\SimpleAndroidSync\UsesSource\SimpleAndroidSync_source.csproj", "{F970485C-CE53-457A-AAF6-7896C40F8243}"
EndProject
Project("{FAE04EC0-301F-11D3-BF4B-00C04F79EFBC}") = "MonoDroid.Dialog", "..\vendor\MonoDroid.Dialog\MonoDroid.Dialog\MonoDroid.Dialog.csproj", "{33044C7B-47A4-4113-A61A-EB429407F818}"
EndProject
Project("{FAE04EC0-301F-11D3-BF4B-00C04F79EFBC}") = "Android.NUnitLite", "..\vendor\Andr.Unit\Android.NUnitLite\Android.NUnitLite.csproj", "{6A005891-A3D6-4398-A729-F645397D573A}"
EndProject
Project("{2150E333-8FDC-42A3-9474-1A3956D46DE8}") = "CustomSQLite", "CustomSQLite", "{E9B82C17-823F-4E98-8FEC-3F680FCCF0CF}"
EndProject
Project("{FAE04EC0-301F-11D3-BF4B-00C04F79EFBC}") = "storage.customsqlite.droid", "StorageEngines\CustomSQLite\storage.customsqlite.droid\storage.customsqlite.droid.csproj", "{0289A97A-AB8C-45F3-AA87-B05BB9471D7D}"
EndProject
Global
	GlobalSection(SharedMSBuildProjectFiles) = preSolution
		Couchbase.Lite.Shared\Couchbase.Lite.Shared.projitems*{5615e423-d0fd-4f99-a99c-061679615cee}*SharedItemsImports = 4
		ListenerComponent\Bonjour\Couchbase.Lite.Listener.Bonjour.Shared\Couchbase.Lite.Listener.Bonjour.Shared.projitems*{8555f0b6-3f1a-4c80-8ccb-3eed653d6242}*SharedItemsImports = 13
		ListenerComponent\Couchbase.Lite.Listener.Shared\Couchbase.Lite.Listener.Shared.projitems*{5aa87149-7173-42a0-8bbc-ac618b404d46}*SharedItemsImports = 13
		..\vendor\websocket-sharp\websocket-sharp\websocket-sharp.shared.projitems*{891a08fc-f143-4325-bc16-b9864d036b99}*SharedItemsImports = 13
		..\vendor\websocket-sharp\websocket-sharp\websocket-sharp.shared.projitems*{e1153fa4-356a-454d-b32e-136102f2482f}*SharedItemsImports = 4
		StorageEngines\SQLiteCommon\storage.sqlite.common\storage.sqlite.common.projitems*{51dc5755-5ede-45ce-97d2-d45078da0f3b}*SharedItemsImports = 4
		StorageEngines\ForestDB\storage.forestdb.shared\storage.forestdb.shared.projitems*{9cee0189-1533-484d-a957-664b1a372eaa}*SharedItemsImports = 4
		StorageEngines\ForestDB\CBForest\CSharp\cbforest-sharp.Shared\cbforest-sharp.Shared.projitems*{9cee0189-1533-484d-a957-664b1a372eaa}*SharedItemsImports = 4
		Couchbase.Lite.Tests.Shared\Couchbase.Lite.Tests.Shared.projitems*{07f030b4-1fef-4bcd-ab57-ef79bbd1d449}*SharedItemsImports = 4
		ListenerComponent\Bonjour\Couchbase.Lite.Listener.Bonjour.Shared\Couchbase.Lite.Listener.Bonjour.Shared.projitems*{4549834b-28b6-4a54-a3ec-978d0e582444}*SharedItemsImports = 4
		StorageEngines\SQLiteCommon\storage.sqlite.common\storage.sqlite.common.projitems*{9c5fab56-f098-4809-8465-65257a59b8bd}*SharedItemsImports = 4
		StorageEngines\SQLiteCommon\storage.sqlite.common\storage.sqlite.common.projitems*{0289a97a-ab8c-45f3-aa87-b05bb9471d7d}*SharedItemsImports = 4
		StorageEngines\ForestDB\storage.forestdb.shared\storage.forestdb.shared.projitems*{8e6f8876-64f8-4483-adb2-d3aad5672f7c}*SharedItemsImports = 13
		ListenerComponent\Couchbase.Lite.Listener.Shared\Couchbase.Lite.Listener.Shared.projitems*{6b64cbd5-8d13-4e88-861d-dbbb87254bbc}*SharedItemsImports = 4
		Couchbase.Lite.Tests.Shared\Couchbase.Lite.Tests.Shared.projitems*{d06edb2a-0ae0-4606-a8ae-aa3f6248630f}*SharedItemsImports = 13
		StorageEngines\ForestDB\CBForest\CSharp\cbforest-sharp.Shared\cbforest-sharp.Shared.projitems*{0bfc8b40-0659-4d45-b111-7cb4ccd22991}*SharedItemsImports = 13
		Couchbase.Lite.Shared\Couchbase.Lite.Shared.projitems*{ff87eed7-5de9-47e9-82f4-d1df659d1dc2}*SharedItemsImports = 13
		StorageEngines\SQLiteCommon\storage.sqlite.common\storage.sqlite.common.projitems*{79fc4a01-1e39-468f-8e55-195bc918232e}*SharedItemsImports = 13
	EndGlobalSection
	GlobalSection(SolutionConfigurationPlatforms) = preSolution
		Debug_All|Any CPU = Debug_All|Any CPU
		Debug_Sample|Any CPU = Debug_Sample|Any CPU
		Debug_Testing|Any CPU = Debug_Testing|Any CPU
		Debug|Any CPU = Debug|Any CPU
		Packaging|Any CPU = Packaging|Any CPU
		Release_All|Any CPU = Release_All|Any CPU
		Release_Sample|Any CPU = Release_Sample|Any CPU
		Release_Testing|Any CPU = Release_Testing|Any CPU
		Release|Any CPU = Release|Any CPU
	EndGlobalSection
	GlobalSection(ProjectConfigurationPlatforms) = postSolution
		{5615E423-D0FD-4F99-A99C-061679615CEE}.Debug_All|Any CPU.ActiveCfg = Debug|Any CPU
		{5615E423-D0FD-4F99-A99C-061679615CEE}.Debug_All|Any CPU.Build.0 = Debug|Any CPU
		{5615E423-D0FD-4F99-A99C-061679615CEE}.Debug_Sample|Any CPU.ActiveCfg = Debug|Any CPU
		{5615E423-D0FD-4F99-A99C-061679615CEE}.Debug_Sample|Any CPU.Build.0 = Debug|Any CPU
		{5615E423-D0FD-4F99-A99C-061679615CEE}.Debug_Testing|Any CPU.ActiveCfg = Debug|Any CPU
		{5615E423-D0FD-4F99-A99C-061679615CEE}.Debug_Testing|Any CPU.Build.0 = Debug|Any CPU
		{5615E423-D0FD-4F99-A99C-061679615CEE}.Debug|Any CPU.ActiveCfg = Debug|Any CPU
		{5615E423-D0FD-4F99-A99C-061679615CEE}.Debug|Any CPU.Build.0 = Debug|Any CPU
		{5615E423-D0FD-4F99-A99C-061679615CEE}.Packaging|Any CPU.ActiveCfg = Packaging|Any CPU
		{5615E423-D0FD-4F99-A99C-061679615CEE}.Packaging|Any CPU.Build.0 = Packaging|Any CPU
		{5615E423-D0FD-4F99-A99C-061679615CEE}.Release_All|Any CPU.ActiveCfg = Release|Any CPU
		{5615E423-D0FD-4F99-A99C-061679615CEE}.Release_All|Any CPU.Build.0 = Release|Any CPU
		{5615E423-D0FD-4F99-A99C-061679615CEE}.Release_Sample|Any CPU.ActiveCfg = Release|Any CPU
		{5615E423-D0FD-4F99-A99C-061679615CEE}.Release_Sample|Any CPU.Build.0 = Release|Any CPU
		{5615E423-D0FD-4F99-A99C-061679615CEE}.Release_Testing|Any CPU.ActiveCfg = Release|Any CPU
		{5615E423-D0FD-4F99-A99C-061679615CEE}.Release_Testing|Any CPU.Build.0 = Release|Any CPU
		{5615E423-D0FD-4F99-A99C-061679615CEE}.Release|Any CPU.ActiveCfg = Release|Any CPU
		{5615E423-D0FD-4F99-A99C-061679615CEE}.Release|Any CPU.Build.0 = Release|Any CPU
		{07F030B4-1FEF-4BCD-AB57-EF79BBD1D449}.Debug_All|Any CPU.ActiveCfg = Debug|Any CPU
		{07F030B4-1FEF-4BCD-AB57-EF79BBD1D449}.Debug_All|Any CPU.Build.0 = Debug|Any CPU
		{07F030B4-1FEF-4BCD-AB57-EF79BBD1D449}.Debug_Sample|Any CPU.ActiveCfg = Debug|Any CPU
		{07F030B4-1FEF-4BCD-AB57-EF79BBD1D449}.Debug_Testing|Any CPU.ActiveCfg = Debug|Any CPU
		{07F030B4-1FEF-4BCD-AB57-EF79BBD1D449}.Debug_Testing|Any CPU.Build.0 = Debug|Any CPU
		{07F030B4-1FEF-4BCD-AB57-EF79BBD1D449}.Debug_Testing|Any CPU.Deploy.0 = Debug|Any CPU
		{07F030B4-1FEF-4BCD-AB57-EF79BBD1D449}.Debug|Any CPU.ActiveCfg = Debug|Any CPU
		{07F030B4-1FEF-4BCD-AB57-EF79BBD1D449}.Packaging|Any CPU.ActiveCfg = Release|Any CPU
		{07F030B4-1FEF-4BCD-AB57-EF79BBD1D449}.Release_All|Any CPU.ActiveCfg = Release|Any CPU
		{07F030B4-1FEF-4BCD-AB57-EF79BBD1D449}.Release_All|Any CPU.Build.0 = Release|Any CPU
		{07F030B4-1FEF-4BCD-AB57-EF79BBD1D449}.Release_Sample|Any CPU.ActiveCfg = Release|Any CPU
		{07F030B4-1FEF-4BCD-AB57-EF79BBD1D449}.Release_Testing|Any CPU.ActiveCfg = Release|Any CPU
		{07F030B4-1FEF-4BCD-AB57-EF79BBD1D449}.Release_Testing|Any CPU.Build.0 = Release|Any CPU
		{07F030B4-1FEF-4BCD-AB57-EF79BBD1D449}.Release_Testing|Any CPU.Deploy.0 = Release|Any CPU
		{07F030B4-1FEF-4BCD-AB57-EF79BBD1D449}.Release|Any CPU.ActiveCfg = Release|Any CPU
		{6B64CBD5-8D13-4E88-861D-DBBB87254BBC}.Debug_All|Any CPU.ActiveCfg = Debug|Any CPU
		{6B64CBD5-8D13-4E88-861D-DBBB87254BBC}.Debug_All|Any CPU.Build.0 = Debug|Any CPU
		{6B64CBD5-8D13-4E88-861D-DBBB87254BBC}.Debug_Sample|Any CPU.ActiveCfg = Debug|Any CPU
		{6B64CBD5-8D13-4E88-861D-DBBB87254BBC}.Debug_Sample|Any CPU.Build.0 = Debug|Any CPU
		{6B64CBD5-8D13-4E88-861D-DBBB87254BBC}.Debug_Testing|Any CPU.ActiveCfg = Debug|Any CPU
		{6B64CBD5-8D13-4E88-861D-DBBB87254BBC}.Debug_Testing|Any CPU.Build.0 = Debug|Any CPU
		{6B64CBD5-8D13-4E88-861D-DBBB87254BBC}.Debug|Any CPU.ActiveCfg = Debug|Any CPU
		{6B64CBD5-8D13-4E88-861D-DBBB87254BBC}.Debug|Any CPU.Build.0 = Debug|Any CPU
		{6B64CBD5-8D13-4E88-861D-DBBB87254BBC}.Packaging|Any CPU.ActiveCfg = Packaging|Any CPU
		{6B64CBD5-8D13-4E88-861D-DBBB87254BBC}.Packaging|Any CPU.Build.0 = Packaging|Any CPU
		{6B64CBD5-8D13-4E88-861D-DBBB87254BBC}.Release_All|Any CPU.ActiveCfg = Release|Any CPU
		{6B64CBD5-8D13-4E88-861D-DBBB87254BBC}.Release_All|Any CPU.Build.0 = Release|Any CPU
		{6B64CBD5-8D13-4E88-861D-DBBB87254BBC}.Release_Sample|Any CPU.ActiveCfg = Release|Any CPU
		{6B64CBD5-8D13-4E88-861D-DBBB87254BBC}.Release_Sample|Any CPU.Build.0 = Release|Any CPU
		{6B64CBD5-8D13-4E88-861D-DBBB87254BBC}.Release_Testing|Any CPU.ActiveCfg = Release|Any CPU
		{6B64CBD5-8D13-4E88-861D-DBBB87254BBC}.Release_Testing|Any CPU.Build.0 = Release|Any CPU
		{6B64CBD5-8D13-4E88-861D-DBBB87254BBC}.Release|Any CPU.ActiveCfg = Release|Any CPU
		{6B64CBD5-8D13-4E88-861D-DBBB87254BBC}.Release|Any CPU.Build.0 = Release|Any CPU
		{4549834B-28B6-4A54-A3EC-978D0E582444}.Debug_All|Any CPU.ActiveCfg = Debug|Any CPU
		{4549834B-28B6-4A54-A3EC-978D0E582444}.Debug_All|Any CPU.Build.0 = Debug|Any CPU
		{4549834B-28B6-4A54-A3EC-978D0E582444}.Debug_Sample|Any CPU.ActiveCfg = Debug|Any CPU
		{4549834B-28B6-4A54-A3EC-978D0E582444}.Debug_Sample|Any CPU.Build.0 = Debug|Any CPU
		{4549834B-28B6-4A54-A3EC-978D0E582444}.Debug_Testing|Any CPU.ActiveCfg = Debug|Any CPU
		{4549834B-28B6-4A54-A3EC-978D0E582444}.Debug_Testing|Any CPU.Build.0 = Debug|Any CPU
		{4549834B-28B6-4A54-A3EC-978D0E582444}.Debug|Any CPU.ActiveCfg = Debug|Any CPU
		{4549834B-28B6-4A54-A3EC-978D0E582444}.Debug|Any CPU.Build.0 = Debug|Any CPU
		{4549834B-28B6-4A54-A3EC-978D0E582444}.Packaging|Any CPU.ActiveCfg = Packaging|Any CPU
		{4549834B-28B6-4A54-A3EC-978D0E582444}.Packaging|Any CPU.Build.0 = Packaging|Any CPU
		{4549834B-28B6-4A54-A3EC-978D0E582444}.Release_All|Any CPU.ActiveCfg = Release|Any CPU
		{4549834B-28B6-4A54-A3EC-978D0E582444}.Release_All|Any CPU.Build.0 = Release|Any CPU
		{4549834B-28B6-4A54-A3EC-978D0E582444}.Release_Sample|Any CPU.ActiveCfg = Release|Any CPU
		{4549834B-28B6-4A54-A3EC-978D0E582444}.Release_Sample|Any CPU.Build.0 = Release|Any CPU
		{4549834B-28B6-4A54-A3EC-978D0E582444}.Release_Testing|Any CPU.ActiveCfg = Release|Any CPU
		{4549834B-28B6-4A54-A3EC-978D0E582444}.Release_Testing|Any CPU.Build.0 = Release|Any CPU
		{4549834B-28B6-4A54-A3EC-978D0E582444}.Release|Any CPU.ActiveCfg = Release|Any CPU
		{4549834B-28B6-4A54-A3EC-978D0E582444}.Release|Any CPU.Build.0 = Release|Any CPU
		{E1153FA4-356A-454D-B32E-136102F2482F}.Debug_All|Any CPU.ActiveCfg = Debug|Any CPU
		{E1153FA4-356A-454D-B32E-136102F2482F}.Debug_All|Any CPU.Build.0 = Debug|Any CPU
		{E1153FA4-356A-454D-B32E-136102F2482F}.Debug_Sample|Any CPU.ActiveCfg = Debug|Any CPU
		{E1153FA4-356A-454D-B32E-136102F2482F}.Debug_Sample|Any CPU.Build.0 = Debug|Any CPU
		{E1153FA4-356A-454D-B32E-136102F2482F}.Debug_Testing|Any CPU.ActiveCfg = Debug|Any CPU
		{E1153FA4-356A-454D-B32E-136102F2482F}.Debug_Testing|Any CPU.Build.0 = Debug|Any CPU
		{E1153FA4-356A-454D-B32E-136102F2482F}.Debug|Any CPU.ActiveCfg = Debug|Any CPU
		{E1153FA4-356A-454D-B32E-136102F2482F}.Debug|Any CPU.Build.0 = Debug|Any CPU
		{E1153FA4-356A-454D-B32E-136102F2482F}.Packaging|Any CPU.ActiveCfg = Release|Any CPU
		{E1153FA4-356A-454D-B32E-136102F2482F}.Packaging|Any CPU.Build.0 = Release|Any CPU
		{E1153FA4-356A-454D-B32E-136102F2482F}.Release_All|Any CPU.ActiveCfg = Release|Any CPU
		{E1153FA4-356A-454D-B32E-136102F2482F}.Release_All|Any CPU.Build.0 = Release|Any CPU
		{E1153FA4-356A-454D-B32E-136102F2482F}.Release_Sample|Any CPU.ActiveCfg = Release|Any CPU
		{E1153FA4-356A-454D-B32E-136102F2482F}.Release_Sample|Any CPU.Build.0 = Release|Any CPU
		{E1153FA4-356A-454D-B32E-136102F2482F}.Release_Testing|Any CPU.ActiveCfg = Release|Any CPU
		{E1153FA4-356A-454D-B32E-136102F2482F}.Release_Testing|Any CPU.Build.0 = Release|Any CPU
		{E1153FA4-356A-454D-B32E-136102F2482F}.Release|Any CPU.ActiveCfg = Release|Any CPU
		{E1153FA4-356A-454D-B32E-136102F2482F}.Release|Any CPU.Build.0 = Release|Any CPU
		{83F75E53-48BE-4F3C-8D79-62CBD5050792}.Debug_All|Any CPU.ActiveCfg = Debug|Any CPU
		{83F75E53-48BE-4F3C-8D79-62CBD5050792}.Debug_All|Any CPU.Build.0 = Debug|Any CPU
		{83F75E53-48BE-4F3C-8D79-62CBD5050792}.Debug_Sample|Any CPU.ActiveCfg = Debug|Any CPU
		{83F75E53-48BE-4F3C-8D79-62CBD5050792}.Debug_Sample|Any CPU.Build.0 = Debug|Any CPU
		{83F75E53-48BE-4F3C-8D79-62CBD5050792}.Debug_Testing|Any CPU.ActiveCfg = Debug|Any CPU
		{83F75E53-48BE-4F3C-8D79-62CBD5050792}.Debug_Testing|Any CPU.Build.0 = Debug|Any CPU
		{83F75E53-48BE-4F3C-8D79-62CBD5050792}.Debug|Any CPU.ActiveCfg = Debug|Any CPU
		{83F75E53-48BE-4F3C-8D79-62CBD5050792}.Debug|Any CPU.Build.0 = Debug|Any CPU
		{83F75E53-48BE-4F3C-8D79-62CBD5050792}.Packaging|Any CPU.ActiveCfg = Release|Any CPU
		{83F75E53-48BE-4F3C-8D79-62CBD5050792}.Packaging|Any CPU.Build.0 = Release|Any CPU
		{83F75E53-48BE-4F3C-8D79-62CBD5050792}.Release_All|Any CPU.ActiveCfg = Release|Any CPU
		{83F75E53-48BE-4F3C-8D79-62CBD5050792}.Release_All|Any CPU.Build.0 = Release|Any CPU
		{83F75E53-48BE-4F3C-8D79-62CBD5050792}.Release_Sample|Any CPU.ActiveCfg = Release|Any CPU
		{83F75E53-48BE-4F3C-8D79-62CBD5050792}.Release_Sample|Any CPU.Build.0 = Release|Any CPU
		{83F75E53-48BE-4F3C-8D79-62CBD5050792}.Release_Testing|Any CPU.ActiveCfg = Release|Any CPU
		{83F75E53-48BE-4F3C-8D79-62CBD5050792}.Release_Testing|Any CPU.Build.0 = Release|Any CPU
		{83F75E53-48BE-4F3C-8D79-62CBD5050792}.Release|Any CPU.ActiveCfg = Release|Any CPU
		{83F75E53-48BE-4F3C-8D79-62CBD5050792}.Release|Any CPU.Build.0 = Release|Any CPU
		{51DC5755-5EDE-45CE-97D2-D45078DA0F3B}.Debug_All|Any CPU.ActiveCfg = Debug|Any CPU
		{51DC5755-5EDE-45CE-97D2-D45078DA0F3B}.Debug_All|Any CPU.Build.0 = Debug|Any CPU
		{51DC5755-5EDE-45CE-97D2-D45078DA0F3B}.Debug_Sample|Any CPU.ActiveCfg = Debug|Any CPU
		{51DC5755-5EDE-45CE-97D2-D45078DA0F3B}.Debug_Sample|Any CPU.Build.0 = Debug|Any CPU
		{51DC5755-5EDE-45CE-97D2-D45078DA0F3B}.Debug_Testing|Any CPU.ActiveCfg = Debug|Any CPU
		{51DC5755-5EDE-45CE-97D2-D45078DA0F3B}.Debug_Testing|Any CPU.Build.0 = Debug|Any CPU
		{51DC5755-5EDE-45CE-97D2-D45078DA0F3B}.Debug|Any CPU.ActiveCfg = Debug|Any CPU
		{51DC5755-5EDE-45CE-97D2-D45078DA0F3B}.Debug|Any CPU.Build.0 = Debug|Any CPU
		{51DC5755-5EDE-45CE-97D2-D45078DA0F3B}.Packaging|Any CPU.ActiveCfg = Packaging|Any CPU
		{51DC5755-5EDE-45CE-97D2-D45078DA0F3B}.Packaging|Any CPU.Build.0 = Packaging|Any CPU
		{51DC5755-5EDE-45CE-97D2-D45078DA0F3B}.Release_All|Any CPU.ActiveCfg = Release|Any CPU
		{51DC5755-5EDE-45CE-97D2-D45078DA0F3B}.Release_All|Any CPU.Build.0 = Release|Any CPU
		{51DC5755-5EDE-45CE-97D2-D45078DA0F3B}.Release_Sample|Any CPU.ActiveCfg = Release|Any CPU
		{51DC5755-5EDE-45CE-97D2-D45078DA0F3B}.Release_Sample|Any CPU.Build.0 = Release|Any CPU
		{51DC5755-5EDE-45CE-97D2-D45078DA0F3B}.Release_Testing|Any CPU.ActiveCfg = Release|Any CPU
		{51DC5755-5EDE-45CE-97D2-D45078DA0F3B}.Release_Testing|Any CPU.Build.0 = Release|Any CPU
		{51DC5755-5EDE-45CE-97D2-D45078DA0F3B}.Release|Any CPU.ActiveCfg = Release|Any CPU
		{51DC5755-5EDE-45CE-97D2-D45078DA0F3B}.Release|Any CPU.Build.0 = Release|Any CPU
		{9C5FAB56-F098-4809-8465-65257A59B8BD}.Debug_All|Any CPU.ActiveCfg = Debug|Any CPU
		{9C5FAB56-F098-4809-8465-65257A59B8BD}.Debug_All|Any CPU.Build.0 = Debug|Any CPU
		{9C5FAB56-F098-4809-8465-65257A59B8BD}.Debug_Sample|Any CPU.ActiveCfg = Debug|Any CPU
		{9C5FAB56-F098-4809-8465-65257A59B8BD}.Debug_Sample|Any CPU.Build.0 = Debug|Any CPU
		{9C5FAB56-F098-4809-8465-65257A59B8BD}.Debug_Testing|Any CPU.ActiveCfg = Debug|Any CPU
		{9C5FAB56-F098-4809-8465-65257A59B8BD}.Debug_Testing|Any CPU.Build.0 = Debug|Any CPU
		{9C5FAB56-F098-4809-8465-65257A59B8BD}.Debug|Any CPU.ActiveCfg = Debug|Any CPU
		{9C5FAB56-F098-4809-8465-65257A59B8BD}.Debug|Any CPU.Build.0 = Debug|Any CPU
		{9C5FAB56-F098-4809-8465-65257A59B8BD}.Packaging|Any CPU.ActiveCfg = Packaging|Any CPU
		{9C5FAB56-F098-4809-8465-65257A59B8BD}.Packaging|Any CPU.Build.0 = Packaging|Any CPU
		{9C5FAB56-F098-4809-8465-65257A59B8BD}.Release_All|Any CPU.ActiveCfg = Release|Any CPU
		{9C5FAB56-F098-4809-8465-65257A59B8BD}.Release_All|Any CPU.Build.0 = Release|Any CPU
		{9C5FAB56-F098-4809-8465-65257A59B8BD}.Release_Sample|Any CPU.ActiveCfg = Release|Any CPU
		{9C5FAB56-F098-4809-8465-65257A59B8BD}.Release_Sample|Any CPU.Build.0 = Release|Any CPU
		{9C5FAB56-F098-4809-8465-65257A59B8BD}.Release_Testing|Any CPU.ActiveCfg = Release|Any CPU
		{9C5FAB56-F098-4809-8465-65257A59B8BD}.Release_Testing|Any CPU.Build.0 = Release|Any CPU
		{9C5FAB56-F098-4809-8465-65257A59B8BD}.Release|Any CPU.ActiveCfg = Release|Any CPU
		{9C5FAB56-F098-4809-8465-65257A59B8BD}.Release|Any CPU.Build.0 = Release|Any CPU
		{9CEE0189-1533-484D-A957-664B1A372EAA}.Debug_All|Any CPU.ActiveCfg = Debug|Any CPU
		{9CEE0189-1533-484D-A957-664B1A372EAA}.Debug_All|Any CPU.Build.0 = Debug|Any CPU
		{9CEE0189-1533-484D-A957-664B1A372EAA}.Debug_Sample|Any CPU.ActiveCfg = Debug|Any CPU
		{9CEE0189-1533-484D-A957-664B1A372EAA}.Debug_Sample|Any CPU.Build.0 = Debug|Any CPU
		{9CEE0189-1533-484D-A957-664B1A372EAA}.Debug_Testing|Any CPU.ActiveCfg = Debug|Any CPU
		{9CEE0189-1533-484D-A957-664B1A372EAA}.Debug_Testing|Any CPU.Build.0 = Debug|Any CPU
		{9CEE0189-1533-484D-A957-664B1A372EAA}.Debug|Any CPU.ActiveCfg = Debug|Any CPU
		{9CEE0189-1533-484D-A957-664B1A372EAA}.Debug|Any CPU.Build.0 = Debug|Any CPU
		{9CEE0189-1533-484D-A957-664B1A372EAA}.Packaging|Any CPU.ActiveCfg = Packaging|Any CPU
		{9CEE0189-1533-484D-A957-664B1A372EAA}.Packaging|Any CPU.Build.0 = Packaging|Any CPU
		{9CEE0189-1533-484D-A957-664B1A372EAA}.Release_All|Any CPU.ActiveCfg = Release|Any CPU
		{9CEE0189-1533-484D-A957-664B1A372EAA}.Release_All|Any CPU.Build.0 = Release|Any CPU
		{9CEE0189-1533-484D-A957-664B1A372EAA}.Release_Sample|Any CPU.ActiveCfg = Release|Any CPU
		{9CEE0189-1533-484D-A957-664B1A372EAA}.Release_Sample|Any CPU.Build.0 = Release|Any CPU
		{9CEE0189-1533-484D-A957-664B1A372EAA}.Release_Testing|Any CPU.ActiveCfg = Release|Any CPU
		{9CEE0189-1533-484D-A957-664B1A372EAA}.Release_Testing|Any CPU.Build.0 = Release|Any CPU
		{9CEE0189-1533-484D-A957-664B1A372EAA}.Release|Any CPU.ActiveCfg = Release|Any CPU
		{9CEE0189-1533-484D-A957-664B1A372EAA}.Release|Any CPU.Build.0 = Release|Any CPU
		{F970485C-CE53-457A-AAF6-7896C40F8243}.Debug_All|Any CPU.ActiveCfg = Debug|Any CPU
		{F970485C-CE53-457A-AAF6-7896C40F8243}.Debug_All|Any CPU.Build.0 = Debug|Any CPU
		{F970485C-CE53-457A-AAF6-7896C40F8243}.Debug_Sample|Any CPU.ActiveCfg = Debug|Any CPU
		{F970485C-CE53-457A-AAF6-7896C40F8243}.Debug_Sample|Any CPU.Build.0 = Debug|Any CPU
		{F970485C-CE53-457A-AAF6-7896C40F8243}.Debug_Sample|Any CPU.Deploy.0 = Debug|Any CPU
		{F970485C-CE53-457A-AAF6-7896C40F8243}.Debug_Testing|Any CPU.ActiveCfg = Debug|Any CPU
		{F970485C-CE53-457A-AAF6-7896C40F8243}.Debug|Any CPU.ActiveCfg = Debug|Any CPU
		{F970485C-CE53-457A-AAF6-7896C40F8243}.Packaging|Any CPU.ActiveCfg = Release|Any CPU
		{F970485C-CE53-457A-AAF6-7896C40F8243}.Release_All|Any CPU.ActiveCfg = Release|Any CPU
		{F970485C-CE53-457A-AAF6-7896C40F8243}.Release_All|Any CPU.Build.0 = Release|Any CPU
		{F970485C-CE53-457A-AAF6-7896C40F8243}.Release_Sample|Any CPU.ActiveCfg = Release|Any CPU
		{F970485C-CE53-457A-AAF6-7896C40F8243}.Release_Sample|Any CPU.Build.0 = Release|Any CPU
		{F970485C-CE53-457A-AAF6-7896C40F8243}.Release_Sample|Any CPU.Deploy.0 = Release|Any CPU
		{F970485C-CE53-457A-AAF6-7896C40F8243}.Release_Testing|Any CPU.ActiveCfg = Release|Any CPU
		{F970485C-CE53-457A-AAF6-7896C40F8243}.Release|Any CPU.ActiveCfg = Release|Any CPU
		{33044C7B-47A4-4113-A61A-EB429407F818}.Debug_All|Any CPU.ActiveCfg = Debug|Any CPU
		{33044C7B-47A4-4113-A61A-EB429407F818}.Debug_All|Any CPU.Build.0 = Debug|Any CPU
		{33044C7B-47A4-4113-A61A-EB429407F818}.Debug_Sample|Any CPU.ActiveCfg = Debug|Any CPU
		{33044C7B-47A4-4113-A61A-EB429407F818}.Debug_Testing|Any CPU.ActiveCfg = Debug|Any CPU
		{33044C7B-47A4-4113-A61A-EB429407F818}.Debug_Testing|Any CPU.Build.0 = Debug|Any CPU
		{33044C7B-47A4-4113-A61A-EB429407F818}.Debug|Any CPU.ActiveCfg = Debug|Any CPU
		{33044C7B-47A4-4113-A61A-EB429407F818}.Packaging|Any CPU.ActiveCfg = Release|Any CPU
		{33044C7B-47A4-4113-A61A-EB429407F818}.Release_All|Any CPU.ActiveCfg = Release|Any CPU
		{33044C7B-47A4-4113-A61A-EB429407F818}.Release_All|Any CPU.Build.0 = Release|Any CPU
		{33044C7B-47A4-4113-A61A-EB429407F818}.Release_Sample|Any CPU.ActiveCfg = Release|Any CPU
		{33044C7B-47A4-4113-A61A-EB429407F818}.Release_Testing|Any CPU.ActiveCfg = Release|Any CPU
		{33044C7B-47A4-4113-A61A-EB429407F818}.Release_Testing|Any CPU.Build.0 = Release|Any CPU
		{33044C7B-47A4-4113-A61A-EB429407F818}.Release|Any CPU.ActiveCfg = Release|Any CPU
		{6A005891-A3D6-4398-A729-F645397D573A}.Debug_All|Any CPU.ActiveCfg = Debug|Any CPU
		{6A005891-A3D6-4398-A729-F645397D573A}.Debug_All|Any CPU.Build.0 = Debug|Any CPU
		{6A005891-A3D6-4398-A729-F645397D573A}.Debug_Sample|Any CPU.ActiveCfg = Debug|Any CPU
		{6A005891-A3D6-4398-A729-F645397D573A}.Debug_Testing|Any CPU.ActiveCfg = Debug|Any CPU
		{6A005891-A3D6-4398-A729-F645397D573A}.Debug_Testing|Any CPU.Build.0 = Debug|Any CPU
		{6A005891-A3D6-4398-A729-F645397D573A}.Debug|Any CPU.ActiveCfg = Debug|Any CPU
		{6A005891-A3D6-4398-A729-F645397D573A}.Packaging|Any CPU.ActiveCfg = Release|Any CPU
		{6A005891-A3D6-4398-A729-F645397D573A}.Release_All|Any CPU.ActiveCfg = Release|Any CPU
		{6A005891-A3D6-4398-A729-F645397D573A}.Release_All|Any CPU.Build.0 = Release|Any CPU
		{6A005891-A3D6-4398-A729-F645397D573A}.Release_Sample|Any CPU.ActiveCfg = Release|Any CPU
		{6A005891-A3D6-4398-A729-F645397D573A}.Release_Testing|Any CPU.ActiveCfg = Release|Any CPU
		{6A005891-A3D6-4398-A729-F645397D573A}.Release_Testing|Any CPU.Build.0 = Release|Any CPU
		{6A005891-A3D6-4398-A729-F645397D573A}.Release|Any CPU.ActiveCfg = Release|Any CPU
		{0289A97A-AB8C-45F3-AA87-B05BB9471D7D}.Debug_All|Any CPU.ActiveCfg = Debug|Any CPU
		{0289A97A-AB8C-45F3-AA87-B05BB9471D7D}.Debug_All|Any CPU.Build.0 = Debug|Any CPU
		{0289A97A-AB8C-45F3-AA87-B05BB9471D7D}.Debug_Sample|Any CPU.ActiveCfg = Debug|Any CPU
		{0289A97A-AB8C-45F3-AA87-B05BB9471D7D}.Debug_Sample|Any CPU.Build.0 = Debug|Any CPU
		{0289A97A-AB8C-45F3-AA87-B05BB9471D7D}.Debug_Testing|Any CPU.ActiveCfg = Debug|Any CPU
		{0289A97A-AB8C-45F3-AA87-B05BB9471D7D}.Debug_Testing|Any CPU.Build.0 = Debug|Any CPU
		{0289A97A-AB8C-45F3-AA87-B05BB9471D7D}.Debug|Any CPU.ActiveCfg = Debug|Any CPU
		{0289A97A-AB8C-45F3-AA87-B05BB9471D7D}.Debug|Any CPU.Build.0 = Debug|Any CPU
		{0289A97A-AB8C-45F3-AA87-B05BB9471D7D}.Packaging|Any CPU.ActiveCfg = Packaging|Any CPU
		{0289A97A-AB8C-45F3-AA87-B05BB9471D7D}.Packaging|Any CPU.Build.0 = Packaging|Any CPU
		{0289A97A-AB8C-45F3-AA87-B05BB9471D7D}.Release_All|Any CPU.ActiveCfg = Release|Any CPU
		{0289A97A-AB8C-45F3-AA87-B05BB9471D7D}.Release_All|Any CPU.Build.0 = Release|Any CPU
		{0289A97A-AB8C-45F3-AA87-B05BB9471D7D}.Release_Sample|Any CPU.ActiveCfg = Release|Any CPU
		{0289A97A-AB8C-45F3-AA87-B05BB9471D7D}.Release_Sample|Any CPU.Build.0 = Release|Any CPU
		{0289A97A-AB8C-45F3-AA87-B05BB9471D7D}.Release_Testing|Any CPU.ActiveCfg = Release|Any CPU
		{0289A97A-AB8C-45F3-AA87-B05BB9471D7D}.Release_Testing|Any CPU.Build.0 = Release|Any CPU
		{0289A97A-AB8C-45F3-AA87-B05BB9471D7D}.Release|Any CPU.ActiveCfg = Release|Any CPU
		{0289A97A-AB8C-45F3-AA87-B05BB9471D7D}.Release|Any CPU.Build.0 = Release|Any CPU
	EndGlobalSection
	GlobalSection(SolutionProperties) = preSolution
		HideSolutionNode = FALSE
	EndGlobalSection
	GlobalSection(NestedProjects) = preSolution
		{07F030B4-1FEF-4BCD-AB57-EF79BBD1D449} = {3D44EF32-EE84-42A0-B586-6AE71AB75CFF}
		{D06EDB2A-0AE0-4606-A8AE-AA3F6248630F} = {3D44EF32-EE84-42A0-B586-6AE71AB75CFF}
		{5AA87149-7173-42A0-8BBC-AC618B404D46} = {93A9E803-DBF3-45BE-96FA-87D68422F401}
		{6B64CBD5-8D13-4E88-861D-DBBB87254BBC} = {93A9E803-DBF3-45BE-96FA-87D68422F401}
		{27CD854D-D0A5-4EA0-A997-04CE8EDD5095} = {93A9E803-DBF3-45BE-96FA-87D68422F401}
		{8555F0B6-3F1A-4C80-8CCB-3EED653D6242} = {27CD854D-D0A5-4EA0-A997-04CE8EDD5095}
		{4549834B-28B6-4A54-A3EC-978D0E582444} = {27CD854D-D0A5-4EA0-A997-04CE8EDD5095}
		{E1153FA4-356A-454D-B32E-136102F2482F} = {06FFFE78-10F5-4714-87E8-B34655A92F4B}
		{83F75E53-48BE-4F3C-8D79-62CBD5050792} = {06FFFE78-10F5-4714-87E8-B34655A92F4B}
		{6F1E0A21-73AA-4303-8EB1-896909345F77} = {FC5CF612-6984-45A3-9A91-02F6849DAE57}
		{891A08FC-F143-4325-BC16-B9864D036B99} = {06FFFE78-10F5-4714-87E8-B34655A92F4B}
		{79FC4A01-1E39-468F-8E55-195BC918232E} = {6F1E0A21-73AA-4303-8EB1-896909345F77}
		{0D8D066E-FF7E-4166-B477-412A99F895B2} = {FC5CF612-6984-45A3-9A91-02F6849DAE57}
		{51DC5755-5EDE-45CE-97D2-D45078DA0F3B} = {0D8D066E-FF7E-4166-B477-412A99F895B2}
		{D311C9E5-3356-41BC-A68B-DA18DD858CD2} = {FC5CF612-6984-45A3-9A91-02F6849DAE57}
		{9C5FAB56-F098-4809-8465-65257A59B8BD} = {D311C9E5-3356-41BC-A68B-DA18DD858CD2}
		{1FF4AA99-5099-40E9-9C2E-897E3A421ED4} = {FC5CF612-6984-45A3-9A91-02F6849DAE57}
		{0BFC8B40-0659-4D45-B111-7CB4CCD22991} = {1FF4AA99-5099-40E9-9C2E-897E3A421ED4}
		{8E6F8876-64F8-4483-ADB2-D3AAD5672F7C} = {1FF4AA99-5099-40E9-9C2E-897E3A421ED4}
		{9CEE0189-1533-484D-A957-664B1A372EAA} = {1FF4AA99-5099-40E9-9C2E-897E3A421ED4}
		{F970485C-CE53-457A-AAF6-7896C40F8243} = {C064DC8C-6B6A-47EF-A437-3FAEDB209405}
		{33044C7B-47A4-4113-A61A-EB429407F818} = {06FFFE78-10F5-4714-87E8-B34655A92F4B}
		{6A005891-A3D6-4398-A729-F645397D573A} = {06FFFE78-10F5-4714-87E8-B34655A92F4B}
		{E9B82C17-823F-4E98-8FEC-3F680FCCF0CF} = {FC5CF612-6984-45A3-9A91-02F6849DAE57}
		{0289A97A-AB8C-45F3-AA87-B05BB9471D7D} = {E9B82C17-823F-4E98-8FEC-3F680FCCF0CF}
	EndGlobalSection
	GlobalSection(MonoDevelopProperties) = preSolution
		Policies = $0
		$0.TextStylePolicy = $1
		$1.FileWidth = 120
		$1.inheritsSet = VisualStudio
		$1.inheritsScope = text/plain
		$1.scope = text/x-csharp
		$0.CSharpFormattingPolicy = $2
		$2.IndentSwitchBody = True
		$2.AutoPropertyFormatting = ForceOneLine
		$2.AnonymousMethodBraceStyle = NextLine
		$2.PropertyBraceStyle = NextLine
		$2.PropertyGetBraceStyle = NextLine
		$2.PropertySetBraceStyle = NextLine
		$2.SimpleSetBlockFormatting = ForceOneLine
		$2.EventBraceStyle = NextLine
		$2.ElseNewLinePlacement = DoNotCare
		$2.ElseIfNewLinePlacement = DoNotCare
		$2.CatchNewLinePlacement = DoNotCare
		$2.FinallyNewLinePlacement = DoNotCare
		$2.BeforeMethodDeclarationParentheses = False
		$2.BeforeMethodCallParentheses = False
		$2.BeforeConstructorDeclarationParentheses = False
		$2.BeforeIndexerDeclarationBracket = False
		$2.BeforeDelegateDeclarationParentheses = False
		$2.AfterDelegateDeclarationParameterComma = True
		$2.NewParentheses = False
		$2.SpacesBeforeBrackets = False
		$2.inheritsSet = Mono
		$2.inheritsScope = text/x-csharp
		$2.scope = text/x-csharp
		version = 1.1
	EndGlobalSection
EndGlobal
